{
  "object": {
    "pins": [
      {
        "package": "CombineExpectations",
        "repositoryURL": "https://github.com/groue/CombineExpectations.git",
        "state": {
          "branch": null,
          "revision": "96d5604151c94b21fbca6877b237e80af9e821dd",
          "version": "0.5.0"
        }
      },
      {
        "package": "GRDB",
        "repositoryURL": "https://github.com/metabolist/GRDB.swift.git",
        "state": {
          "branch": "37bd5e6",
          "revision": "37bd5e62d0c7051a8dbb28ed90b05b0e17d3d0f6",
          "version": null
        }
      },
      {
        "package": "Kingfisher",
        "repositoryURL": "https://github.com/onevcat/Kingfisher",
        "state": {
          "branch": null,
          "revision": "1aa9889e5f7d9d92acda014eea9cdc7338d3d7d6",
          "version": "5.15.6"
        }
      }
    ]
  },
  "version": 1
}
