{
  "object": {
    "pins": [
      {
        "package": "CombineExpectations",
        "repositoryURL": "https://github.com/groue/CombineExpectations.git",
        "state": {
          "branch": null,
          "revision": "96d5604151c94b21fbca6877b237e80af9e821dd",
          "version": "0.5.0"
        }
      },
      {
        "package": "GRDB",
        "repositoryURL": "https://github.com/metabolist/GRDB.swift.git",
        "state": {
          "branch": "0a438ba",
          "revision": "0a438ba6004bce382ffc200b7fd3ed81d8b733d8",
          "version": null
        }
      },
      {
        "package": "Kingfisher",
        "repositoryURL": "https://github.com/onevcat/Kingfisher",
        "state": {
          "branch": null,
          "revision": "2d795b521934b02357fec781b33e2c407655eebb",
          "version": "5.15.4"
        }
      }
    ]
  },
  "version": 1
}
