// !$*UTF8*$!
{
	archiveVersion = 1;
	classes = {
	};
	objectVersion = 52;
	objects = {

/* Begin PBXBuildFile section */
		D01F41D724F880C400D55A2D /* StatusTableViewCell.xib in Resources */ = {isa = PBXBuildFile; fileRef = D01F41D424F880C400D55A2D /* StatusTableViewCell.xib */; };
		D01F41D824F880C400D55A2D /* StatusTableViewCell.swift in Sources */ = {isa = PBXBuildFile; fileRef = D01F41D524F880C400D55A2D /* StatusTableViewCell.swift */; };
		D01F41D924F880C400D55A2D /* TouchFallthroughTextView.swift in Sources */ = {isa = PBXBuildFile; fileRef = D01F41D624F880C400D55A2D /* TouchFallthroughTextView.swift */; };
		D01F41DF24F8868800D55A2D /* AttachmentViewModel.swift in Sources */ = {isa = PBXBuildFile; fileRef = D01F41DE24F8868800D55A2D /* AttachmentViewModel.swift */; };
		D01F41E424F8889700D55A2D /* AttachmentsView.swift in Sources */ = {isa = PBXBuildFile; fileRef = D01F41E224F8889700D55A2D /* AttachmentsView.swift */; };
		D03658D124EDD80900AC17EC /* ContextEndpoint+Stubbing.swift in Sources */ = {isa = PBXBuildFile; fileRef = D03658D024EDD80900AC17EC /* ContextEndpoint+Stubbing.swift */; };
		D04FD73924D4A7B4007D572D /* AccountEndpoint+Stubbing.swift in Sources */ = {isa = PBXBuildFile; fileRef = D04FD73824D4A7B4007D572D /* AccountEndpoint+Stubbing.swift */; };
		D04FD73C24D4A83A007D572D /* InstanceEndpoint+Stubbing.swift in Sources */ = {isa = PBXBuildFile; fileRef = D04FD73B24D4A83A007D572D /* InstanceEndpoint+Stubbing.swift */; };
		D04FD74224D4AA34007D572D /* DevelopmentModels.swift in Sources */ = {isa = PBXBuildFile; fileRef = D04FD74124D4AA34007D572D /* DevelopmentModels.swift */; };
		D052BBC724D749C800A80A7A /* RootViewModelTests.swift in Sources */ = {isa = PBXBuildFile; fileRef = D052BBC624D749C800A80A7A /* RootViewModelTests.swift */; };
		D052BBCA24D74C9200A80A7A /* MockUserDefaults.swift in Sources */ = {isa = PBXBuildFile; fileRef = D052BBC824D74B6400A80A7A /* MockUserDefaults.swift */; };
		D05494FA24EA4E5E008B00A5 /* TimelinesEndpoint+Stubbing.swift in Sources */ = {isa = PBXBuildFile; fileRef = D05494F924EA4E5E008B00A5 /* TimelinesEndpoint+Stubbing.swift */; };
		D054950124EA4FFE008B00A5 /* DevelopmentAssets.xcassets in Resources */ = {isa = PBXBuildFile; fileRef = D054950024EA4FFE008B00A5 /* DevelopmentAssets.xcassets */; };
		D065F53924D37E5100741304 /* CombineExpectations in Frameworks */ = {isa = PBXBuildFile; productRef = D065F53824D37E5100741304 /* CombineExpectations */; };
		D0666A4924C6C1A300F3F04B /* GRDB in Frameworks */ = {isa = PBXBuildFile; productRef = D0666A4824C6C1A300F3F04B /* GRDB */; };
		D06B492324D4611300642749 /* KingfisherSwiftUI in Frameworks */ = {isa = PBXBuildFile; productRef = D06B492224D4611300642749 /* KingfisherSwiftUI */; };
		D074577724D29006004758DB /* MockWebAuthSession.swift in Sources */ = {isa = PBXBuildFile; fileRef = D074577624D29006004758DB /* MockWebAuthSession.swift */; };
		D074577A24D29366004758DB /* URLSessionConfiguration+Extensions.swift in Sources */ = {isa = PBXBuildFile; fileRef = D074577924D29366004758DB /* URLSessionConfiguration+Extensions.swift */; };
		D0A652AD24DE3EB6002EA33F /* PreferencesEndpoint+Stubbing.swift in Sources */ = {isa = PBXBuildFile; fileRef = D0A652AC24DE3EB6002EA33F /* PreferencesEndpoint+Stubbing.swift */; };
		D0BEB1F324F8EE8C001B0F04 /* AttachmentView.swift in Sources */ = {isa = PBXBuildFile; fileRef = D0BEB1F224F8EE8C001B0F04 /* AttachmentView.swift */; };
		D0BEB1F524F9A216001B0F04 /* Paged.swift in Sources */ = {isa = PBXBuildFile; fileRef = D0BEB1F424F9A216001B0F04 /* Paged.swift */; };
		D0BEB1F724F9A84B001B0F04 /* LoadingTableFooterView.swift in Sources */ = {isa = PBXBuildFile; fileRef = D0BEB1F624F9A84B001B0F04 /* LoadingTableFooterView.swift */; };
		D0BEB1F924F9D627001B0F04 /* ListsEndpoint.swift in Sources */ = {isa = PBXBuildFile; fileRef = D0BEB1F824F9D627001B0F04 /* ListsEndpoint.swift */; };
		D0BEB1FD24F9E4E5001B0F04 /* ListsViewModel.swift in Sources */ = {isa = PBXBuildFile; fileRef = D0BEB1FC24F9E4E5001B0F04 /* ListsViewModel.swift */; };
		D0BEB1FF24F9E5BB001B0F04 /* ListsView.swift in Sources */ = {isa = PBXBuildFile; fileRef = D0BEB1FE24F9E5BB001B0F04 /* ListsView.swift */; };
		D0BEB20124FA0220001B0F04 /* ListEndpoint.swift in Sources */ = {isa = PBXBuildFile; fileRef = D0BEB20024FA0220001B0F04 /* ListEndpoint.swift */; };
		D0BEB20524FA1107001B0F04 /* FiltersView.swift in Sources */ = {isa = PBXBuildFile; fileRef = D0BEB20424FA1107001B0F04 /* FiltersView.swift */; };
		D0BEB20724FA1121001B0F04 /* FiltersViewModel.swift in Sources */ = {isa = PBXBuildFile; fileRef = D0BEB20624FA1121001B0F04 /* FiltersViewModel.swift */; };
		D0BEB20924FA1136001B0F04 /* Filter.swift in Sources */ = {isa = PBXBuildFile; fileRef = D0BEB20824FA1136001B0F04 /* Filter.swift */; };
		D0BEB20B24FA12D8001B0F04 /* FiltersEndpoint.swift in Sources */ = {isa = PBXBuildFile; fileRef = D0BEB20A24FA12D8001B0F04 /* FiltersEndpoint.swift */; };
		D0BEB20D24FA193A001B0F04 /* FilterEndpoint.swift in Sources */ = {isa = PBXBuildFile; fileRef = D0BEB20C24FA193A001B0F04 /* FilterEndpoint.swift */; };
		D0BEB21124FA2A91001B0F04 /* EditFilterView.swift in Sources */ = {isa = PBXBuildFile; fileRef = D0BEB21024FA2A90001B0F04 /* EditFilterView.swift */; };
		D0BEB21324FA2C0A001B0F04 /* EditFilterViewModel.swift in Sources */ = {isa = PBXBuildFile; fileRef = D0BEB21224FA2C0A001B0F04 /* EditFilterViewModel.swift */; };
		D0C7D49724F7616A001EBDBB /* IdentitiesView.swift in Sources */ = {isa = PBXBuildFile; fileRef = D0C7D42224F76169001EBDBB /* IdentitiesView.swift */; };
		D0C7D49824F7616A001EBDBB /* CustomEmojiText.swift in Sources */ = {isa = PBXBuildFile; fileRef = D0C7D42324F76169001EBDBB /* CustomEmojiText.swift */; };
		D0C7D49924F7616A001EBDBB /* AddIdentityView.swift in Sources */ = {isa = PBXBuildFile; fileRef = D0C7D42424F76169001EBDBB /* AddIdentityView.swift */; };
		D0C7D49A24F7616A001EBDBB /* StatusListView.swift in Sources */ = {isa = PBXBuildFile; fileRef = D0C7D42524F76169001EBDBB /* StatusListView.swift */; };
		D0C7D49B24F7616A001EBDBB /* PreferencesView.swift in Sources */ = {isa = PBXBuildFile; fileRef = D0C7D42624F76169001EBDBB /* PreferencesView.swift */; };
		D0C7D49C24F7616A001EBDBB /* RootView.swift in Sources */ = {isa = PBXBuildFile; fileRef = D0C7D42724F76169001EBDBB /* RootView.swift */; };
		D0C7D49D24F7616A001EBDBB /* PostingReadingPreferencesView.swift in Sources */ = {isa = PBXBuildFile; fileRef = D0C7D42824F76169001EBDBB /* PostingReadingPreferencesView.swift */; };
		D0C7D49E24F7616A001EBDBB /* SecondaryNavigationView.swift in Sources */ = {isa = PBXBuildFile; fileRef = D0C7D42924F76169001EBDBB /* SecondaryNavigationView.swift */; };
		D0C7D4A224F7616A001EBDBB /* NotificationTypesPreferencesView.swift in Sources */ = {isa = PBXBuildFile; fileRef = D0C7D42D24F76169001EBDBB /* NotificationTypesPreferencesView.swift */; };
		D0C7D4A324F7616A001EBDBB /* TabNavigationView.swift in Sources */ = {isa = PBXBuildFile; fileRef = D0C7D42E24F76169001EBDBB /* TabNavigationView.swift */; };
		D0C7D4A524F7616A001EBDBB /* StatusListViewController.swift in Sources */ = {isa = PBXBuildFile; fileRef = D0C7D43124F76169001EBDBB /* StatusListViewController.swift */; };
		D0C7D4A624F7616A001EBDBB /* DecodableDefault.swift in Sources */ = {isa = PBXBuildFile; fileRef = D0C7D43324F76169001EBDBB /* DecodableDefault.swift */; };
		D0C7D4A924F7616A001EBDBB /* Mention.swift in Sources */ = {isa = PBXBuildFile; fileRef = D0C7D43924F76169001EBDBB /* Mention.swift */; };
		D0C7D4AA24F7616A001EBDBB /* Attachment.swift in Sources */ = {isa = PBXBuildFile; fileRef = D0C7D43A24F76169001EBDBB /* Attachment.swift */; };
		D0C7D4AB24F7616A001EBDBB /* Identity.swift in Sources */ = {isa = PBXBuildFile; fileRef = D0C7D43B24F76169001EBDBB /* Identity.swift */; };
		D0C7D4AC24F7616A001EBDBB /* Poll.swift in Sources */ = {isa = PBXBuildFile; fileRef = D0C7D43C24F76169001EBDBB /* Poll.swift */; };
		D0C7D4AD24F7616A001EBDBB /* AccessToken.swift in Sources */ = {isa = PBXBuildFile; fileRef = D0C7D43D24F76169001EBDBB /* AccessToken.swift */; };
		D0C7D4AE24F7616A001EBDBB /* Timeline.swift in Sources */ = {isa = PBXBuildFile; fileRef = D0C7D43E24F76169001EBDBB /* Timeline.swift */; };
		D0C7D4AF24F7616A001EBDBB /* PushNotification.swift in Sources */ = {isa = PBXBuildFile; fileRef = D0C7D43F24F76169001EBDBB /* PushNotification.swift */; };
		D0C7D4B024F7616A001EBDBB /* PushSubscription.swift in Sources */ = {isa = PBXBuildFile; fileRef = D0C7D44024F76169001EBDBB /* PushSubscription.swift */; };
		D0C7D4B124F7616A001EBDBB /* Card.swift in Sources */ = {isa = PBXBuildFile; fileRef = D0C7D44124F76169001EBDBB /* Card.swift */; };
		D0C7D4B224F7616A001EBDBB /* HTML.swift in Sources */ = {isa = PBXBuildFile; fileRef = D0C7D44224F76169001EBDBB /* HTML.swift */; };
		D0C7D4B324F7616A001EBDBB /* MastodonError.swift in Sources */ = {isa = PBXBuildFile; fileRef = D0C7D44324F76169001EBDBB /* MastodonError.swift */; };
		D0C7D4B424F7616A001EBDBB /* MastodonContext.swift in Sources */ = {isa = PBXBuildFile; fileRef = D0C7D44424F76169001EBDBB /* MastodonContext.swift */; };
		D0C7D4B524F7616A001EBDBB /* Instance.swift in Sources */ = {isa = PBXBuildFile; fileRef = D0C7D44524F76169001EBDBB /* Instance.swift */; };
		D0C7D4B624F7616A001EBDBB /* ListTimeline.swift in Sources */ = {isa = PBXBuildFile; fileRef = D0C7D44624F76169001EBDBB /* ListTimeline.swift */; };
		D0C7D4B724F7616A001EBDBB /* TransientStatusCollection.swift in Sources */ = {isa = PBXBuildFile; fileRef = D0C7D44724F76169001EBDBB /* TransientStatusCollection.swift */; };
		D0C7D4B824F7616A001EBDBB /* Application.swift in Sources */ = {isa = PBXBuildFile; fileRef = D0C7D44824F76169001EBDBB /* Application.swift */; };
		D0C7D4B924F7616A001EBDBB /* Status.swift in Sources */ = {isa = PBXBuildFile; fileRef = D0C7D44924F76169001EBDBB /* Status.swift */; };
		D0C7D4BA24F7616A001EBDBB /* AppAuthorization.swift in Sources */ = {isa = PBXBuildFile; fileRef = D0C7D44A24F76169001EBDBB /* AppAuthorization.swift */; };
		D0C7D4BB24F7616A001EBDBB /* Emoji.swift in Sources */ = {isa = PBXBuildFile; fileRef = D0C7D44B24F76169001EBDBB /* Emoji.swift */; };
		D0C7D4BC24F7616A001EBDBB /* Tag.swift in Sources */ = {isa = PBXBuildFile; fileRef = D0C7D44C24F76169001EBDBB /* Tag.swift */; };
		D0C7D4BD24F7616A001EBDBB /* Account.swift in Sources */ = {isa = PBXBuildFile; fileRef = D0C7D44D24F76169001EBDBB /* Account.swift */; };
		D0C7D4BE24F7616A001EBDBB /* Unknowable.swift in Sources */ = {isa = PBXBuildFile; fileRef = D0C7D44E24F76169001EBDBB /* Unknowable.swift */; };
		D0C7D4BF24F7616A001EBDBB /* AppEnvironment.swift in Sources */ = {isa = PBXBuildFile; fileRef = D0C7D44F24F76169001EBDBB /* AppEnvironment.swift */; };
		D0C7D4C024F7616A001EBDBB /* AlertItem.swift in Sources */ = {isa = PBXBuildFile; fileRef = D0C7D45024F76169001EBDBB /* AlertItem.swift */; };
		D0C7D4C124F7616A001EBDBB /* MastodonPreferences.swift in Sources */ = {isa = PBXBuildFile; fileRef = D0C7D45124F76169001EBDBB /* MastodonPreferences.swift */; };
		D0C7D4C224F7616A001EBDBB /* Assets.xcassets in Resources */ = {isa = PBXBuildFile; fileRef = D0C7D45224F76169001EBDBB /* Assets.xcassets */; };
		D0C7D4C324F7616A001EBDBB /* MetatextApp.swift in Sources */ = {isa = PBXBuildFile; fileRef = D0C7D45424F76169001EBDBB /* MetatextApp.swift */; };
		D0C7D4C424F7616A001EBDBB /* AppDelegate.swift in Sources */ = {isa = PBXBuildFile; fileRef = D0C7D45524F76169001EBDBB /* AppDelegate.swift */; };
		D0C7D4C524F7616A001EBDBB /* Localizable.strings in Resources */ = {isa = PBXBuildFile; fileRef = D0C7D45724F76169001EBDBB /* Localizable.strings */; };
		D0C7D4C624F7616A001EBDBB /* Localizable.stringsdict in Resources */ = {isa = PBXBuildFile; fileRef = D0C7D45824F76169001EBDBB /* Localizable.stringsdict */; };
		D0C7D4C724F7616A001EBDBB /* PostingReadingPreferencesViewModel.swift in Sources */ = {isa = PBXBuildFile; fileRef = D0C7D45A24F76169001EBDBB /* PostingReadingPreferencesViewModel.swift */; };
		D0C7D4C824F7616A001EBDBB /* SecondaryNavigationViewModel.swift in Sources */ = {isa = PBXBuildFile; fileRef = D0C7D45B24F76169001EBDBB /* SecondaryNavigationViewModel.swift */; };
		D0C7D4C924F7616A001EBDBB /* TabNavigationViewModel.swift in Sources */ = {isa = PBXBuildFile; fileRef = D0C7D45C24F76169001EBDBB /* TabNavigationViewModel.swift */; };
		D0C7D4CA24F7616A001EBDBB /* NotificationTypesPreferencesViewModel.swift in Sources */ = {isa = PBXBuildFile; fileRef = D0C7D45D24F76169001EBDBB /* NotificationTypesPreferencesViewModel.swift */; };
		D0C7D4CB24F7616A001EBDBB /* RootViewModel.swift in Sources */ = {isa = PBXBuildFile; fileRef = D0C7D45E24F76169001EBDBB /* RootViewModel.swift */; };
		D0C7D4CC24F7616A001EBDBB /* IdentitiesViewModel.swift in Sources */ = {isa = PBXBuildFile; fileRef = D0C7D45F24F76169001EBDBB /* IdentitiesViewModel.swift */; };
		D0C7D4CD24F7616A001EBDBB /* AddIdentityViewModel.swift in Sources */ = {isa = PBXBuildFile; fileRef = D0C7D46024F76169001EBDBB /* AddIdentityViewModel.swift */; };
		D0C7D4CE24F7616A001EBDBB /* PreferencesViewModel.swift in Sources */ = {isa = PBXBuildFile; fileRef = D0C7D46124F76169001EBDBB /* PreferencesViewModel.swift */; };
		D0C7D4CF24F7616A001EBDBB /* StatusViewModel.swift in Sources */ = {isa = PBXBuildFile; fileRef = D0C7D46224F76169001EBDBB /* StatusViewModel.swift */; };
		D0C7D4D024F7616A001EBDBB /* StatusListViewModel.swift in Sources */ = {isa = PBXBuildFile; fileRef = D0C7D46324F76169001EBDBB /* StatusListViewModel.swift */; };
		D0C7D4D124F7616A001EBDBB /* IdentityDatabase.swift in Sources */ = {isa = PBXBuildFile; fileRef = D0C7D46524F76169001EBDBB /* IdentityDatabase.swift */; };
		D0C7D4D224F7616A001EBDBB /* ContentDatabase.swift in Sources */ = {isa = PBXBuildFile; fileRef = D0C7D46624F76169001EBDBB /* ContentDatabase.swift */; };
		D0C7D4D324F7616A001EBDBB /* DatabaseError.swift in Sources */ = {isa = PBXBuildFile; fileRef = D0C7D46724F76169001EBDBB /* DatabaseError.swift */; };
		D0C7D4D424F7616A001EBDBB /* NSError+Extensions.swift in Sources */ = {isa = PBXBuildFile; fileRef = D0C7D46924F76169001EBDBB /* NSError+Extensions.swift */; };
		D0C7D4D524F7616A001EBDBB /* String+Extensions.swift in Sources */ = {isa = PBXBuildFile; fileRef = D0C7D46A24F76169001EBDBB /* String+Extensions.swift */; };
		D0C7D4D624F7616A001EBDBB /* NSMutableAttributedString+Extensions.swift in Sources */ = {isa = PBXBuildFile; fileRef = D0C7D46B24F76169001EBDBB /* NSMutableAttributedString+Extensions.swift */; };
		D0C7D4D724F7616A001EBDBB /* UIColor+Extensions.swift in Sources */ = {isa = PBXBuildFile; fileRef = D0C7D46C24F76169001EBDBB /* UIColor+Extensions.swift */; };
		D0C7D4D824F7616A001EBDBB /* Publisher+Extensions.swift in Sources */ = {isa = PBXBuildFile; fileRef = D0C7D46D24F76169001EBDBB /* Publisher+Extensions.swift */; };
		D0C7D4D924F7616A001EBDBB /* KingfisherOptionsInfo+Extensions.swift in Sources */ = {isa = PBXBuildFile; fileRef = D0C7D46E24F76169001EBDBB /* KingfisherOptionsInfo+Extensions.swift */; };
		D0C7D4DA24F7616A001EBDBB /* View+Extensions.swift in Sources */ = {isa = PBXBuildFile; fileRef = D0C7D46F24F76169001EBDBB /* View+Extensions.swift */; };
		D0C7D4DB24F7616A001EBDBB /* Date+Extensions.swift in Sources */ = {isa = PBXBuildFile; fileRef = D0C7D47024F76169001EBDBB /* Date+Extensions.swift */; };
		D0C7D4DC24F7616A001EBDBB /* Data+Extensions.swift in Sources */ = {isa = PBXBuildFile; fileRef = D0C7D47124F76169001EBDBB /* Data+Extensions.swift */; };
		D0C7D4DD24F7616A001EBDBB /* CodingUserInfoKey+Extensions.swift in Sources */ = {isa = PBXBuildFile; fileRef = D0C7D47224F76169001EBDBB /* CodingUserInfoKey+Extensions.swift */; };
		D0C7D4DE24F7616A001EBDBB /* HTTPTarget.swift in Sources */ = {isa = PBXBuildFile; fileRef = D0C7D47424F76169001EBDBB /* HTTPTarget.swift */; };
		D0C7D4DF24F7616A001EBDBB /* HTTPClient.swift in Sources */ = {isa = PBXBuildFile; fileRef = D0C7D47524F76169001EBDBB /* HTTPClient.swift */; };
		D0C7D4E024F7616A001EBDBB /* WebAuthSession.swift in Sources */ = {isa = PBXBuildFile; fileRef = D0C7D47624F76169001EBDBB /* WebAuthSession.swift */; };
		D0C7D4E124F7616A001EBDBB /* MastodonDecoder.swift in Sources */ = {isa = PBXBuildFile; fileRef = D0C7D47824F76169001EBDBB /* MastodonDecoder.swift */; };
		D0C7D4E224F7616A001EBDBB /* MastodonEndpoint.swift in Sources */ = {isa = PBXBuildFile; fileRef = D0C7D47924F76169001EBDBB /* MastodonEndpoint.swift */; };
		D0C7D4E324F7616A001EBDBB /* PushSubscriptionEndpoint.swift in Sources */ = {isa = PBXBuildFile; fileRef = D0C7D47B24F76169001EBDBB /* PushSubscriptionEndpoint.swift */; };
		D0C7D4E424F7616A001EBDBB /* PreferencesEndpoint.swift in Sources */ = {isa = PBXBuildFile; fileRef = D0C7D47C24F76169001EBDBB /* PreferencesEndpoint.swift */; };
		D0C7D4E524F7616A001EBDBB /* InstanceEndpoint.swift in Sources */ = {isa = PBXBuildFile; fileRef = D0C7D47D24F76169001EBDBB /* InstanceEndpoint.swift */; };
		D0C7D4E624F7616A001EBDBB /* TimelinesEndpoint.swift in Sources */ = {isa = PBXBuildFile; fileRef = D0C7D47E24F76169001EBDBB /* TimelinesEndpoint.swift */; };
		D0C7D4E724F7616A001EBDBB /* AppAuthorizationEndpoint.swift in Sources */ = {isa = PBXBuildFile; fileRef = D0C7D47F24F76169001EBDBB /* AppAuthorizationEndpoint.swift */; };
		D0C7D4E824F7616A001EBDBB /* AccountEndpoint.swift in Sources */ = {isa = PBXBuildFile; fileRef = D0C7D48024F76169001EBDBB /* AccountEndpoint.swift */; };
		D0C7D4E924F7616A001EBDBB /* AccessTokenEndpoint.swift in Sources */ = {isa = PBXBuildFile; fileRef = D0C7D48124F76169001EBDBB /* AccessTokenEndpoint.swift */; };
		D0C7D4EA24F7616A001EBDBB /* DeletionEndpoint.swift in Sources */ = {isa = PBXBuildFile; fileRef = D0C7D48224F76169001EBDBB /* DeletionEndpoint.swift */; };
		D0C7D4EB24F7616A001EBDBB /* ContextEndpoint.swift in Sources */ = {isa = PBXBuildFile; fileRef = D0C7D48324F76169001EBDBB /* ContextEndpoint.swift */; };
		D0C7D4EC24F7616A001EBDBB /* StatusEndpoint.swift in Sources */ = {isa = PBXBuildFile; fileRef = D0C7D48424F76169001EBDBB /* StatusEndpoint.swift */; };
		D0C7D4ED24F7616A001EBDBB /* MastodonAPI.swift in Sources */ = {isa = PBXBuildFile; fileRef = D0C7D48524F76169001EBDBB /* MastodonAPI.swift */; };
		D0C7D4EE24F7616A001EBDBB /* MastodonEncoder.swift in Sources */ = {isa = PBXBuildFile; fileRef = D0C7D48624F76169001EBDBB /* MastodonEncoder.swift */; };
		D0C7D4EF24F7616A001EBDBB /* MastodonClient.swift in Sources */ = {isa = PBXBuildFile; fileRef = D0C7D48724F76169001EBDBB /* MastodonClient.swift */; };
		D0C7D4F024F7616A001EBDBB /* MastodonTarget.swift in Sources */ = {isa = PBXBuildFile; fileRef = D0C7D48824F76169001EBDBB /* MastodonTarget.swift */; };
		D0C7D4F124F7616A001EBDBB /* IdentityService.swift in Sources */ = {isa = PBXBuildFile; fileRef = D0C7D48A24F76169001EBDBB /* IdentityService.swift */; };
		D0C7D4F224F7616A001EBDBB /* TimelineService.swift in Sources */ = {isa = PBXBuildFile; fileRef = D0C7D48C24F76169001EBDBB /* TimelineService.swift */; };
		D0C7D4F324F7616A001EBDBB /* ContextService.swift in Sources */ = {isa = PBXBuildFile; fileRef = D0C7D48D24F76169001EBDBB /* ContextService.swift */; };
		D0C7D4F424F7616A001EBDBB /* StatusListService.swift in Sources */ = {isa = PBXBuildFile; fileRef = D0C7D48E24F7616A001EBDBB /* StatusListService.swift */; };
		D0C7D4F524F7616A001EBDBB /* AuthenticationService.swift in Sources */ = {isa = PBXBuildFile; fileRef = D0C7D48F24F7616A001EBDBB /* AuthenticationService.swift */; };
		D0C7D4F624F7616A001EBDBB /* KeychainService.swift in Sources */ = {isa = PBXBuildFile; fileRef = D0C7D49024F7616A001EBDBB /* KeychainService.swift */; };
		D0C7D4F724F7616A001EBDBB /* StatusService.swift in Sources */ = {isa = PBXBuildFile; fileRef = D0C7D49124F7616A001EBDBB /* StatusService.swift */; };
		D0C7D4F824F7616A001EBDBB /* SecretsService.swift in Sources */ = {isa = PBXBuildFile; fileRef = D0C7D49224F7616A001EBDBB /* SecretsService.swift */; };
		D0C7D4F924F7616A001EBDBB /* UserNotificationService.swift in Sources */ = {isa = PBXBuildFile; fileRef = D0C7D49324F7616A001EBDBB /* UserNotificationService.swift */; };
		D0C7D4FA24F7616A001EBDBB /* AllIdentitiesService.swift in Sources */ = {isa = PBXBuildFile; fileRef = D0C7D49424F7616A001EBDBB /* AllIdentitiesService.swift */; };
		D0C7D4FB24F7619F001EBDBB /* PushNotification.swift in Sources */ = {isa = PBXBuildFile; fileRef = D0C7D43F24F76169001EBDBB /* PushNotification.swift */; };
		D0C7D4FC24F761A8001EBDBB /* Unknowable.swift in Sources */ = {isa = PBXBuildFile; fileRef = D0C7D44E24F76169001EBDBB /* Unknowable.swift */; };
		D0C7D4FD24F761C1001EBDBB /* MastodonDecoder.swift in Sources */ = {isa = PBXBuildFile; fileRef = D0C7D47824F76169001EBDBB /* MastodonDecoder.swift */; };
		D0C7D4FE24F761C9001EBDBB /* SecretsService.swift in Sources */ = {isa = PBXBuildFile; fileRef = D0C7D49224F7616A001EBDBB /* SecretsService.swift */; };
		D0C7D4FF24F761D0001EBDBB /* KeychainService.swift in Sources */ = {isa = PBXBuildFile; fileRef = D0C7D49024F7616A001EBDBB /* KeychainService.swift */; };
		D0C7D50024F761E0001EBDBB /* NSError+Extensions.swift in Sources */ = {isa = PBXBuildFile; fileRef = D0C7D46924F76169001EBDBB /* NSError+Extensions.swift */; };
		D0C7D50124F761EC001EBDBB /* MastodonAPI.swift in Sources */ = {isa = PBXBuildFile; fileRef = D0C7D48524F76169001EBDBB /* MastodonAPI.swift */; };
		D0DC174624CFEC2000A75C65 /* StubbingURLProtocol.swift in Sources */ = {isa = PBXBuildFile; fileRef = D0DC174524CFEC2000A75C65 /* StubbingURLProtocol.swift */; };
		D0DC174A24CFF15F00A75C65 /* AppAuthorizationEndpoint+Stubbing.swift in Sources */ = {isa = PBXBuildFile; fileRef = D0DC174924CFF15F00A75C65 /* AppAuthorizationEndpoint+Stubbing.swift */; };
		D0DC174D24CFF1F100A75C65 /* Stubbing.swift in Sources */ = {isa = PBXBuildFile; fileRef = D0DC174C24CFF1F100A75C65 /* Stubbing.swift */; };
		D0DC175224D008E300A75C65 /* MastodonTarget+Stubbing.swift in Sources */ = {isa = PBXBuildFile; fileRef = D0DC175124D008E300A75C65 /* MastodonTarget+Stubbing.swift */; };
		D0DC175524D00F0A00A75C65 /* AccessTokenEndpoint+Stubbing.swift in Sources */ = {isa = PBXBuildFile; fileRef = D0DC175424D00F0A00A75C65 /* AccessTokenEndpoint+Stubbing.swift */; };
		D0DC175824D0130800A75C65 /* HTTPStubs.swift in Sources */ = {isa = PBXBuildFile; fileRef = D0DC175724D0130800A75C65 /* HTTPStubs.swift */; };
		D0DC175F24D016EA00A75C65 /* Alamofire in Frameworks */ = {isa = PBXBuildFile; productRef = D0DC175E24D016EA00A75C65 /* Alamofire */; };
		D0DC177724D0CF2600A75C65 /* MockKeychainService.swift in Sources */ = {isa = PBXBuildFile; fileRef = D0DC177624D0CF2600A75C65 /* MockKeychainService.swift */; };
		D0E5361C24E3EB4D00FB1CE1 /* NotificationService.swift in Sources */ = {isa = PBXBuildFile; fileRef = D0E5361B24E3EB4D00FB1CE1 /* NotificationService.swift */; };
		D0E5362024E3EB4D00FB1CE1 /* Notification Service Extension.appex in Embed App Extensions */ = {isa = PBXBuildFile; fileRef = D0E5361924E3EB4D00FB1CE1 /* Notification Service Extension.appex */; settings = {ATTRIBUTES = (RemoveHeadersOnCopy, ); }; };
		D0EC8DD424DFE38900A08489 /* AuthenticationServiceTests.swift in Sources */ = {isa = PBXBuildFile; fileRef = D0EC8DD324DFE38900A08489 /* AuthenticationServiceTests.swift */; };
		D0ED1B6E24CE100C00B4899C /* AddIdentityViewModelTests.swift in Sources */ = {isa = PBXBuildFile; fileRef = D0ED1B6D24CE100C00B4899C /* AddIdentityViewModelTests.swift */; };
/* End PBXBuildFile section */

/* Begin PBXContainerItemProxy section */
		D0666A2624C677B400F3F04B /* PBXContainerItemProxy */ = {
			isa = PBXContainerItemProxy;
			containerPortal = D047FA8024C3E21000AF17C5 /* Project object */;
			proxyType = 1;
			remoteGlobalIDString = D047FA8B24C3E21200AF17C5;
			remoteInfo = "Metatext (iOS)";
		};
		D0E5361E24E3EB4D00FB1CE1 /* PBXContainerItemProxy */ = {
			isa = PBXContainerItemProxy;
			containerPortal = D047FA8024C3E21000AF17C5 /* Project object */;
			proxyType = 1;
			remoteGlobalIDString = D0E5361824E3EB4D00FB1CE1;
			remoteInfo = "Notification Service Extension";
		};
/* End PBXContainerItemProxy section */

/* Begin PBXCopyFilesBuildPhase section */
		D0E5362424E3EB4D00FB1CE1 /* Embed App Extensions */ = {
			isa = PBXCopyFilesBuildPhase;
			buildActionMask = 2147483647;
			dstPath = "";
			dstSubfolderSpec = 13;
			files = (
				D0E5362024E3EB4D00FB1CE1 /* Notification Service Extension.appex in Embed App Extensions */,
			);
			name = "Embed App Extensions";
			runOnlyForDeploymentPostprocessing = 0;
		};
/* End PBXCopyFilesBuildPhase section */

/* Begin PBXFileReference section */
		D01F41D424F880C400D55A2D /* StatusTableViewCell.xib */ = {isa = PBXFileReference; fileEncoding = 4; lastKnownFileType = file.xib; path = StatusTableViewCell.xib; sourceTree = "<group>"; };
		D01F41D524F880C400D55A2D /* StatusTableViewCell.swift */ = {isa = PBXFileReference; fileEncoding = 4; lastKnownFileType = sourcecode.swift; path = StatusTableViewCell.swift; sourceTree = "<group>"; };
		D01F41D624F880C400D55A2D /* TouchFallthroughTextView.swift */ = {isa = PBXFileReference; fileEncoding = 4; lastKnownFileType = sourcecode.swift; path = TouchFallthroughTextView.swift; sourceTree = "<group>"; };
		D01F41DE24F8868800D55A2D /* AttachmentViewModel.swift */ = {isa = PBXFileReference; lastKnownFileType = sourcecode.swift; path = AttachmentViewModel.swift; sourceTree = "<group>"; };
		D01F41E224F8889700D55A2D /* AttachmentsView.swift */ = {isa = PBXFileReference; fileEncoding = 4; lastKnownFileType = sourcecode.swift; path = AttachmentsView.swift; sourceTree = "<group>"; };
		D03658D024EDD80900AC17EC /* ContextEndpoint+Stubbing.swift */ = {isa = PBXFileReference; lastKnownFileType = sourcecode.swift; path = "ContextEndpoint+Stubbing.swift"; sourceTree = "<group>"; };
		D047FA8C24C3E21200AF17C5 /* Metatext.app */ = {isa = PBXFileReference; explicitFileType = wrapper.application; includeInIndex = 0; path = Metatext.app; sourceTree = BUILT_PRODUCTS_DIR; };
		D04FD73824D4A7B4007D572D /* AccountEndpoint+Stubbing.swift */ = {isa = PBXFileReference; lastKnownFileType = sourcecode.swift; path = "AccountEndpoint+Stubbing.swift"; sourceTree = "<group>"; };
		D04FD73B24D4A83A007D572D /* InstanceEndpoint+Stubbing.swift */ = {isa = PBXFileReference; lastKnownFileType = sourcecode.swift; path = "InstanceEndpoint+Stubbing.swift"; sourceTree = "<group>"; };
		D04FD74124D4AA34007D572D /* DevelopmentModels.swift */ = {isa = PBXFileReference; lastKnownFileType = sourcecode.swift; path = DevelopmentModels.swift; sourceTree = "<group>"; };
		D052BBC624D749C800A80A7A /* RootViewModelTests.swift */ = {isa = PBXFileReference; lastKnownFileType = sourcecode.swift; path = RootViewModelTests.swift; sourceTree = "<group>"; };
		D052BBC824D74B6400A80A7A /* MockUserDefaults.swift */ = {isa = PBXFileReference; lastKnownFileType = sourcecode.swift; path = MockUserDefaults.swift; sourceTree = "<group>"; };
		D05494F924EA4E5E008B00A5 /* TimelinesEndpoint+Stubbing.swift */ = {isa = PBXFileReference; lastKnownFileType = sourcecode.swift; path = "TimelinesEndpoint+Stubbing.swift"; sourceTree = "<group>"; };
		D054950024EA4FFE008B00A5 /* DevelopmentAssets.xcassets */ = {isa = PBXFileReference; lastKnownFileType = folder.assetcatalog; path = DevelopmentAssets.xcassets; sourceTree = "<group>"; };
		D0666A2124C677B400F3F04B /* Tests.xctest */ = {isa = PBXFileReference; explicitFileType = wrapper.cfbundle; includeInIndex = 0; path = Tests.xctest; sourceTree = BUILT_PRODUCTS_DIR; };
		D0666A2524C677B400F3F04B /* Info.plist */ = {isa = PBXFileReference; lastKnownFileType = text.plist.xml; path = Info.plist; sourceTree = "<group>"; };
		D074577624D29006004758DB /* MockWebAuthSession.swift */ = {isa = PBXFileReference; fileEncoding = 4; lastKnownFileType = sourcecode.swift; path = MockWebAuthSession.swift; sourceTree = "<group>"; };
		D074577924D29366004758DB /* URLSessionConfiguration+Extensions.swift */ = {isa = PBXFileReference; lastKnownFileType = sourcecode.swift; path = "URLSessionConfiguration+Extensions.swift"; sourceTree = "<group>"; };
		D0A652AC24DE3EB6002EA33F /* PreferencesEndpoint+Stubbing.swift */ = {isa = PBXFileReference; lastKnownFileType = sourcecode.swift; path = "PreferencesEndpoint+Stubbing.swift"; sourceTree = "<group>"; };
		D0BEB1F224F8EE8C001B0F04 /* AttachmentView.swift */ = {isa = PBXFileReference; lastKnownFileType = sourcecode.swift; path = AttachmentView.swift; sourceTree = "<group>"; };
		D0BEB1F424F9A216001B0F04 /* Paged.swift */ = {isa = PBXFileReference; lastKnownFileType = sourcecode.swift; path = Paged.swift; sourceTree = "<group>"; };
		D0BEB1F624F9A84B001B0F04 /* LoadingTableFooterView.swift */ = {isa = PBXFileReference; lastKnownFileType = sourcecode.swift; path = LoadingTableFooterView.swift; sourceTree = "<group>"; };
		D0BEB1F824F9D627001B0F04 /* ListsEndpoint.swift */ = {isa = PBXFileReference; lastKnownFileType = sourcecode.swift; path = ListsEndpoint.swift; sourceTree = "<group>"; };
		D0BEB1FC24F9E4E5001B0F04 /* ListsViewModel.swift */ = {isa = PBXFileReference; lastKnownFileType = sourcecode.swift; path = ListsViewModel.swift; sourceTree = "<group>"; };
		D0BEB1FE24F9E5BB001B0F04 /* ListsView.swift */ = {isa = PBXFileReference; lastKnownFileType = sourcecode.swift; path = ListsView.swift; sourceTree = "<group>"; };
		D0BEB20024FA0220001B0F04 /* ListEndpoint.swift */ = {isa = PBXFileReference; lastKnownFileType = sourcecode.swift; path = ListEndpoint.swift; sourceTree = "<group>"; };
		D0BEB20424FA1107001B0F04 /* FiltersView.swift */ = {isa = PBXFileReference; lastKnownFileType = sourcecode.swift; path = FiltersView.swift; sourceTree = "<group>"; };
		D0BEB20624FA1121001B0F04 /* FiltersViewModel.swift */ = {isa = PBXFileReference; lastKnownFileType = sourcecode.swift; path = FiltersViewModel.swift; sourceTree = "<group>"; };
		D0BEB20824FA1136001B0F04 /* Filter.swift */ = {isa = PBXFileReference; lastKnownFileType = sourcecode.swift; path = Filter.swift; sourceTree = "<group>"; };
		D0BEB20A24FA12D8001B0F04 /* FiltersEndpoint.swift */ = {isa = PBXFileReference; lastKnownFileType = sourcecode.swift; path = FiltersEndpoint.swift; sourceTree = "<group>"; };
		D0BEB20C24FA193A001B0F04 /* FilterEndpoint.swift */ = {isa = PBXFileReference; lastKnownFileType = sourcecode.swift; path = FilterEndpoint.swift; sourceTree = "<group>"; };
		D0BEB21024FA2A90001B0F04 /* EditFilterView.swift */ = {isa = PBXFileReference; lastKnownFileType = sourcecode.swift; path = EditFilterView.swift; sourceTree = "<group>"; };
		D0BEB21224FA2C0A001B0F04 /* EditFilterViewModel.swift */ = {isa = PBXFileReference; lastKnownFileType = sourcecode.swift; path = EditFilterViewModel.swift; sourceTree = "<group>"; };
		D0C7D41E24F76169001EBDBB /* Metatext.entitlements */ = {isa = PBXFileReference; fileEncoding = 4; lastKnownFileType = text.plist.entitlements; path = Metatext.entitlements; sourceTree = "<group>"; };
		D0C7D41F24F76169001EBDBB /* Info.plist */ = {isa = PBXFileReference; fileEncoding = 4; lastKnownFileType = text.plist.xml; path = Info.plist; sourceTree = "<group>"; };
		D0C7D42224F76169001EBDBB /* IdentitiesView.swift */ = {isa = PBXFileReference; fileEncoding = 4; lastKnownFileType = sourcecode.swift; path = IdentitiesView.swift; sourceTree = "<group>"; };
		D0C7D42324F76169001EBDBB /* CustomEmojiText.swift */ = {isa = PBXFileReference; fileEncoding = 4; lastKnownFileType = sourcecode.swift; path = CustomEmojiText.swift; sourceTree = "<group>"; };
		D0C7D42424F76169001EBDBB /* AddIdentityView.swift */ = {isa = PBXFileReference; fileEncoding = 4; lastKnownFileType = sourcecode.swift; path = AddIdentityView.swift; sourceTree = "<group>"; };
		D0C7D42524F76169001EBDBB /* StatusListView.swift */ = {isa = PBXFileReference; fileEncoding = 4; lastKnownFileType = sourcecode.swift; path = StatusListView.swift; sourceTree = "<group>"; };
		D0C7D42624F76169001EBDBB /* PreferencesView.swift */ = {isa = PBXFileReference; fileEncoding = 4; lastKnownFileType = sourcecode.swift; path = PreferencesView.swift; sourceTree = "<group>"; };
		D0C7D42724F76169001EBDBB /* RootView.swift */ = {isa = PBXFileReference; fileEncoding = 4; lastKnownFileType = sourcecode.swift; path = RootView.swift; sourceTree = "<group>"; };
		D0C7D42824F76169001EBDBB /* PostingReadingPreferencesView.swift */ = {isa = PBXFileReference; fileEncoding = 4; lastKnownFileType = sourcecode.swift; path = PostingReadingPreferencesView.swift; sourceTree = "<group>"; };
		D0C7D42924F76169001EBDBB /* SecondaryNavigationView.swift */ = {isa = PBXFileReference; fileEncoding = 4; lastKnownFileType = sourcecode.swift; path = SecondaryNavigationView.swift; sourceTree = "<group>"; };
		D0C7D42D24F76169001EBDBB /* NotificationTypesPreferencesView.swift */ = {isa = PBXFileReference; fileEncoding = 4; lastKnownFileType = sourcecode.swift; path = NotificationTypesPreferencesView.swift; sourceTree = "<group>"; };
		D0C7D42E24F76169001EBDBB /* TabNavigationView.swift */ = {isa = PBXFileReference; fileEncoding = 4; lastKnownFileType = sourcecode.swift; path = TabNavigationView.swift; sourceTree = "<group>"; };
		D0C7D43124F76169001EBDBB /* StatusListViewController.swift */ = {isa = PBXFileReference; fileEncoding = 4; lastKnownFileType = sourcecode.swift; path = StatusListViewController.swift; sourceTree = "<group>"; };
		D0C7D43324F76169001EBDBB /* DecodableDefault.swift */ = {isa = PBXFileReference; fileEncoding = 4; lastKnownFileType = sourcecode.swift; path = DecodableDefault.swift; sourceTree = "<group>"; };
		D0C7D43924F76169001EBDBB /* Mention.swift */ = {isa = PBXFileReference; fileEncoding = 4; lastKnownFileType = sourcecode.swift; path = Mention.swift; sourceTree = "<group>"; };
		D0C7D43A24F76169001EBDBB /* Attachment.swift */ = {isa = PBXFileReference; fileEncoding = 4; lastKnownFileType = sourcecode.swift; path = Attachment.swift; sourceTree = "<group>"; };
		D0C7D43B24F76169001EBDBB /* Identity.swift */ = {isa = PBXFileReference; fileEncoding = 4; lastKnownFileType = sourcecode.swift; path = Identity.swift; sourceTree = "<group>"; };
		D0C7D43C24F76169001EBDBB /* Poll.swift */ = {isa = PBXFileReference; fileEncoding = 4; lastKnownFileType = sourcecode.swift; path = Poll.swift; sourceTree = "<group>"; };
		D0C7D43D24F76169001EBDBB /* AccessToken.swift */ = {isa = PBXFileReference; fileEncoding = 4; lastKnownFileType = sourcecode.swift; path = AccessToken.swift; sourceTree = "<group>"; };
		D0C7D43E24F76169001EBDBB /* Timeline.swift */ = {isa = PBXFileReference; fileEncoding = 4; lastKnownFileType = sourcecode.swift; path = Timeline.swift; sourceTree = "<group>"; };
		D0C7D43F24F76169001EBDBB /* PushNotification.swift */ = {isa = PBXFileReference; fileEncoding = 4; lastKnownFileType = sourcecode.swift; path = PushNotification.swift; sourceTree = "<group>"; };
		D0C7D44024F76169001EBDBB /* PushSubscription.swift */ = {isa = PBXFileReference; fileEncoding = 4; lastKnownFileType = sourcecode.swift; path = PushSubscription.swift; sourceTree = "<group>"; };
		D0C7D44124F76169001EBDBB /* Card.swift */ = {isa = PBXFileReference; fileEncoding = 4; lastKnownFileType = sourcecode.swift; path = Card.swift; sourceTree = "<group>"; };
		D0C7D44224F76169001EBDBB /* HTML.swift */ = {isa = PBXFileReference; fileEncoding = 4; lastKnownFileType = sourcecode.swift; path = HTML.swift; sourceTree = "<group>"; };
		D0C7D44324F76169001EBDBB /* MastodonError.swift */ = {isa = PBXFileReference; fileEncoding = 4; lastKnownFileType = sourcecode.swift; path = MastodonError.swift; sourceTree = "<group>"; };
		D0C7D44424F76169001EBDBB /* MastodonContext.swift */ = {isa = PBXFileReference; fileEncoding = 4; lastKnownFileType = sourcecode.swift; path = MastodonContext.swift; sourceTree = "<group>"; };
		D0C7D44524F76169001EBDBB /* Instance.swift */ = {isa = PBXFileReference; fileEncoding = 4; lastKnownFileType = sourcecode.swift; path = Instance.swift; sourceTree = "<group>"; };
		D0C7D44624F76169001EBDBB /* ListTimeline.swift */ = {isa = PBXFileReference; fileEncoding = 4; lastKnownFileType = sourcecode.swift; path = ListTimeline.swift; sourceTree = "<group>"; };
		D0C7D44724F76169001EBDBB /* TransientStatusCollection.swift */ = {isa = PBXFileReference; fileEncoding = 4; lastKnownFileType = sourcecode.swift; path = TransientStatusCollection.swift; sourceTree = "<group>"; };
		D0C7D44824F76169001EBDBB /* Application.swift */ = {isa = PBXFileReference; fileEncoding = 4; lastKnownFileType = sourcecode.swift; path = Application.swift; sourceTree = "<group>"; };
		D0C7D44924F76169001EBDBB /* Status.swift */ = {isa = PBXFileReference; fileEncoding = 4; lastKnownFileType = sourcecode.swift; path = Status.swift; sourceTree = "<group>"; };
		D0C7D44A24F76169001EBDBB /* AppAuthorization.swift */ = {isa = PBXFileReference; fileEncoding = 4; lastKnownFileType = sourcecode.swift; path = AppAuthorization.swift; sourceTree = "<group>"; };
		D0C7D44B24F76169001EBDBB /* Emoji.swift */ = {isa = PBXFileReference; fileEncoding = 4; lastKnownFileType = sourcecode.swift; path = Emoji.swift; sourceTree = "<group>"; };
		D0C7D44C24F76169001EBDBB /* Tag.swift */ = {isa = PBXFileReference; fileEncoding = 4; lastKnownFileType = sourcecode.swift; path = Tag.swift; sourceTree = "<group>"; };
		D0C7D44D24F76169001EBDBB /* Account.swift */ = {isa = PBXFileReference; fileEncoding = 4; lastKnownFileType = sourcecode.swift; path = Account.swift; sourceTree = "<group>"; };
		D0C7D44E24F76169001EBDBB /* Unknowable.swift */ = {isa = PBXFileReference; fileEncoding = 4; lastKnownFileType = sourcecode.swift; path = Unknowable.swift; sourceTree = "<group>"; };
		D0C7D44F24F76169001EBDBB /* AppEnvironment.swift */ = {isa = PBXFileReference; fileEncoding = 4; lastKnownFileType = sourcecode.swift; path = AppEnvironment.swift; sourceTree = "<group>"; };
		D0C7D45024F76169001EBDBB /* AlertItem.swift */ = {isa = PBXFileReference; fileEncoding = 4; lastKnownFileType = sourcecode.swift; path = AlertItem.swift; sourceTree = "<group>"; };
		D0C7D45124F76169001EBDBB /* MastodonPreferences.swift */ = {isa = PBXFileReference; fileEncoding = 4; lastKnownFileType = sourcecode.swift; path = MastodonPreferences.swift; sourceTree = "<group>"; };
		D0C7D45224F76169001EBDBB /* Assets.xcassets */ = {isa = PBXFileReference; lastKnownFileType = folder.assetcatalog; path = Assets.xcassets; sourceTree = "<group>"; };
		D0C7D45424F76169001EBDBB /* MetatextApp.swift */ = {isa = PBXFileReference; fileEncoding = 4; lastKnownFileType = sourcecode.swift; path = MetatextApp.swift; sourceTree = "<group>"; };
		D0C7D45524F76169001EBDBB /* AppDelegate.swift */ = {isa = PBXFileReference; fileEncoding = 4; lastKnownFileType = sourcecode.swift; path = AppDelegate.swift; sourceTree = "<group>"; };
		D0C7D45724F76169001EBDBB /* Localizable.strings */ = {isa = PBXFileReference; fileEncoding = 4; lastKnownFileType = text.plist.strings; path = Localizable.strings; sourceTree = "<group>"; };
		D0C7D45824F76169001EBDBB /* Localizable.stringsdict */ = {isa = PBXFileReference; fileEncoding = 4; lastKnownFileType = text.plist.stringsdict; path = Localizable.stringsdict; sourceTree = "<group>"; };
		D0C7D45A24F76169001EBDBB /* PostingReadingPreferencesViewModel.swift */ = {isa = PBXFileReference; fileEncoding = 4; lastKnownFileType = sourcecode.swift; path = PostingReadingPreferencesViewModel.swift; sourceTree = "<group>"; };
		D0C7D45B24F76169001EBDBB /* SecondaryNavigationViewModel.swift */ = {isa = PBXFileReference; fileEncoding = 4; lastKnownFileType = sourcecode.swift; path = SecondaryNavigationViewModel.swift; sourceTree = "<group>"; };
		D0C7D45C24F76169001EBDBB /* TabNavigationViewModel.swift */ = {isa = PBXFileReference; fileEncoding = 4; lastKnownFileType = sourcecode.swift; path = TabNavigationViewModel.swift; sourceTree = "<group>"; };
		D0C7D45D24F76169001EBDBB /* NotificationTypesPreferencesViewModel.swift */ = {isa = PBXFileReference; fileEncoding = 4; lastKnownFileType = sourcecode.swift; path = NotificationTypesPreferencesViewModel.swift; sourceTree = "<group>"; };
		D0C7D45E24F76169001EBDBB /* RootViewModel.swift */ = {isa = PBXFileReference; fileEncoding = 4; lastKnownFileType = sourcecode.swift; path = RootViewModel.swift; sourceTree = "<group>"; };
		D0C7D45F24F76169001EBDBB /* IdentitiesViewModel.swift */ = {isa = PBXFileReference; fileEncoding = 4; lastKnownFileType = sourcecode.swift; path = IdentitiesViewModel.swift; sourceTree = "<group>"; };
		D0C7D46024F76169001EBDBB /* AddIdentityViewModel.swift */ = {isa = PBXFileReference; fileEncoding = 4; lastKnownFileType = sourcecode.swift; path = AddIdentityViewModel.swift; sourceTree = "<group>"; };
		D0C7D46124F76169001EBDBB /* PreferencesViewModel.swift */ = {isa = PBXFileReference; fileEncoding = 4; lastKnownFileType = sourcecode.swift; path = PreferencesViewModel.swift; sourceTree = "<group>"; };
		D0C7D46224F76169001EBDBB /* StatusViewModel.swift */ = {isa = PBXFileReference; fileEncoding = 4; lastKnownFileType = sourcecode.swift; path = StatusViewModel.swift; sourceTree = "<group>"; };
		D0C7D46324F76169001EBDBB /* StatusListViewModel.swift */ = {isa = PBXFileReference; fileEncoding = 4; lastKnownFileType = sourcecode.swift; path = StatusListViewModel.swift; sourceTree = "<group>"; };
		D0C7D46524F76169001EBDBB /* IdentityDatabase.swift */ = {isa = PBXFileReference; fileEncoding = 4; lastKnownFileType = sourcecode.swift; path = IdentityDatabase.swift; sourceTree = "<group>"; };
		D0C7D46624F76169001EBDBB /* ContentDatabase.swift */ = {isa = PBXFileReference; fileEncoding = 4; lastKnownFileType = sourcecode.swift; path = ContentDatabase.swift; sourceTree = "<group>"; };
		D0C7D46724F76169001EBDBB /* DatabaseError.swift */ = {isa = PBXFileReference; fileEncoding = 4; lastKnownFileType = sourcecode.swift; path = DatabaseError.swift; sourceTree = "<group>"; };
		D0C7D46924F76169001EBDBB /* NSError+Extensions.swift */ = {isa = PBXFileReference; fileEncoding = 4; lastKnownFileType = sourcecode.swift; path = "NSError+Extensions.swift"; sourceTree = "<group>"; };
		D0C7D46A24F76169001EBDBB /* String+Extensions.swift */ = {isa = PBXFileReference; fileEncoding = 4; lastKnownFileType = sourcecode.swift; path = "String+Extensions.swift"; sourceTree = "<group>"; };
		D0C7D46B24F76169001EBDBB /* NSMutableAttributedString+Extensions.swift */ = {isa = PBXFileReference; fileEncoding = 4; lastKnownFileType = sourcecode.swift; path = "NSMutableAttributedString+Extensions.swift"; sourceTree = "<group>"; };
		D0C7D46C24F76169001EBDBB /* UIColor+Extensions.swift */ = {isa = PBXFileReference; fileEncoding = 4; lastKnownFileType = sourcecode.swift; path = "UIColor+Extensions.swift"; sourceTree = "<group>"; };
		D0C7D46D24F76169001EBDBB /* Publisher+Extensions.swift */ = {isa = PBXFileReference; fileEncoding = 4; lastKnownFileType = sourcecode.swift; path = "Publisher+Extensions.swift"; sourceTree = "<group>"; };
		D0C7D46E24F76169001EBDBB /* KingfisherOptionsInfo+Extensions.swift */ = {isa = PBXFileReference; fileEncoding = 4; lastKnownFileType = sourcecode.swift; path = "KingfisherOptionsInfo+Extensions.swift"; sourceTree = "<group>"; };
		D0C7D46F24F76169001EBDBB /* View+Extensions.swift */ = {isa = PBXFileReference; fileEncoding = 4; lastKnownFileType = sourcecode.swift; path = "View+Extensions.swift"; sourceTree = "<group>"; };
		D0C7D47024F76169001EBDBB /* Date+Extensions.swift */ = {isa = PBXFileReference; fileEncoding = 4; lastKnownFileType = sourcecode.swift; path = "Date+Extensions.swift"; sourceTree = "<group>"; };
		D0C7D47124F76169001EBDBB /* Data+Extensions.swift */ = {isa = PBXFileReference; fileEncoding = 4; lastKnownFileType = sourcecode.swift; path = "Data+Extensions.swift"; sourceTree = "<group>"; };
		D0C7D47224F76169001EBDBB /* CodingUserInfoKey+Extensions.swift */ = {isa = PBXFileReference; fileEncoding = 4; lastKnownFileType = sourcecode.swift; path = "CodingUserInfoKey+Extensions.swift"; sourceTree = "<group>"; };
		D0C7D47424F76169001EBDBB /* HTTPTarget.swift */ = {isa = PBXFileReference; fileEncoding = 4; lastKnownFileType = sourcecode.swift; path = HTTPTarget.swift; sourceTree = "<group>"; };
		D0C7D47524F76169001EBDBB /* HTTPClient.swift */ = {isa = PBXFileReference; fileEncoding = 4; lastKnownFileType = sourcecode.swift; path = HTTPClient.swift; sourceTree = "<group>"; };
		D0C7D47624F76169001EBDBB /* WebAuthSession.swift */ = {isa = PBXFileReference; fileEncoding = 4; lastKnownFileType = sourcecode.swift; path = WebAuthSession.swift; sourceTree = "<group>"; };
		D0C7D47824F76169001EBDBB /* MastodonDecoder.swift */ = {isa = PBXFileReference; fileEncoding = 4; lastKnownFileType = sourcecode.swift; path = MastodonDecoder.swift; sourceTree = "<group>"; };
		D0C7D47924F76169001EBDBB /* MastodonEndpoint.swift */ = {isa = PBXFileReference; fileEncoding = 4; lastKnownFileType = sourcecode.swift; path = MastodonEndpoint.swift; sourceTree = "<group>"; };
		D0C7D47B24F76169001EBDBB /* PushSubscriptionEndpoint.swift */ = {isa = PBXFileReference; fileEncoding = 4; lastKnownFileType = sourcecode.swift; path = PushSubscriptionEndpoint.swift; sourceTree = "<group>"; };
		D0C7D47C24F76169001EBDBB /* PreferencesEndpoint.swift */ = {isa = PBXFileReference; fileEncoding = 4; lastKnownFileType = sourcecode.swift; path = PreferencesEndpoint.swift; sourceTree = "<group>"; };
		D0C7D47D24F76169001EBDBB /* InstanceEndpoint.swift */ = {isa = PBXFileReference; fileEncoding = 4; lastKnownFileType = sourcecode.swift; path = InstanceEndpoint.swift; sourceTree = "<group>"; };
		D0C7D47E24F76169001EBDBB /* TimelinesEndpoint.swift */ = {isa = PBXFileReference; fileEncoding = 4; lastKnownFileType = sourcecode.swift; path = TimelinesEndpoint.swift; sourceTree = "<group>"; };
		D0C7D47F24F76169001EBDBB /* AppAuthorizationEndpoint.swift */ = {isa = PBXFileReference; fileEncoding = 4; lastKnownFileType = sourcecode.swift; path = AppAuthorizationEndpoint.swift; sourceTree = "<group>"; };
		D0C7D48024F76169001EBDBB /* AccountEndpoint.swift */ = {isa = PBXFileReference; fileEncoding = 4; lastKnownFileType = sourcecode.swift; path = AccountEndpoint.swift; sourceTree = "<group>"; };
		D0C7D48124F76169001EBDBB /* AccessTokenEndpoint.swift */ = {isa = PBXFileReference; fileEncoding = 4; lastKnownFileType = sourcecode.swift; path = AccessTokenEndpoint.swift; sourceTree = "<group>"; };
		D0C7D48224F76169001EBDBB /* DeletionEndpoint.swift */ = {isa = PBXFileReference; fileEncoding = 4; lastKnownFileType = sourcecode.swift; path = DeletionEndpoint.swift; sourceTree = "<group>"; };
		D0C7D48324F76169001EBDBB /* ContextEndpoint.swift */ = {isa = PBXFileReference; fileEncoding = 4; lastKnownFileType = sourcecode.swift; path = ContextEndpoint.swift; sourceTree = "<group>"; };
		D0C7D48424F76169001EBDBB /* StatusEndpoint.swift */ = {isa = PBXFileReference; fileEncoding = 4; lastKnownFileType = sourcecode.swift; path = StatusEndpoint.swift; sourceTree = "<group>"; };
		D0C7D48524F76169001EBDBB /* MastodonAPI.swift */ = {isa = PBXFileReference; fileEncoding = 4; lastKnownFileType = sourcecode.swift; path = MastodonAPI.swift; sourceTree = "<group>"; };
		D0C7D48624F76169001EBDBB /* MastodonEncoder.swift */ = {isa = PBXFileReference; fileEncoding = 4; lastKnownFileType = sourcecode.swift; path = MastodonEncoder.swift; sourceTree = "<group>"; };
		D0C7D48724F76169001EBDBB /* MastodonClient.swift */ = {isa = PBXFileReference; fileEncoding = 4; lastKnownFileType = sourcecode.swift; path = MastodonClient.swift; sourceTree = "<group>"; };
		D0C7D48824F76169001EBDBB /* MastodonTarget.swift */ = {isa = PBXFileReference; fileEncoding = 4; lastKnownFileType = sourcecode.swift; path = MastodonTarget.swift; sourceTree = "<group>"; };
		D0C7D48A24F76169001EBDBB /* IdentityService.swift */ = {isa = PBXFileReference; fileEncoding = 4; lastKnownFileType = sourcecode.swift; path = IdentityService.swift; sourceTree = "<group>"; };
		D0C7D48C24F76169001EBDBB /* TimelineService.swift */ = {isa = PBXFileReference; fileEncoding = 4; lastKnownFileType = sourcecode.swift; path = TimelineService.swift; sourceTree = "<group>"; };
		D0C7D48D24F76169001EBDBB /* ContextService.swift */ = {isa = PBXFileReference; fileEncoding = 4; lastKnownFileType = sourcecode.swift; path = ContextService.swift; sourceTree = "<group>"; };
		D0C7D48E24F7616A001EBDBB /* StatusListService.swift */ = {isa = PBXFileReference; fileEncoding = 4; lastKnownFileType = sourcecode.swift; path = StatusListService.swift; sourceTree = "<group>"; };
		D0C7D48F24F7616A001EBDBB /* AuthenticationService.swift */ = {isa = PBXFileReference; fileEncoding = 4; lastKnownFileType = sourcecode.swift; path = AuthenticationService.swift; sourceTree = "<group>"; };
		D0C7D49024F7616A001EBDBB /* KeychainService.swift */ = {isa = PBXFileReference; fileEncoding = 4; lastKnownFileType = sourcecode.swift; path = KeychainService.swift; sourceTree = "<group>"; };
		D0C7D49124F7616A001EBDBB /* StatusService.swift */ = {isa = PBXFileReference; fileEncoding = 4; lastKnownFileType = sourcecode.swift; path = StatusService.swift; sourceTree = "<group>"; };
		D0C7D49224F7616A001EBDBB /* SecretsService.swift */ = {isa = PBXFileReference; fileEncoding = 4; lastKnownFileType = sourcecode.swift; path = SecretsService.swift; sourceTree = "<group>"; };
		D0C7D49324F7616A001EBDBB /* UserNotificationService.swift */ = {isa = PBXFileReference; fileEncoding = 4; lastKnownFileType = sourcecode.swift; path = UserNotificationService.swift; sourceTree = "<group>"; };
		D0C7D49424F7616A001EBDBB /* AllIdentitiesService.swift */ = {isa = PBXFileReference; fileEncoding = 4; lastKnownFileType = sourcecode.swift; path = AllIdentitiesService.swift; sourceTree = "<group>"; };
		D0DC174524CFEC2000A75C65 /* StubbingURLProtocol.swift */ = {isa = PBXFileReference; lastKnownFileType = sourcecode.swift; path = StubbingURLProtocol.swift; sourceTree = "<group>"; };
		D0DC174924CFF15F00A75C65 /* AppAuthorizationEndpoint+Stubbing.swift */ = {isa = PBXFileReference; lastKnownFileType = sourcecode.swift; path = "AppAuthorizationEndpoint+Stubbing.swift"; sourceTree = "<group>"; };
		D0DC174C24CFF1F100A75C65 /* Stubbing.swift */ = {isa = PBXFileReference; lastKnownFileType = sourcecode.swift; path = Stubbing.swift; sourceTree = "<group>"; };
		D0DC175124D008E300A75C65 /* MastodonTarget+Stubbing.swift */ = {isa = PBXFileReference; lastKnownFileType = sourcecode.swift; path = "MastodonTarget+Stubbing.swift"; sourceTree = "<group>"; };
		D0DC175424D00F0A00A75C65 /* AccessTokenEndpoint+Stubbing.swift */ = {isa = PBXFileReference; lastKnownFileType = sourcecode.swift; path = "AccessTokenEndpoint+Stubbing.swift"; sourceTree = "<group>"; };
		D0DC175724D0130800A75C65 /* HTTPStubs.swift */ = {isa = PBXFileReference; lastKnownFileType = sourcecode.swift; path = HTTPStubs.swift; sourceTree = "<group>"; };
		D0DC177624D0CF2600A75C65 /* MockKeychainService.swift */ = {isa = PBXFileReference; lastKnownFileType = sourcecode.swift; path = MockKeychainService.swift; sourceTree = "<group>"; };
		D0E5361924E3EB4D00FB1CE1 /* Notification Service Extension.appex */ = {isa = PBXFileReference; explicitFileType = "wrapper.app-extension"; includeInIndex = 0; path = "Notification Service Extension.appex"; sourceTree = BUILT_PRODUCTS_DIR; };
		D0E5361B24E3EB4D00FB1CE1 /* NotificationService.swift */ = {isa = PBXFileReference; lastKnownFileType = sourcecode.swift; path = NotificationService.swift; sourceTree = "<group>"; };
		D0E5361D24E3EB4D00FB1CE1 /* Info.plist */ = {isa = PBXFileReference; lastKnownFileType = text.plist.xml; path = Info.plist; sourceTree = "<group>"; };
		D0E5362824E4A06B00FB1CE1 /* Notification Service Extension.entitlements */ = {isa = PBXFileReference; lastKnownFileType = text.plist.entitlements; path = "Notification Service Extension.entitlements"; sourceTree = "<group>"; };
		D0EC8DD324DFE38900A08489 /* AuthenticationServiceTests.swift */ = {isa = PBXFileReference; lastKnownFileType = sourcecode.swift; path = AuthenticationServiceTests.swift; sourceTree = "<group>"; };
		D0ED1B6D24CE100C00B4899C /* AddIdentityViewModelTests.swift */ = {isa = PBXFileReference; lastKnownFileType = sourcecode.swift; path = AddIdentityViewModelTests.swift; sourceTree = "<group>"; };
/* End PBXFileReference section */

/* Begin PBXFrameworksBuildPhase section */
		D047FA8924C3E21200AF17C5 /* Frameworks */ = {
			isa = PBXFrameworksBuildPhase;
			buildActionMask = 2147483647;
			files = (
				D06B492324D4611300642749 /* KingfisherSwiftUI in Frameworks */,
				D0666A4924C6C1A300F3F04B /* GRDB in Frameworks */,
				D0DC175F24D016EA00A75C65 /* Alamofire in Frameworks */,
			);
			runOnlyForDeploymentPostprocessing = 0;
		};
		D0666A1E24C677B400F3F04B /* Frameworks */ = {
			isa = PBXFrameworksBuildPhase;
			buildActionMask = 2147483647;
			files = (
				D065F53924D37E5100741304 /* CombineExpectations in Frameworks */,
			);
			runOnlyForDeploymentPostprocessing = 0;
		};
		D0E5361624E3EB4D00FB1CE1 /* Frameworks */ = {
			isa = PBXFrameworksBuildPhase;
			buildActionMask = 2147483647;
			files = (
			);
			runOnlyForDeploymentPostprocessing = 0;
		};
/* End PBXFrameworksBuildPhase section */

/* Begin PBXGroup section */
		D01F41D324F8807E00D55A2D /* Status Cell */ = {
			isa = PBXGroup;
			children = (
				D01F41D524F880C400D55A2D /* StatusTableViewCell.swift */,
				D01F41D424F880C400D55A2D /* StatusTableViewCell.xib */,
				D01F41D624F880C400D55A2D /* TouchFallthroughTextView.swift */,
			);
			path = "Status Cell";
			sourceTree = "<group>";
		};
		D01F41E024F8885900D55A2D /* Attachments */ = {
			isa = PBXGroup;
			children = (
				D01F41E224F8889700D55A2D /* AttachmentsView.swift */,
				D0BEB1F224F8EE8C001B0F04 /* AttachmentView.swift */,
			);
			path = Attachments;
			sourceTree = "<group>";
		};
		D047FA7F24C3E21000AF17C5 = {
			isa = PBXGroup;
			children = (
				D0C7D45224F76169001EBDBB /* Assets.xcassets */,
				D0C7D46424F76169001EBDBB /* Databases */,
				D0ED1BB224CE3A1600B4899C /* Development Assets */,
				D0C7D46824F76169001EBDBB /* Extensions */,
				D0666A7924C7745A00F3F04B /* Frameworks */,
				D0C7D45624F76169001EBDBB /* Localizations */,
				D0C7D43824F76169001EBDBB /* Model */,
				D0C7D47324F76169001EBDBB /* Networking */,
				D0E5361A24E3EB4D00FB1CE1 /* Notification Service Extension */,
				D047FA8D24C3E21200AF17C5 /* Products */,
				D0C7D43224F76169001EBDBB /* Property Wrappers */,
				D0C7D48924F76169001EBDBB /* Services */,
				D0C7D41D24F76169001EBDBB /* Supporting Files */,
				D0C7D45324F76169001EBDBB /* System */,
				D0666A2224C677B400F3F04B /* Tests */,
				D0C7D43024F76169001EBDBB /* View Controllers */,
				D0C7D45924F76169001EBDBB /* View Models */,
				D0C7D42024F76169001EBDBB /* Views */,
			);
			sourceTree = "<group>";
		};
		D047FA8D24C3E21200AF17C5 /* Products */ = {
			isa = PBXGroup;
			children = (
				D047FA8C24C3E21200AF17C5 /* Metatext.app */,
				D0666A2124C677B400F3F04B /* Tests.xctest */,
				D0E5361924E3EB4D00FB1CE1 /* Notification Service Extension.appex */,
			);
			name = Products;
			sourceTree = "<group>";
		};
		D0666A2224C677B400F3F04B /* Tests */ = {
			isa = PBXGroup;
			children = (
				D0666A2524C677B400F3F04B /* Info.plist */,
				D0EC8DD024DFE34F00A08489 /* Services */,
				D0ED1B6C24CE0EED00B4899C /* View Models */,
			);
			path = Tests;
			sourceTree = "<group>";
		};
		D0666A7924C7745A00F3F04B /* Frameworks */ = {
			isa = PBXGroup;
			children = (
			);
			name = Frameworks;
			sourceTree = "<group>";
		};
		D0C7D41D24F76169001EBDBB /* Supporting Files */ = {
			isa = PBXGroup;
			children = (
				D0C7D41F24F76169001EBDBB /* Info.plist */,
				D0C7D41E24F76169001EBDBB /* Metatext.entitlements */,
			);
			path = "Supporting Files";
			sourceTree = "<group>";
		};
		D0C7D42024F76169001EBDBB /* Views */ = {
			isa = PBXGroup;
			children = (
				D0C7D42424F76169001EBDBB /* AddIdentityView.swift */,
				D01F41E024F8885900D55A2D /* Attachments */,
				D0C7D42324F76169001EBDBB /* CustomEmojiText.swift */,
				D0BEB21024FA2A90001B0F04 /* EditFilterView.swift */,
				D0BEB20424FA1107001B0F04 /* FiltersView.swift */,
				D0C7D42224F76169001EBDBB /* IdentitiesView.swift */,
				D0BEB1FE24F9E5BB001B0F04 /* ListsView.swift */,
				D0BEB1F624F9A84B001B0F04 /* LoadingTableFooterView.swift */,
				D0C7D42D24F76169001EBDBB /* NotificationTypesPreferencesView.swift */,
				D0C7D42824F76169001EBDBB /* PostingReadingPreferencesView.swift */,
				D0C7D42624F76169001EBDBB /* PreferencesView.swift */,
				D0C7D42724F76169001EBDBB /* RootView.swift */,
				D0C7D42924F76169001EBDBB /* SecondaryNavigationView.swift */,
				D01F41D324F8807E00D55A2D /* Status Cell */,
				D0C7D42524F76169001EBDBB /* StatusListView.swift */,
				D0C7D42E24F76169001EBDBB /* TabNavigationView.swift */,
			);
			path = Views;
			sourceTree = "<group>";
		};
		D0C7D43024F76169001EBDBB /* View Controllers */ = {
			isa = PBXGroup;
			children = (
				D0C7D43124F76169001EBDBB /* StatusListViewController.swift */,
			);
			path = "View Controllers";
			sourceTree = "<group>";
		};
		D0C7D43224F76169001EBDBB /* Property Wrappers */ = {
			isa = PBXGroup;
			children = (
				D0C7D43324F76169001EBDBB /* DecodableDefault.swift */,
			);
			path = "Property Wrappers";
			sourceTree = "<group>";
		};
		D0C7D43824F76169001EBDBB /* Model */ = {
			isa = PBXGroup;
			children = (
				D0C7D43D24F76169001EBDBB /* AccessToken.swift */,
				D0C7D44D24F76169001EBDBB /* Account.swift */,
				D0C7D45024F76169001EBDBB /* AlertItem.swift */,
				D0C7D44A24F76169001EBDBB /* AppAuthorization.swift */,
				D0C7D44F24F76169001EBDBB /* AppEnvironment.swift */,
				D0C7D44824F76169001EBDBB /* Application.swift */,
				D0C7D43A24F76169001EBDBB /* Attachment.swift */,
				D0C7D44124F76169001EBDBB /* Card.swift */,
				D0C7D44B24F76169001EBDBB /* Emoji.swift */,
				D0BEB20824FA1136001B0F04 /* Filter.swift */,
				D0C7D44224F76169001EBDBB /* HTML.swift */,
				D0C7D43B24F76169001EBDBB /* Identity.swift */,
				D0C7D44524F76169001EBDBB /* Instance.swift */,
				D0C7D44624F76169001EBDBB /* ListTimeline.swift */,
				D0C7D44424F76169001EBDBB /* MastodonContext.swift */,
				D0C7D44324F76169001EBDBB /* MastodonError.swift */,
				D0C7D45124F76169001EBDBB /* MastodonPreferences.swift */,
				D0C7D43924F76169001EBDBB /* Mention.swift */,
				D0C7D43C24F76169001EBDBB /* Poll.swift */,
				D0C7D43F24F76169001EBDBB /* PushNotification.swift */,
				D0C7D44024F76169001EBDBB /* PushSubscription.swift */,
				D0C7D44924F76169001EBDBB /* Status.swift */,
				D0C7D44C24F76169001EBDBB /* Tag.swift */,
				D0C7D43E24F76169001EBDBB /* Timeline.swift */,
				D0C7D44724F76169001EBDBB /* TransientStatusCollection.swift */,
				D0C7D44E24F76169001EBDBB /* Unknowable.swift */,
			);
			path = Model;
			sourceTree = "<group>";
		};
		D0C7D45324F76169001EBDBB /* System */ = {
			isa = PBXGroup;
			children = (
				D0C7D45524F76169001EBDBB /* AppDelegate.swift */,
				D0C7D45424F76169001EBDBB /* MetatextApp.swift */,
			);
			path = System;
			sourceTree = "<group>";
		};
		D0C7D45624F76169001EBDBB /* Localizations */ = {
			isa = PBXGroup;
			children = (
				D0C7D45724F76169001EBDBB /* Localizable.strings */,
				D0C7D45824F76169001EBDBB /* Localizable.stringsdict */,
			);
			path = Localizations;
			sourceTree = "<group>";
		};
		D0C7D45924F76169001EBDBB /* View Models */ = {
			isa = PBXGroup;
			children = (
				D0C7D46024F76169001EBDBB /* AddIdentityViewModel.swift */,
				D01F41DE24F8868800D55A2D /* AttachmentViewModel.swift */,
				D0BEB21224FA2C0A001B0F04 /* EditFilterViewModel.swift */,
				D0BEB20624FA1121001B0F04 /* FiltersViewModel.swift */,
				D0C7D45F24F76169001EBDBB /* IdentitiesViewModel.swift */,
				D0BEB1FC24F9E4E5001B0F04 /* ListsViewModel.swift */,
				D0C7D45D24F76169001EBDBB /* NotificationTypesPreferencesViewModel.swift */,
				D0C7D45A24F76169001EBDBB /* PostingReadingPreferencesViewModel.swift */,
				D0C7D46124F76169001EBDBB /* PreferencesViewModel.swift */,
				D0C7D45E24F76169001EBDBB /* RootViewModel.swift */,
				D0C7D45B24F76169001EBDBB /* SecondaryNavigationViewModel.swift */,
				D0C7D46324F76169001EBDBB /* StatusListViewModel.swift */,
				D0C7D46224F76169001EBDBB /* StatusViewModel.swift */,
				D0C7D45C24F76169001EBDBB /* TabNavigationViewModel.swift */,
			);
			path = "View Models";
			sourceTree = "<group>";
		};
		D0C7D46424F76169001EBDBB /* Databases */ = {
			isa = PBXGroup;
			children = (
				D0C7D46624F76169001EBDBB /* ContentDatabase.swift */,
				D0C7D46724F76169001EBDBB /* DatabaseError.swift */,
				D0C7D46524F76169001EBDBB /* IdentityDatabase.swift */,
			);
			path = Databases;
			sourceTree = "<group>";
		};
		D0C7D46824F76169001EBDBB /* Extensions */ = {
			isa = PBXGroup;
			children = (
				D0C7D47224F76169001EBDBB /* CodingUserInfoKey+Extensions.swift */,
				D0C7D47124F76169001EBDBB /* Data+Extensions.swift */,
				D0C7D47024F76169001EBDBB /* Date+Extensions.swift */,
				D0C7D46E24F76169001EBDBB /* KingfisherOptionsInfo+Extensions.swift */,
				D0C7D46924F76169001EBDBB /* NSError+Extensions.swift */,
				D0C7D46B24F76169001EBDBB /* NSMutableAttributedString+Extensions.swift */,
				D0C7D46D24F76169001EBDBB /* Publisher+Extensions.swift */,
				D0C7D46A24F76169001EBDBB /* String+Extensions.swift */,
				D0C7D46C24F76169001EBDBB /* UIColor+Extensions.swift */,
				D0C7D46F24F76169001EBDBB /* View+Extensions.swift */,
			);
			path = Extensions;
			sourceTree = "<group>";
		};
		D0C7D47324F76169001EBDBB /* Networking */ = {
			isa = PBXGroup;
			children = (
				D0C7D47524F76169001EBDBB /* HTTPClient.swift */,
				D0C7D47424F76169001EBDBB /* HTTPTarget.swift */,
				D0C7D47724F76169001EBDBB /* Mastodon API */,
				D0C7D47624F76169001EBDBB /* WebAuthSession.swift */,
			);
			path = Networking;
			sourceTree = "<group>";
		};
		D0C7D47724F76169001EBDBB /* Mastodon API */ = {
			isa = PBXGroup;
			children = (
				D0C7D47A24F76169001EBDBB /* Endpoints */,
				D0C7D48524F76169001EBDBB /* MastodonAPI.swift */,
				D0C7D48724F76169001EBDBB /* MastodonClient.swift */,
				D0C7D47824F76169001EBDBB /* MastodonDecoder.swift */,
				D0C7D48624F76169001EBDBB /* MastodonEncoder.swift */,
				D0C7D47924F76169001EBDBB /* MastodonEndpoint.swift */,
				D0C7D48824F76169001EBDBB /* MastodonTarget.swift */,
			);
			path = "Mastodon API";
			sourceTree = "<group>";
		};
		D0C7D47A24F76169001EBDBB /* Endpoints */ = {
			isa = PBXGroup;
			children = (
				D0C7D48124F76169001EBDBB /* AccessTokenEndpoint.swift */,
				D0C7D48024F76169001EBDBB /* AccountEndpoint.swift */,
				D0C7D47F24F76169001EBDBB /* AppAuthorizationEndpoint.swift */,
				D0C7D48324F76169001EBDBB /* ContextEndpoint.swift */,
				D0C7D48224F76169001EBDBB /* DeletionEndpoint.swift */,
				D0BEB20C24FA193A001B0F04 /* FilterEndpoint.swift */,
				D0BEB20A24FA12D8001B0F04 /* FiltersEndpoint.swift */,
				D0C7D47D24F76169001EBDBB /* InstanceEndpoint.swift */,
				D0BEB20024FA0220001B0F04 /* ListEndpoint.swift */,
				D0BEB1F824F9D627001B0F04 /* ListsEndpoint.swift */,
				D0BEB1F424F9A216001B0F04 /* Paged.swift */,
				D0C7D47C24F76169001EBDBB /* PreferencesEndpoint.swift */,
				D0C7D47B24F76169001EBDBB /* PushSubscriptionEndpoint.swift */,
				D0C7D48424F76169001EBDBB /* StatusEndpoint.swift */,
				D0C7D47E24F76169001EBDBB /* TimelinesEndpoint.swift */,
			);
			path = Endpoints;
			sourceTree = "<group>";
		};
		D0C7D48924F76169001EBDBB /* Services */ = {
			isa = PBXGroup;
			children = (
				D0C7D49424F7616A001EBDBB /* AllIdentitiesService.swift */,
				D0C7D48F24F7616A001EBDBB /* AuthenticationService.swift */,
				D0C7D48A24F76169001EBDBB /* IdentityService.swift */,
				D0C7D49024F7616A001EBDBB /* KeychainService.swift */,
				D0C7D49224F7616A001EBDBB /* SecretsService.swift */,
				D0C7D48B24F76169001EBDBB /* Status List Services */,
				D0C7D49124F7616A001EBDBB /* StatusService.swift */,
				D0C7D49324F7616A001EBDBB /* UserNotificationService.swift */,
			);
			path = Services;
			sourceTree = "<group>";
		};
		D0C7D48B24F76169001EBDBB /* Status List Services */ = {
			isa = PBXGroup;
			children = (
				D0C7D48D24F76169001EBDBB /* ContextService.swift */,
				D0C7D48E24F7616A001EBDBB /* StatusListService.swift */,
				D0C7D48C24F76169001EBDBB /* TimelineService.swift */,
			);
			path = "Status List Services";
			sourceTree = "<group>";
		};
		D0DC174824CFF13700A75C65 /* Mastodon API Stubs */ = {
			isa = PBXGroup;
			children = (
				D0DC175424D00F0A00A75C65 /* AccessTokenEndpoint+Stubbing.swift */,
				D04FD73824D4A7B4007D572D /* AccountEndpoint+Stubbing.swift */,
				D0DC174924CFF15F00A75C65 /* AppAuthorizationEndpoint+Stubbing.swift */,
				D03658D024EDD80900AC17EC /* ContextEndpoint+Stubbing.swift */,
				D04FD73B24D4A83A007D572D /* InstanceEndpoint+Stubbing.swift */,
				D0DC175124D008E300A75C65 /* MastodonTarget+Stubbing.swift */,
				D0A652AC24DE3EB6002EA33F /* PreferencesEndpoint+Stubbing.swift */,
				D05494F924EA4E5E008B00A5 /* TimelinesEndpoint+Stubbing.swift */,
			);
			path = "Mastodon API Stubs";
			sourceTree = "<group>";
		};
		D0E5361A24E3EB4D00FB1CE1 /* Notification Service Extension */ = {
			isa = PBXGroup;
			children = (
				D0E5361D24E3EB4D00FB1CE1 /* Info.plist */,
				D0E5362824E4A06B00FB1CE1 /* Notification Service Extension.entitlements */,
				D0E5361B24E3EB4D00FB1CE1 /* NotificationService.swift */,
			);
			path = "Notification Service Extension";
			sourceTree = "<group>";
		};
		D0EC8DD024DFE34F00A08489 /* Services */ = {
			isa = PBXGroup;
			children = (
				D0EC8DD324DFE38900A08489 /* AuthenticationServiceTests.swift */,
			);
			path = Services;
			sourceTree = "<group>";
		};
		D0ED1B6C24CE0EED00B4899C /* View Models */ = {
			isa = PBXGroup;
			children = (
				D0ED1B6D24CE100C00B4899C /* AddIdentityViewModelTests.swift */,
				D052BBC624D749C800A80A7A /* RootViewModelTests.swift */,
			);
			path = "View Models";
			sourceTree = "<group>";
		};
		D0ED1BB224CE3A1600B4899C /* Development Assets */ = {
			isa = PBXGroup;
			children = (
				D054950024EA4FFE008B00A5 /* DevelopmentAssets.xcassets */,
				D04FD74124D4AA34007D572D /* DevelopmentModels.swift */,
				D0DC175724D0130800A75C65 /* HTTPStubs.swift */,
				D0DC174824CFF13700A75C65 /* Mastodon API Stubs */,
				D0DC177624D0CF2600A75C65 /* MockKeychainService.swift */,
				D052BBC824D74B6400A80A7A /* MockUserDefaults.swift */,
				D074577624D29006004758DB /* MockWebAuthSession.swift */,
				D0DC174C24CFF1F100A75C65 /* Stubbing.swift */,
				D0DC174524CFEC2000A75C65 /* StubbingURLProtocol.swift */,
				D074577924D29366004758DB /* URLSessionConfiguration+Extensions.swift */,
			);
			path = "Development Assets";
			sourceTree = "<group>";
		};
/* End PBXGroup section */

/* Begin PBXNativeTarget section */
		D047FA8B24C3E21200AF17C5 /* Metatext */ = {
			isa = PBXNativeTarget;
			buildConfigurationList = D047FAB624C3E21200AF17C5 /* Build configuration list for PBXNativeTarget "Metatext" */;
			buildPhases = (
				D047FA8824C3E21200AF17C5 /* Sources */,
				D047FA8924C3E21200AF17C5 /* Frameworks */,
				D047FA8A24C3E21200AF17C5 /* Resources */,
				D0666A2E24C67E6700F3F04B /* ShellScript */,
				D0E5362424E3EB4D00FB1CE1 /* Embed App Extensions */,
			);
			buildRules = (
			);
			dependencies = (
				D0E5361F24E3EB4D00FB1CE1 /* PBXTargetDependency */,
			);
			name = Metatext;
			packageProductDependencies = (
				D0666A4824C6C1A300F3F04B /* GRDB */,
				D0DC175E24D016EA00A75C65 /* Alamofire */,
				D06B492224D4611300642749 /* KingfisherSwiftUI */,
			);
			productName = "Metatext (iOS)";
			productReference = D047FA8C24C3E21200AF17C5 /* Metatext.app */;
			productType = "com.apple.product-type.application";
		};
		D0666A2024C677B400F3F04B /* Tests */ = {
			isa = PBXNativeTarget;
			buildConfigurationList = D0666A2824C677B400F3F04B /* Build configuration list for PBXNativeTarget "Tests" */;
			buildPhases = (
				D0666A1D24C677B400F3F04B /* Sources */,
				D0666A1E24C677B400F3F04B /* Frameworks */,
				D0666A1F24C677B400F3F04B /* Resources */,
			);
			buildRules = (
			);
			dependencies = (
				D0666A2724C677B400F3F04B /* PBXTargetDependency */,
			);
			name = Tests;
			packageProductDependencies = (
				D065F53824D37E5100741304 /* CombineExpectations */,
			);
			productName = "Unit Tests";
			productReference = D0666A2124C677B400F3F04B /* Tests.xctest */;
			productType = "com.apple.product-type.bundle.unit-test";
		};
		D0E5361824E3EB4D00FB1CE1 /* Notification Service Extension */ = {
			isa = PBXNativeTarget;
			buildConfigurationList = D0E5362124E3EB4D00FB1CE1 /* Build configuration list for PBXNativeTarget "Notification Service Extension" */;
			buildPhases = (
				D0E5361524E3EB4D00FB1CE1 /* Sources */,
				D0E5361624E3EB4D00FB1CE1 /* Frameworks */,
				D0E5361724E3EB4D00FB1CE1 /* Resources */,
			);
			buildRules = (
			);
			dependencies = (
			);
			name = "Notification Service Extension";
			packageProductDependencies = (
			);
			productName = "Notification Service Extension";
			productReference = D0E5361924E3EB4D00FB1CE1 /* Notification Service Extension.appex */;
			productType = "com.apple.product-type.app-extension";
		};
/* End PBXNativeTarget section */

/* Begin PBXProject section */
		D047FA8024C3E21000AF17C5 /* Project object */ = {
			isa = PBXProject;
			attributes = {
				LastSwiftUpdateCheck = 1200;
				LastUpgradeCheck = 1200;
				ORGANIZATIONNAME = Metabolist;
				TargetAttributes = {
					D047FA8B24C3E21200AF17C5 = {
						CreatedOnToolsVersion = 12.0;
					};
					D0666A2024C677B400F3F04B = {
						CreatedOnToolsVersion = 12.0;
						LastSwiftMigration = 1200;
						TestTargetID = D047FA8B24C3E21200AF17C5;
					};
					D0E5361824E3EB4D00FB1CE1 = {
						CreatedOnToolsVersion = 12.0;
					};
				};
			};
			buildConfigurationList = D047FA8324C3E21000AF17C5 /* Build configuration list for PBXProject "Metatext" */;
			compatibilityVersion = "Xcode 9.3";
			developmentRegion = en;
			hasScannedForEncodings = 0;
			knownRegions = (
				en,
				Base,
			);
			mainGroup = D047FA7F24C3E21000AF17C5;
			packageReferences = (
				D0666A4724C6C1A300F3F04B /* XCRemoteSwiftPackageReference "GRDB" */,
				D0DC175D24D016EA00A75C65 /* XCRemoteSwiftPackageReference "Alamofire" */,
				D065F53724D37E5100741304 /* XCRemoteSwiftPackageReference "CombineExpectations" */,
				D06B492124D4611300642749 /* XCRemoteSwiftPackageReference "Kingfisher" */,
			);
			productRefGroup = D047FA8D24C3E21200AF17C5 /* Products */;
			projectDirPath = "";
			projectRoot = "";
			targets = (
				D047FA8B24C3E21200AF17C5 /* Metatext */,
				D0666A2024C677B400F3F04B /* Tests */,
				D0E5361824E3EB4D00FB1CE1 /* Notification Service Extension */,
			);
		};
/* End PBXProject section */

/* Begin PBXResourcesBuildPhase section */
		D047FA8A24C3E21200AF17C5 /* Resources */ = {
			isa = PBXResourcesBuildPhase;
			buildActionMask = 2147483647;
			files = (
				D0C7D4C524F7616A001EBDBB /* Localizable.strings in Resources */,
				D01F41D724F880C400D55A2D /* StatusTableViewCell.xib in Resources */,
				D054950124EA4FFE008B00A5 /* DevelopmentAssets.xcassets in Resources */,
				D0C7D4C224F7616A001EBDBB /* Assets.xcassets in Resources */,
				D0C7D4C624F7616A001EBDBB /* Localizable.stringsdict in Resources */,
			);
			runOnlyForDeploymentPostprocessing = 0;
		};
		D0666A1F24C677B400F3F04B /* Resources */ = {
			isa = PBXResourcesBuildPhase;
			buildActionMask = 2147483647;
			files = (
			);
			runOnlyForDeploymentPostprocessing = 0;
		};
		D0E5361724E3EB4D00FB1CE1 /* Resources */ = {
			isa = PBXResourcesBuildPhase;
			buildActionMask = 2147483647;
			files = (
			);
			runOnlyForDeploymentPostprocessing = 0;
		};
/* End PBXResourcesBuildPhase section */

/* Begin PBXShellScriptBuildPhase section */
		D0666A2E24C67E6700F3F04B /* ShellScript */ = {
			isa = PBXShellScriptBuildPhase;
			buildActionMask = 2147483647;
			files = (
			);
			inputFileListPaths = (
			);
			inputPaths = (
			);
			outputFileListPaths = (
			);
			outputPaths = (
			);
			runOnlyForDeploymentPostprocessing = 0;
			shellPath = /bin/sh;
			shellScript = "if which swiftlint >/dev/null; then\n  swiftlint\nelse\n  echo \"warning: SwiftLint not installed, download from https://github.com/realm/SwiftLint\"\nfi\n";
		};
/* End PBXShellScriptBuildPhase section */

/* Begin PBXSourcesBuildPhase section */
		D047FA8824C3E21200AF17C5 /* Sources */ = {
			isa = PBXSourcesBuildPhase;
			buildActionMask = 2147483647;
			files = (
				D0C7D4CA24F7616A001EBDBB /* NotificationTypesPreferencesViewModel.swift in Sources */,
				D0C7D4EE24F7616A001EBDBB /* MastodonEncoder.swift in Sources */,
				D0C7D4E624F7616A001EBDBB /* TimelinesEndpoint.swift in Sources */,
				D0C7D4B924F7616A001EBDBB /* Status.swift in Sources */,
				D0C7D4F424F7616A001EBDBB /* StatusListService.swift in Sources */,
				D0C7D4B824F7616A001EBDBB /* Application.swift in Sources */,
				D0C7D4E724F7616A001EBDBB /* AppAuthorizationEndpoint.swift in Sources */,
				D0C7D4EA24F7616A001EBDBB /* DeletionEndpoint.swift in Sources */,
				D0C7D4B724F7616A001EBDBB /* TransientStatusCollection.swift in Sources */,
				D01F41DF24F8868800D55A2D /* AttachmentViewModel.swift in Sources */,
				D0C7D4E824F7616A001EBDBB /* AccountEndpoint.swift in Sources */,
				D0C7D4A324F7616A001EBDBB /* TabNavigationView.swift in Sources */,
				D0C7D49C24F7616A001EBDBB /* RootView.swift in Sources */,
				D0C7D4D224F7616A001EBDBB /* ContentDatabase.swift in Sources */,
				D0C7D4F724F7616A001EBDBB /* StatusService.swift in Sources */,
				D04FD73924D4A7B4007D572D /* AccountEndpoint+Stubbing.swift in Sources */,
				D0BEB21324FA2C0A001B0F04 /* EditFilterViewModel.swift in Sources */,
				D0C7D4FA24F7616A001EBDBB /* AllIdentitiesService.swift in Sources */,
				D0C7D4CD24F7616A001EBDBB /* AddIdentityViewModel.swift in Sources */,
				D03658D124EDD80900AC17EC /* ContextEndpoint+Stubbing.swift in Sources */,
				D0BEB1F324F8EE8C001B0F04 /* AttachmentView.swift in Sources */,
				D0BEB1F524F9A216001B0F04 /* Paged.swift in Sources */,
				D0DC174A24CFF15F00A75C65 /* AppAuthorizationEndpoint+Stubbing.swift in Sources */,
				D0BEB20D24FA193A001B0F04 /* FilterEndpoint.swift in Sources */,
				D0C7D49A24F7616A001EBDBB /* StatusListView.swift in Sources */,
				D01F41D924F880C400D55A2D /* TouchFallthroughTextView.swift in Sources */,
				D0BEB20924FA1136001B0F04 /* Filter.swift in Sources */,
				D0C7D4A524F7616A001EBDBB /* StatusListViewController.swift in Sources */,
				D0C7D4CC24F7616A001EBDBB /* IdentitiesViewModel.swift in Sources */,
				D0C7D4E024F7616A001EBDBB /* WebAuthSession.swift in Sources */,
				D0C7D4F024F7616A001EBDBB /* MastodonTarget.swift in Sources */,
				D0C7D4A624F7616A001EBDBB /* DecodableDefault.swift in Sources */,
				D0C7D4CB24F7616A001EBDBB /* RootViewModel.swift in Sources */,
				D0C7D4BC24F7616A001EBDBB /* Tag.swift in Sources */,
				D0C7D4E324F7616A001EBDBB /* PushSubscriptionEndpoint.swift in Sources */,
				D0C7D4CE24F7616A001EBDBB /* PreferencesViewModel.swift in Sources */,
				D0C7D4D124F7616A001EBDBB /* IdentityDatabase.swift in Sources */,
				D0C7D4ED24F7616A001EBDBB /* MastodonAPI.swift in Sources */,
				D0C7D4D624F7616A001EBDBB /* NSMutableAttributedString+Extensions.swift in Sources */,
				D05494FA24EA4E5E008B00A5 /* TimelinesEndpoint+Stubbing.swift in Sources */,
				D0A652AD24DE3EB6002EA33F /* PreferencesEndpoint+Stubbing.swift in Sources */,
				D0C7D4A924F7616A001EBDBB /* Mention.swift in Sources */,
				D0DC175524D00F0A00A75C65 /* AccessTokenEndpoint+Stubbing.swift in Sources */,
				D0C7D4B524F7616A001EBDBB /* Instance.swift in Sources */,
				D0C7D4D324F7616A001EBDBB /* DatabaseError.swift in Sources */,
				D0C7D4E224F7616A001EBDBB /* MastodonEndpoint.swift in Sources */,
				D0C7D4F224F7616A001EBDBB /* TimelineService.swift in Sources */,
				D0C7D4BF24F7616A001EBDBB /* AppEnvironment.swift in Sources */,
				D0C7D49D24F7616A001EBDBB /* PostingReadingPreferencesView.swift in Sources */,
				D0C7D4D024F7616A001EBDBB /* StatusListViewModel.swift in Sources */,
				D0C7D4AC24F7616A001EBDBB /* Poll.swift in Sources */,
				D0C7D4BD24F7616A001EBDBB /* Account.swift in Sources */,
				D0C7D4EB24F7616A001EBDBB /* ContextEndpoint.swift in Sources */,
				D0C7D49E24F7616A001EBDBB /* SecondaryNavigationView.swift in Sources */,
				D0C7D4DF24F7616A001EBDBB /* HTTPClient.swift in Sources */,
				D0C7D4D424F7616A001EBDBB /* NSError+Extensions.swift in Sources */,
				D052BBCA24D74C9200A80A7A /* MockUserDefaults.swift in Sources */,
				D0C7D4DB24F7616A001EBDBB /* Date+Extensions.swift in Sources */,
				D0C7D4DA24F7616A001EBDBB /* View+Extensions.swift in Sources */,
				D0C7D4C824F7616A001EBDBB /* SecondaryNavigationViewModel.swift in Sources */,
				D0C7D4EF24F7616A001EBDBB /* MastodonClient.swift in Sources */,
				D0C7D4B224F7616A001EBDBB /* HTML.swift in Sources */,
				D0C7D4B324F7616A001EBDBB /* MastodonError.swift in Sources */,
				D0C7D4E924F7616A001EBDBB /* AccessTokenEndpoint.swift in Sources */,
				D0C7D4D524F7616A001EBDBB /* String+Extensions.swift in Sources */,
				D0BEB20124FA0220001B0F04 /* ListEndpoint.swift in Sources */,
				D0C7D4BA24F7616A001EBDBB /* AppAuthorization.swift in Sources */,
				D0C7D4AB24F7616A001EBDBB /* Identity.swift in Sources */,
				D0C7D4C024F7616A001EBDBB /* AlertItem.swift in Sources */,
				D0C7D4B424F7616A001EBDBB /* MastodonContext.swift in Sources */,
				D0C7D4A224F7616A001EBDBB /* NotificationTypesPreferencesView.swift in Sources */,
				D0C7D4CF24F7616A001EBDBB /* StatusViewModel.swift in Sources */,
				D0C7D4C724F7616A001EBDBB /* PostingReadingPreferencesViewModel.swift in Sources */,
				D0BEB1F724F9A84B001B0F04 /* LoadingTableFooterView.swift in Sources */,
				D0DC175224D008E300A75C65 /* MastodonTarget+Stubbing.swift in Sources */,
				D0C7D4F124F7616A001EBDBB /* IdentityService.swift in Sources */,
				D04FD74224D4AA34007D572D /* DevelopmentModels.swift in Sources */,
				D0C7D4F524F7616A001EBDBB /* AuthenticationService.swift in Sources */,
				D0DC175824D0130800A75C65 /* HTTPStubs.swift in Sources */,
				D0C7D4D924F7616A001EBDBB /* KingfisherOptionsInfo+Extensions.swift in Sources */,
				D0C7D4DC24F7616A001EBDBB /* Data+Extensions.swift in Sources */,
				D0DC177724D0CF2600A75C65 /* MockKeychainService.swift in Sources */,
				D0DC174624CFEC2000A75C65 /* StubbingURLProtocol.swift in Sources */,
				D0BEB1FF24F9E5BB001B0F04 /* ListsView.swift in Sources */,
				D0C7D4F824F7616A001EBDBB /* SecretsService.swift in Sources */,
				D0C7D4DE24F7616A001EBDBB /* HTTPTarget.swift in Sources */,
				D0C7D4F624F7616A001EBDBB /* KeychainService.swift in Sources */,
				D0C7D4C124F7616A001EBDBB /* MastodonPreferences.swift in Sources */,
				D0DC174D24CFF1F100A75C65 /* Stubbing.swift in Sources */,
				D0C7D4E524F7616A001EBDBB /* InstanceEndpoint.swift in Sources */,
				D0C7D49724F7616A001EBDBB /* IdentitiesView.swift in Sources */,
				D074577724D29006004758DB /* MockWebAuthSession.swift in Sources */,
				D0C7D4F924F7616A001EBDBB /* UserNotificationService.swift in Sources */,
				D0C7D49824F7616A001EBDBB /* CustomEmojiText.swift in Sources */,
				D01F41E424F8889700D55A2D /* AttachmentsView.swift in Sources */,
				D0C7D4AA24F7616A001EBDBB /* Attachment.swift in Sources */,
				D0C7D4AF24F7616A001EBDBB /* PushNotification.swift in Sources */,
				D0BEB20724FA1121001B0F04 /* FiltersViewModel.swift in Sources */,
				D0C7D4C924F7616A001EBDBB /* TabNavigationViewModel.swift in Sources */,
				D0BEB21124FA2A91001B0F04 /* EditFilterView.swift in Sources */,
				D0C7D4B624F7616A001EBDBB /* ListTimeline.swift in Sources */,
				D0C7D4E124F7616A001EBDBB /* MastodonDecoder.swift in Sources */,
				D0C7D4B024F7616A001EBDBB /* PushSubscription.swift in Sources */,
				D0BEB20B24FA12D8001B0F04 /* FiltersEndpoint.swift in Sources */,
				D0C7D4C424F7616A001EBDBB /* AppDelegate.swift in Sources */,
				D074577A24D29366004758DB /* URLSessionConfiguration+Extensions.swift in Sources */,
				D0C7D4E424F7616A001EBDBB /* PreferencesEndpoint.swift in Sources */,
				D0C7D49924F7616A001EBDBB /* AddIdentityView.swift in Sources */,
				D0BEB1FD24F9E4E5001B0F04 /* ListsViewModel.swift in Sources */,
				D0C7D4C324F7616A001EBDBB /* MetatextApp.swift in Sources */,
				D0C7D4B124F7616A001EBDBB /* Card.swift in Sources */,
				D0C7D4F324F7616A001EBDBB /* ContextService.swift in Sources */,
				D0C7D4DD24F7616A001EBDBB /* CodingUserInfoKey+Extensions.swift in Sources */,
				D0C7D4D824F7616A001EBDBB /* Publisher+Extensions.swift in Sources */,
				D0BEB20524FA1107001B0F04 /* FiltersView.swift in Sources */,
				D01F41D824F880C400D55A2D /* StatusTableViewCell.swift in Sources */,
				D04FD73C24D4A83A007D572D /* InstanceEndpoint+Stubbing.swift in Sources */,
				D0C7D4BE24F7616A001EBDBB /* Unknowable.swift in Sources */,
				D0C7D4AE24F7616A001EBDBB /* Timeline.swift in Sources */,
				D0C7D49B24F7616A001EBDBB /* PreferencesView.swift in Sources */,
				D0C7D4EC24F7616A001EBDBB /* StatusEndpoint.swift in Sources */,
				D0C7D4D724F7616A001EBDBB /* UIColor+Extensions.swift in Sources */,
				D0C7D4BB24F7616A001EBDBB /* Emoji.swift in Sources */,
				D0BEB1F924F9D627001B0F04 /* ListsEndpoint.swift in Sources */,
				D0C7D4AD24F7616A001EBDBB /* AccessToken.swift in Sources */,
			);
			runOnlyForDeploymentPostprocessing = 0;
		};
		D0666A1D24C677B400F3F04B /* Sources */ = {
			isa = PBXSourcesBuildPhase;
			buildActionMask = 2147483647;
			files = (
				D0EC8DD424DFE38900A08489 /* AuthenticationServiceTests.swift in Sources */,
				D0ED1B6E24CE100C00B4899C /* AddIdentityViewModelTests.swift in Sources */,
				D052BBC724D749C800A80A7A /* RootViewModelTests.swift in Sources */,
			);
			runOnlyForDeploymentPostprocessing = 0;
		};
		D0E5361524E3EB4D00FB1CE1 /* Sources */ = {
			isa = PBXSourcesBuildPhase;
			buildActionMask = 2147483647;
			files = (
				D0C7D4FC24F761A8001EBDBB /* Unknowable.swift in Sources */,
				D0C7D4FB24F7619F001EBDBB /* PushNotification.swift in Sources */,
				D0C7D4FE24F761C9001EBDBB /* SecretsService.swift in Sources */,
				D0C7D50124F761EC001EBDBB /* MastodonAPI.swift in Sources */,
				D0E5361C24E3EB4D00FB1CE1 /* NotificationService.swift in Sources */,
				D0C7D4FD24F761C1001EBDBB /* MastodonDecoder.swift in Sources */,
				D0C7D50024F761E0001EBDBB /* NSError+Extensions.swift in Sources */,
				D0C7D4FF24F761D0001EBDBB /* KeychainService.swift in Sources */,
			);
			runOnlyForDeploymentPostprocessing = 0;
		};
/* End PBXSourcesBuildPhase section */

/* Begin PBXTargetDependency section */
		D0666A2724C677B400F3F04B /* PBXTargetDependency */ = {
			isa = PBXTargetDependency;
			target = D047FA8B24C3E21200AF17C5 /* Metatext */;
			targetProxy = D0666A2624C677B400F3F04B /* PBXContainerItemProxy */;
		};
		D0E5361F24E3EB4D00FB1CE1 /* PBXTargetDependency */ = {
			isa = PBXTargetDependency;
			target = D0E5361824E3EB4D00FB1CE1 /* Notification Service Extension */;
			targetProxy = D0E5361E24E3EB4D00FB1CE1 /* PBXContainerItemProxy */;
		};
/* End PBXTargetDependency section */

/* Begin XCBuildConfiguration section */
		D047FAB424C3E21200AF17C5 /* Debug */ = {
			isa = XCBuildConfiguration;
			buildSettings = {
				ALWAYS_SEARCH_USER_PATHS = NO;
				CLANG_ANALYZER_NONNULL = YES;
				CLANG_ANALYZER_NUMBER_OBJECT_CONVERSION = YES_AGGRESSIVE;
				CLANG_CXX_LANGUAGE_STANDARD = "gnu++14";
				CLANG_CXX_LIBRARY = "libc++";
				CLANG_ENABLE_MODULES = YES;
				CLANG_ENABLE_OBJC_ARC = YES;
				CLANG_ENABLE_OBJC_WEAK = YES;
				CLANG_WARN_BLOCK_CAPTURE_AUTORELEASING = YES;
				CLANG_WARN_BOOL_CONVERSION = YES;
				CLANG_WARN_COMMA = YES;
				CLANG_WARN_CONSTANT_CONVERSION = YES;
				CLANG_WARN_DEPRECATED_OBJC_IMPLEMENTATIONS = YES;
				CLANG_WARN_DIRECT_OBJC_ISA_USAGE = YES_ERROR;
				CLANG_WARN_DOCUMENTATION_COMMENTS = YES;
				CLANG_WARN_EMPTY_BODY = YES;
				CLANG_WARN_ENUM_CONVERSION = YES;
				CLANG_WARN_INFINITE_RECURSION = YES;
				CLANG_WARN_INT_CONVERSION = YES;
				CLANG_WARN_NON_LITERAL_NULL_CONVERSION = YES;
				CLANG_WARN_OBJC_IMPLICIT_RETAIN_SELF = YES;
				CLANG_WARN_OBJC_LITERAL_CONVERSION = YES;
				CLANG_WARN_OBJC_ROOT_CLASS = YES_ERROR;
				CLANG_WARN_QUOTED_INCLUDE_IN_FRAMEWORK_HEADER = YES;
				CLANG_WARN_RANGE_LOOP_ANALYSIS = YES;
				CLANG_WARN_STRICT_PROTOTYPES = YES;
				CLANG_WARN_SUSPICIOUS_MOVE = YES;
				CLANG_WARN_UNGUARDED_AVAILABILITY = YES_AGGRESSIVE;
				CLANG_WARN_UNREACHABLE_CODE = YES;
				CLANG_WARN__DUPLICATE_METHOD_MATCH = YES;
				COPY_PHASE_STRIP = NO;
				DEBUG_INFORMATION_FORMAT = dwarf;
				ENABLE_STRICT_OBJC_MSGSEND = YES;
				ENABLE_TESTABILITY = YES;
				GCC_C_LANGUAGE_STANDARD = gnu11;
				GCC_DYNAMIC_NO_PIC = NO;
				GCC_NO_COMMON_BLOCKS = YES;
				GCC_OPTIMIZATION_LEVEL = 0;
				GCC_PREPROCESSOR_DEFINITIONS = (
					"DEBUG=1",
					"$(inherited)",
				);
				GCC_WARN_64_TO_32_BIT_CONVERSION = YES;
				GCC_WARN_ABOUT_RETURN_TYPE = YES_ERROR;
				GCC_WARN_UNDECLARED_SELECTOR = YES;
				GCC_WARN_UNINITIALIZED_AUTOS = YES_AGGRESSIVE;
				GCC_WARN_UNUSED_FUNCTION = YES;
				GCC_WARN_UNUSED_VARIABLE = YES;
				MTL_ENABLE_DEBUG_INFO = INCLUDE_SOURCE;
				MTL_FAST_MATH = YES;
				ONLY_ACTIVE_ARCH = YES;
				SWIFT_ACTIVE_COMPILATION_CONDITIONS = DEBUG;
				SWIFT_OPTIMIZATION_LEVEL = "-Onone";
			};
			name = Debug;
		};
		D047FAB524C3E21200AF17C5 /* Release */ = {
			isa = XCBuildConfiguration;
			buildSettings = {
				ALWAYS_SEARCH_USER_PATHS = NO;
				CLANG_ANALYZER_NONNULL = YES;
				CLANG_ANALYZER_NUMBER_OBJECT_CONVERSION = YES_AGGRESSIVE;
				CLANG_CXX_LANGUAGE_STANDARD = "gnu++14";
				CLANG_CXX_LIBRARY = "libc++";
				CLANG_ENABLE_MODULES = YES;
				CLANG_ENABLE_OBJC_ARC = YES;
				CLANG_ENABLE_OBJC_WEAK = YES;
				CLANG_WARN_BLOCK_CAPTURE_AUTORELEASING = YES;
				CLANG_WARN_BOOL_CONVERSION = YES;
				CLANG_WARN_COMMA = YES;
				CLANG_WARN_CONSTANT_CONVERSION = YES;
				CLANG_WARN_DEPRECATED_OBJC_IMPLEMENTATIONS = YES;
				CLANG_WARN_DIRECT_OBJC_ISA_USAGE = YES_ERROR;
				CLANG_WARN_DOCUMENTATION_COMMENTS = YES;
				CLANG_WARN_EMPTY_BODY = YES;
				CLANG_WARN_ENUM_CONVERSION = YES;
				CLANG_WARN_INFINITE_RECURSION = YES;
				CLANG_WARN_INT_CONVERSION = YES;
				CLANG_WARN_NON_LITERAL_NULL_CONVERSION = YES;
				CLANG_WARN_OBJC_IMPLICIT_RETAIN_SELF = YES;
				CLANG_WARN_OBJC_LITERAL_CONVERSION = YES;
				CLANG_WARN_OBJC_ROOT_CLASS = YES_ERROR;
				CLANG_WARN_QUOTED_INCLUDE_IN_FRAMEWORK_HEADER = YES;
				CLANG_WARN_RANGE_LOOP_ANALYSIS = YES;
				CLANG_WARN_STRICT_PROTOTYPES = YES;
				CLANG_WARN_SUSPICIOUS_MOVE = YES;
				CLANG_WARN_UNGUARDED_AVAILABILITY = YES_AGGRESSIVE;
				CLANG_WARN_UNREACHABLE_CODE = YES;
				CLANG_WARN__DUPLICATE_METHOD_MATCH = YES;
				COPY_PHASE_STRIP = NO;
				DEBUG_INFORMATION_FORMAT = "dwarf-with-dsym";
				ENABLE_NS_ASSERTIONS = NO;
				ENABLE_STRICT_OBJC_MSGSEND = YES;
				GCC_C_LANGUAGE_STANDARD = gnu11;
				GCC_NO_COMMON_BLOCKS = YES;
				GCC_WARN_64_TO_32_BIT_CONVERSION = YES;
				GCC_WARN_ABOUT_RETURN_TYPE = YES_ERROR;
				GCC_WARN_UNDECLARED_SELECTOR = YES;
				GCC_WARN_UNINITIALIZED_AUTOS = YES_AGGRESSIVE;
				GCC_WARN_UNUSED_FUNCTION = YES;
				GCC_WARN_UNUSED_VARIABLE = YES;
				MTL_ENABLE_DEBUG_INFO = NO;
				MTL_FAST_MATH = YES;
				SWIFT_COMPILATION_MODE = wholemodule;
				SWIFT_OPTIMIZATION_LEVEL = "-O";
			};
			name = Release;
		};
		D047FAB724C3E21200AF17C5 /* Debug */ = {
			isa = XCBuildConfiguration;
			buildSettings = {
				ALWAYS_EMBED_SWIFT_STANDARD_LIBRARIES = YES;
				ASSETCATALOG_COMPILER_APPICON_NAME = AppIcon;
				ASSETCATALOG_COMPILER_GLOBAL_ACCENT_COLOR_NAME = AccentColor;
				CODE_SIGN_ENTITLEMENTS = "Supporting Files/Metatext.entitlements";
				CODE_SIGN_STYLE = Automatic;
				DEVELOPMENT_ASSET_PATHS = "Development\\ Assets Development\\ Assets/Mastodon\\ API\\ Stubs";
				DEVELOPMENT_TEAM = 82HL67AXQ2;
				ENABLE_PREVIEWS = YES;
				INFOPLIST_FILE = "Supporting Files/Info.plist";
				IPHONEOS_DEPLOYMENT_TARGET = 14.0;
				LD_RUNPATH_SEARCH_PATHS = (
					"$(inherited)",
					"@executable_path/Frameworks",
				);
				PRODUCT_BUNDLE_IDENTIFIER = com.metabolist.metatext;
				PRODUCT_NAME = Metatext;
				SDKROOT = iphoneos;
				SUPPORTS_MACCATALYST = YES;
				SWIFT_VERSION = 5.0;
				TARGETED_DEVICE_FAMILY = "1,2";
			};
			name = Debug;
		};
		D047FAB824C3E21200AF17C5 /* Release */ = {
			isa = XCBuildConfiguration;
			buildSettings = {
				ALWAYS_EMBED_SWIFT_STANDARD_LIBRARIES = YES;
				ASSETCATALOG_COMPILER_APPICON_NAME = AppIcon;
				ASSETCATALOG_COMPILER_GLOBAL_ACCENT_COLOR_NAME = AccentColor;
				CODE_SIGN_ENTITLEMENTS = "Supporting Files/Metatext.entitlements";
				CODE_SIGN_STYLE = Automatic;
				DEVELOPMENT_ASSET_PATHS = "Development\\ Assets Development\\ Assets/Mastodon\\ API\\ Stubs";
				DEVELOPMENT_TEAM = 82HL67AXQ2;
				ENABLE_PREVIEWS = YES;
				INFOPLIST_FILE = "Supporting Files/Info.plist";
				IPHONEOS_DEPLOYMENT_TARGET = 14.0;
				LD_RUNPATH_SEARCH_PATHS = (
					"$(inherited)",
					"@executable_path/Frameworks",
				);
				PRODUCT_BUNDLE_IDENTIFIER = com.metabolist.metatext;
				PRODUCT_NAME = Metatext;
				SDKROOT = iphoneos;
				SUPPORTS_MACCATALYST = YES;
				SWIFT_VERSION = 5.0;
				TARGETED_DEVICE_FAMILY = "1,2";
				VALIDATE_PRODUCT = YES;
			};
			name = Release;
		};
		D0666A2924C677B400F3F04B /* Debug */ = {
			isa = XCBuildConfiguration;
			buildSettings = {
				BUNDLE_LOADER = "$(TEST_HOST)";
				CLANG_ENABLE_MODULES = YES;
				CODE_SIGN_STYLE = Automatic;
				DEVELOPMENT_TEAM = 82HL67AXQ2;
				INFOPLIST_FILE = Tests/Info.plist;
				IPHONEOS_DEPLOYMENT_TARGET = 14.0;
				LD_RUNPATH_SEARCH_PATHS = (
					"$(inherited)",
					"@executable_path/Frameworks",
					"@loader_path/Frameworks",
				);
				PRODUCT_BUNDLE_IDENTIFIER = "com.metabolist.Unit-Tests";
				PRODUCT_NAME = "$(TARGET_NAME)";
				SDKROOT = iphoneos;
				SWIFT_OPTIMIZATION_LEVEL = "-Onone";
				SWIFT_VERSION = 5.0;
				TARGETED_DEVICE_FAMILY = "1,2";
				TEST_HOST = "$(BUILT_PRODUCTS_DIR)/Metatext.app/Metatext";
			};
			name = Debug;
		};
		D0666A2A24C677B400F3F04B /* Release */ = {
			isa = XCBuildConfiguration;
			buildSettings = {
				BUNDLE_LOADER = "$(TEST_HOST)";
				CLANG_ENABLE_MODULES = YES;
				CODE_SIGN_STYLE = Automatic;
				DEVELOPMENT_TEAM = 82HL67AXQ2;
				INFOPLIST_FILE = Tests/Info.plist;
				IPHONEOS_DEPLOYMENT_TARGET = 14.0;
				LD_RUNPATH_SEARCH_PATHS = (
					"$(inherited)",
					"@executable_path/Frameworks",
					"@loader_path/Frameworks",
				);
				PRODUCT_BUNDLE_IDENTIFIER = "com.metabolist.Unit-Tests";
				PRODUCT_NAME = "$(TARGET_NAME)";
				SDKROOT = iphoneos;
				SWIFT_VERSION = 5.0;
				TARGETED_DEVICE_FAMILY = "1,2";
				TEST_HOST = "$(BUILT_PRODUCTS_DIR)/Metatext.app/Metatext";
				VALIDATE_PRODUCT = YES;
			};
			name = Release;
		};
		D0E5362224E3EB4D00FB1CE1 /* Debug */ = {
			isa = XCBuildConfiguration;
			buildSettings = {
				CODE_SIGN_ENTITLEMENTS = "Notification Service Extension/Notification Service Extension.entitlements";
				CODE_SIGN_STYLE = Automatic;
				DEVELOPMENT_TEAM = 82HL67AXQ2;
				INFOPLIST_FILE = "Notification Service Extension/Info.plist";
				IPHONEOS_DEPLOYMENT_TARGET = 14.0;
				LD_RUNPATH_SEARCH_PATHS = (
					"$(inherited)",
					"@executable_path/Frameworks",
					"@executable_path/../../Frameworks",
				);
				PRODUCT_BUNDLE_IDENTIFIER = "com.metabolist.metatext.notification-service-extension";
				PRODUCT_NAME = "$(TARGET_NAME)";
				SDKROOT = iphoneos;
				SKIP_INSTALL = YES;
				SUPPORTS_MACCATALYST = YES;
				SWIFT_VERSION = 5.0;
				TARGETED_DEVICE_FAMILY = "1,2";
			};
			name = Debug;
		};
		D0E5362324E3EB4D00FB1CE1 /* Release */ = {
			isa = XCBuildConfiguration;
			buildSettings = {
				CODE_SIGN_ENTITLEMENTS = "Notification Service Extension/Notification Service Extension.entitlements";
				CODE_SIGN_STYLE = Automatic;
				DEVELOPMENT_TEAM = 82HL67AXQ2;
				INFOPLIST_FILE = "Notification Service Extension/Info.plist";
				IPHONEOS_DEPLOYMENT_TARGET = 14.0;
				LD_RUNPATH_SEARCH_PATHS = (
					"$(inherited)",
					"@executable_path/Frameworks",
					"@executable_path/../../Frameworks",
				);
				PRODUCT_BUNDLE_IDENTIFIER = "com.metabolist.metatext.notification-service-extension";
				PRODUCT_NAME = "$(TARGET_NAME)";
				SDKROOT = iphoneos;
				SKIP_INSTALL = YES;
				SUPPORTS_MACCATALYST = YES;
				SWIFT_VERSION = 5.0;
				TARGETED_DEVICE_FAMILY = "1,2";
				VALIDATE_PRODUCT = YES;
			};
			name = Release;
		};
/* End XCBuildConfiguration section */

/* Begin XCConfigurationList section */
		D047FA8324C3E21000AF17C5 /* Build configuration list for PBXProject "Metatext" */ = {
			isa = XCConfigurationList;
			buildConfigurations = (
				D047FAB424C3E21200AF17C5 /* Debug */,
				D047FAB524C3E21200AF17C5 /* Release */,
			);
			defaultConfigurationIsVisible = 0;
			defaultConfigurationName = Release;
		};
		D047FAB624C3E21200AF17C5 /* Build configuration list for PBXNativeTarget "Metatext" */ = {
			isa = XCConfigurationList;
			buildConfigurations = (
				D047FAB724C3E21200AF17C5 /* Debug */,
				D047FAB824C3E21200AF17C5 /* Release */,
			);
			defaultConfigurationIsVisible = 0;
			defaultConfigurationName = Release;
		};
		D0666A2824C677B400F3F04B /* Build configuration list for PBXNativeTarget "Tests" */ = {
			isa = XCConfigurationList;
			buildConfigurations = (
				D0666A2924C677B400F3F04B /* Debug */,
				D0666A2A24C677B400F3F04B /* Release */,
			);
			defaultConfigurationIsVisible = 0;
			defaultConfigurationName = Release;
		};
		D0E5362124E3EB4D00FB1CE1 /* Build configuration list for PBXNativeTarget "Notification Service Extension" */ = {
			isa = XCConfigurationList;
			buildConfigurations = (
				D0E5362224E3EB4D00FB1CE1 /* Debug */,
				D0E5362324E3EB4D00FB1CE1 /* Release */,
			);
			defaultConfigurationIsVisible = 0;
			defaultConfigurationName = Release;
		};
/* End XCConfigurationList section */

/* Begin XCRemoteSwiftPackageReference section */
		D065F53724D37E5100741304 /* XCRemoteSwiftPackageReference "CombineExpectations" */ = {
			isa = XCRemoteSwiftPackageReference;
			repositoryURL = "https://github.com/groue/CombineExpectations";
			requirement = {
				kind = upToNextMajorVersion;
				minimumVersion = 0.5.0;
			};
		};
		D0666A4724C6C1A300F3F04B /* XCRemoteSwiftPackageReference "GRDB" */ = {
			isa = XCRemoteSwiftPackageReference;
			repositoryURL = "https://github.com/groue/GRDB.swift";
			requirement = {
				kind = upToNextMajorVersion;
				minimumVersion = "5.0.0-beta.10";
			};
		};
		D06B492124D4611300642749 /* XCRemoteSwiftPackageReference "Kingfisher" */ = {
			isa = XCRemoteSwiftPackageReference;
			repositoryURL = "https://github.com/onevcat/Kingfisher";
			requirement = {
				kind = upToNextMajorVersion;
				minimumVersion = 5.15.0;
			};
		};
		D0DC175D24D016EA00A75C65 /* XCRemoteSwiftPackageReference "Alamofire" */ = {
			isa = XCRemoteSwiftPackageReference;
			repositoryURL = "https://github.com/Alamofire/Alamofire";
			requirement = {
				kind = upToNextMajorVersion;
				minimumVersion = 5.2.2;
			};
		};
/* End XCRemoteSwiftPackageReference section */

/* Begin XCSwiftPackageProductDependency section */
		D065F53824D37E5100741304 /* CombineExpectations */ = {
			isa = XCSwiftPackageProductDependency;
			package = D065F53724D37E5100741304 /* XCRemoteSwiftPackageReference "CombineExpectations" */;
			productName = CombineExpectations;
		};
		D0666A4824C6C1A300F3F04B /* GRDB */ = {
			isa = XCSwiftPackageProductDependency;
			package = D0666A4724C6C1A300F3F04B /* XCRemoteSwiftPackageReference "GRDB" */;
			productName = GRDB;
		};
		D06B492224D4611300642749 /* KingfisherSwiftUI */ = {
			isa = XCSwiftPackageProductDependency;
			package = D06B492124D4611300642749 /* XCRemoteSwiftPackageReference "Kingfisher" */;
			productName = KingfisherSwiftUI;
		};
		D0DC175E24D016EA00A75C65 /* Alamofire */ = {
			isa = XCSwiftPackageProductDependency;
			package = D0DC175D24D016EA00A75C65 /* XCRemoteSwiftPackageReference "Alamofire" */;
			productName = Alamofire;
		};
/* End XCSwiftPackageProductDependency section */
	};
	rootObject = D047FA8024C3E21000AF17C5 /* Project object */;
}
