// !$*UTF8*$!
{
	archiveVersion = 1;
	classes = {
	};
	objectVersion = 52;
	objects = {

/* Begin PBXBuildFile section */
		D0030982250C6C8500EACB32 /* URL+Extensions.swift in Sources */ = {isa = PBXBuildFile; fileRef = D0030981250C6C8500EACB32 /* URL+Extensions.swift */; };
		D01EF22425182B1F00650C6B /* AccountHeaderView.swift in Sources */ = {isa = PBXBuildFile; fileRef = D01EF22325182B1F00650C6B /* AccountHeaderView.swift */; };
		D01F41D924F880C400D55A2D /* TouchFallthroughTextView.swift in Sources */ = {isa = PBXBuildFile; fileRef = D01F41D624F880C400D55A2D /* TouchFallthroughTextView.swift */; };
		D01F41E424F8889700D55A2D /* AttachmentsView.swift in Sources */ = {isa = PBXBuildFile; fileRef = D01F41E224F8889700D55A2D /* AttachmentsView.swift */; };
		D02E1F95250B13210071AD56 /* SafariView.swift in Sources */ = {isa = PBXBuildFile; fileRef = D02E1F94250B13210071AD56 /* SafariView.swift */; };
		D0625E59250F092900502611 /* StatusListCell.swift in Sources */ = {isa = PBXBuildFile; fileRef = D0625E58250F092900502611 /* StatusListCell.swift */; };
		D0625E5D250F0B5C00502611 /* StatusContentConfiguration.swift in Sources */ = {isa = PBXBuildFile; fileRef = D0625E5C250F0B5C00502611 /* StatusContentConfiguration.swift */; };
		D0625E5F250F0CFF00502611 /* StatusView.swift in Sources */ = {isa = PBXBuildFile; fileRef = D0625E5E250F0CFF00502611 /* StatusView.swift */; };
		D06B492324D4611300642749 /* KingfisherSwiftUI in Frameworks */ = {isa = PBXBuildFile; productRef = D06B492224D4611300642749 /* KingfisherSwiftUI */; };
		D0B32F50250B373600311912 /* RegistrationView.swift in Sources */ = {isa = PBXBuildFile; fileRef = D0B32F4F250B373600311912 /* RegistrationView.swift */; };
		D0B5FE9B251583DB00478838 /* AccountStatusCollection+Extensions.swift in Sources */ = {isa = PBXBuildFile; fileRef = D0B5FE9A251583DB00478838 /* AccountStatusCollection+Extensions.swift */; };
		D0B7434925100DBB00C13DB6 /* StatusView.xib in Resources */ = {isa = PBXBuildFile; fileRef = D0B7434825100DBB00C13DB6 /* StatusView.xib */; };
		D0BEB1F324F8EE8C001B0F04 /* AttachmentView.swift in Sources */ = {isa = PBXBuildFile; fileRef = D0BEB1F224F8EE8C001B0F04 /* AttachmentView.swift */; };
		D0BEB1F724F9A84B001B0F04 /* LoadingTableFooterView.swift in Sources */ = {isa = PBXBuildFile; fileRef = D0BEB1F624F9A84B001B0F04 /* LoadingTableFooterView.swift */; };
		D0BEB1FF24F9E5BB001B0F04 /* ListsView.swift in Sources */ = {isa = PBXBuildFile; fileRef = D0BEB1FE24F9E5BB001B0F04 /* ListsView.swift */; };
		D0BEB20524FA1107001B0F04 /* FiltersView.swift in Sources */ = {isa = PBXBuildFile; fileRef = D0BEB20424FA1107001B0F04 /* FiltersView.swift */; };
		D0BEB21124FA2A91001B0F04 /* EditFilterView.swift in Sources */ = {isa = PBXBuildFile; fileRef = D0BEB21024FA2A90001B0F04 /* EditFilterView.swift */; };
		D0BECB982501C0FC002C1B13 /* Secrets in Frameworks */ = {isa = PBXBuildFile; productRef = D0BECB972501C0FC002C1B13 /* Secrets */; };
		D0BECB9A2501C15F002C1B13 /* Mastodon in Frameworks */ = {isa = PBXBuildFile; productRef = D0BECB992501C15F002C1B13 /* Mastodon */; };
		D0BECB9F2501D9AD002C1B13 /* PreviewViewModels in Frameworks */ = {isa = PBXBuildFile; productRef = D0BECB9E2501D9AD002C1B13 /* PreviewViewModels */; };
		D0C7D49724F7616A001EBDBB /* IdentitiesView.swift in Sources */ = {isa = PBXBuildFile; fileRef = D0C7D42224F76169001EBDBB /* IdentitiesView.swift */; };
		D0C7D49824F7616A001EBDBB /* CustomEmojiText.swift in Sources */ = {isa = PBXBuildFile; fileRef = D0C7D42324F76169001EBDBB /* CustomEmojiText.swift */; };
		D0C7D49924F7616A001EBDBB /* AddIdentityView.swift in Sources */ = {isa = PBXBuildFile; fileRef = D0C7D42424F76169001EBDBB /* AddIdentityView.swift */; };
		D0C7D49A24F7616A001EBDBB /* StatusListView.swift in Sources */ = {isa = PBXBuildFile; fileRef = D0C7D42524F76169001EBDBB /* StatusListView.swift */; };
		D0C7D49B24F7616A001EBDBB /* PreferencesView.swift in Sources */ = {isa = PBXBuildFile; fileRef = D0C7D42624F76169001EBDBB /* PreferencesView.swift */; };
		D0C7D49C24F7616A001EBDBB /* RootView.swift in Sources */ = {isa = PBXBuildFile; fileRef = D0C7D42724F76169001EBDBB /* RootView.swift */; };
		D0C7D49D24F7616A001EBDBB /* PostingReadingPreferencesView.swift in Sources */ = {isa = PBXBuildFile; fileRef = D0C7D42824F76169001EBDBB /* PostingReadingPreferencesView.swift */; };
		D0C7D49E24F7616A001EBDBB /* SecondaryNavigationView.swift in Sources */ = {isa = PBXBuildFile; fileRef = D0C7D42924F76169001EBDBB /* SecondaryNavigationView.swift */; };
		D0C7D4A224F7616A001EBDBB /* NotificationTypesPreferencesView.swift in Sources */ = {isa = PBXBuildFile; fileRef = D0C7D42D24F76169001EBDBB /* NotificationTypesPreferencesView.swift */; };
		D0C7D4A324F7616A001EBDBB /* TabNavigationView.swift in Sources */ = {isa = PBXBuildFile; fileRef = D0C7D42E24F76169001EBDBB /* TabNavigationView.swift */; };
		D0C7D4A524F7616A001EBDBB /* StatusListViewController.swift in Sources */ = {isa = PBXBuildFile; fileRef = D0C7D43124F76169001EBDBB /* StatusListViewController.swift */; };
		D0C7D4C224F7616A001EBDBB /* Assets.xcassets in Resources */ = {isa = PBXBuildFile; fileRef = D0C7D45224F76169001EBDBB /* Assets.xcassets */; };
		D0C7D4C324F7616A001EBDBB /* MetatextApp.swift in Sources */ = {isa = PBXBuildFile; fileRef = D0C7D45424F76169001EBDBB /* MetatextApp.swift */; };
		D0C7D4C424F7616A001EBDBB /* AppDelegate.swift in Sources */ = {isa = PBXBuildFile; fileRef = D0C7D45524F76169001EBDBB /* AppDelegate.swift */; };
		D0C7D4C524F7616A001EBDBB /* Localizable.strings in Resources */ = {isa = PBXBuildFile; fileRef = D0C7D45724F76169001EBDBB /* Localizable.strings */; };
		D0C7D4C624F7616A001EBDBB /* Localizable.stringsdict in Resources */ = {isa = PBXBuildFile; fileRef = D0C7D45824F76169001EBDBB /* Localizable.stringsdict */; };
		D0C7D4D524F7616A001EBDBB /* String+Extensions.swift in Sources */ = {isa = PBXBuildFile; fileRef = D0C7D46A24F76169001EBDBB /* String+Extensions.swift */; };
		D0C7D4D624F7616A001EBDBB /* NSMutableAttributedString+Extensions.swift in Sources */ = {isa = PBXBuildFile; fileRef = D0C7D46B24F76169001EBDBB /* NSMutableAttributedString+Extensions.swift */; };
		D0C7D4D724F7616A001EBDBB /* UIColor+Extensions.swift in Sources */ = {isa = PBXBuildFile; fileRef = D0C7D46C24F76169001EBDBB /* UIColor+Extensions.swift */; };
		D0C7D4D924F7616A001EBDBB /* KingfisherOptionsInfo+Extensions.swift in Sources */ = {isa = PBXBuildFile; fileRef = D0C7D46E24F76169001EBDBB /* KingfisherOptionsInfo+Extensions.swift */; };
		D0C7D4DA24F7616A001EBDBB /* View+Extensions.swift in Sources */ = {isa = PBXBuildFile; fileRef = D0C7D46F24F76169001EBDBB /* View+Extensions.swift */; };
		D0E2C1D124FD97F000854680 /* ViewModels in Frameworks */ = {isa = PBXBuildFile; productRef = D0E2C1D024FD97F000854680 /* ViewModels */; };
		D0E5361C24E3EB4D00FB1CE1 /* NotificationService.swift in Sources */ = {isa = PBXBuildFile; fileRef = D0E5361B24E3EB4D00FB1CE1 /* NotificationService.swift */; };
		D0E5362024E3EB4D00FB1CE1 /* Notification Service Extension.appex in Embed App Extensions */ = {isa = PBXBuildFile; fileRef = D0E5361924E3EB4D00FB1CE1 /* Notification Service Extension.appex */; settings = {ATTRIBUTES = (RemoveHeadersOnCopy, ); }; };
/* End PBXBuildFile section */

/* Begin PBXContainerItemProxy section */
		D0666A2624C677B400F3F04B /* PBXContainerItemProxy */ = {
			isa = PBXContainerItemProxy;
			containerPortal = D047FA8024C3E21000AF17C5 /* Project object */;
			proxyType = 1;
			remoteGlobalIDString = D047FA8B24C3E21200AF17C5;
			remoteInfo = "Metatext (iOS)";
		};
		D0E5361E24E3EB4D00FB1CE1 /* PBXContainerItemProxy */ = {
			isa = PBXContainerItemProxy;
			containerPortal = D047FA8024C3E21000AF17C5 /* Project object */;
			proxyType = 1;
			remoteGlobalIDString = D0E5361824E3EB4D00FB1CE1;
			remoteInfo = "Notification Service Extension";
		};
/* End PBXContainerItemProxy section */

/* Begin PBXCopyFilesBuildPhase section */
		D0E5362424E3EB4D00FB1CE1 /* Embed App Extensions */ = {
			isa = PBXCopyFilesBuildPhase;
			buildActionMask = 2147483647;
			dstPath = "";
			dstSubfolderSpec = 13;
			files = (
				D0E5362024E3EB4D00FB1CE1 /* Notification Service Extension.appex in Embed App Extensions */,
			);
			name = "Embed App Extensions";
			runOnlyForDeploymentPostprocessing = 0;
		};
/* End PBXCopyFilesBuildPhase section */

/* Begin PBXFileReference section */
		D0030981250C6C8500EACB32 /* URL+Extensions.swift */ = {isa = PBXFileReference; lastKnownFileType = sourcecode.swift; path = "URL+Extensions.swift"; sourceTree = "<group>"; };
		D01EF22325182B1F00650C6B /* AccountHeaderView.swift */ = {isa = PBXFileReference; lastKnownFileType = sourcecode.swift; path = AccountHeaderView.swift; sourceTree = "<group>"; };
		D01F41D624F880C400D55A2D /* TouchFallthroughTextView.swift */ = {isa = PBXFileReference; fileEncoding = 4; lastKnownFileType = sourcecode.swift; path = TouchFallthroughTextView.swift; sourceTree = "<group>"; };
		D01F41E224F8889700D55A2D /* AttachmentsView.swift */ = {isa = PBXFileReference; fileEncoding = 4; lastKnownFileType = sourcecode.swift; path = AttachmentsView.swift; sourceTree = "<group>"; };
		D02E1F94250B13210071AD56 /* SafariView.swift */ = {isa = PBXFileReference; lastKnownFileType = sourcecode.swift; path = SafariView.swift; sourceTree = "<group>"; };
		D047FA8C24C3E21200AF17C5 /* Metatext.app */ = {isa = PBXFileReference; explicitFileType = wrapper.application; includeInIndex = 0; path = Metatext.app; sourceTree = BUILT_PRODUCTS_DIR; };
		D0625E58250F092900502611 /* StatusListCell.swift */ = {isa = PBXFileReference; lastKnownFileType = sourcecode.swift; path = StatusListCell.swift; sourceTree = "<group>"; };
		D0625E5C250F0B5C00502611 /* StatusContentConfiguration.swift */ = {isa = PBXFileReference; lastKnownFileType = sourcecode.swift; path = StatusContentConfiguration.swift; sourceTree = "<group>"; };
		D0625E5E250F0CFF00502611 /* StatusView.swift */ = {isa = PBXFileReference; lastKnownFileType = sourcecode.swift; path = StatusView.swift; sourceTree = "<group>"; };
		D0666A2124C677B400F3F04B /* Tests.xctest */ = {isa = PBXFileReference; explicitFileType = wrapper.cfbundle; includeInIndex = 0; path = Tests.xctest; sourceTree = BUILT_PRODUCTS_DIR; };
		D0666A2524C677B400F3F04B /* Info.plist */ = {isa = PBXFileReference; lastKnownFileType = text.plist.xml; path = Info.plist; sourceTree = "<group>"; };
		D085C3BB25008DEC008A6C5E /* DB */ = {isa = PBXFileReference; lastKnownFileType = folder; path = DB; sourceTree = "<group>"; };
		D0AD03552505814D0085A466 /* Base16 */ = {isa = PBXFileReference; lastKnownFileType = folder; path = Base16; sourceTree = "<group>"; };
		D0B32F4F250B373600311912 /* RegistrationView.swift */ = {isa = PBXFileReference; lastKnownFileType = sourcecode.swift; path = RegistrationView.swift; sourceTree = "<group>"; };
		D0B5FE9A251583DB00478838 /* AccountStatusCollection+Extensions.swift */ = {isa = PBXFileReference; lastKnownFileType = sourcecode.swift; path = "AccountStatusCollection+Extensions.swift"; sourceTree = "<group>"; };
		D0B7434825100DBB00C13DB6 /* StatusView.xib */ = {isa = PBXFileReference; fileEncoding = 4; lastKnownFileType = file.xib; path = StatusView.xib; sourceTree = "<group>"; };
		D0BDF66524FD7A6400C7FA1C /* ServiceLayer */ = {isa = PBXFileReference; lastKnownFileType = folder; path = ServiceLayer; sourceTree = "<group>"; };
		D0BEB1F224F8EE8C001B0F04 /* AttachmentView.swift */ = {isa = PBXFileReference; lastKnownFileType = sourcecode.swift; path = AttachmentView.swift; sourceTree = "<group>"; };
		D0BEB1F624F9A84B001B0F04 /* LoadingTableFooterView.swift */ = {isa = PBXFileReference; lastKnownFileType = sourcecode.swift; path = LoadingTableFooterView.swift; sourceTree = "<group>"; };
		D0BEB1FE24F9E5BB001B0F04 /* ListsView.swift */ = {isa = PBXFileReference; lastKnownFileType = sourcecode.swift; path = ListsView.swift; sourceTree = "<group>"; };
		D0BEB20424FA1107001B0F04 /* FiltersView.swift */ = {isa = PBXFileReference; lastKnownFileType = sourcecode.swift; path = FiltersView.swift; sourceTree = "<group>"; };
		D0BEB21024FA2A90001B0F04 /* EditFilterView.swift */ = {isa = PBXFileReference; lastKnownFileType = sourcecode.swift; path = EditFilterView.swift; sourceTree = "<group>"; };
		D0BECB952501B3DD002C1B13 /* Keychain */ = {isa = PBXFileReference; lastKnownFileType = folder; path = Keychain; sourceTree = "<group>"; };
		D0BECB962501BCE0002C1B13 /* Secrets */ = {isa = PBXFileReference; lastKnownFileType = folder; path = Secrets; sourceTree = "<group>"; };
		D0BECB9D2501CBC3002C1B13 /* MastodonAPI */ = {isa = PBXFileReference; lastKnownFileType = folder; path = MastodonAPI; sourceTree = "<group>"; };
		D0BFDAF524FC7C5300C86618 /* HTTP */ = {isa = PBXFileReference; lastKnownFileType = folder; path = HTTP; sourceTree = "<group>"; };
		D0C7D41E24F76169001EBDBB /* Metatext.entitlements */ = {isa = PBXFileReference; fileEncoding = 4; lastKnownFileType = text.plist.entitlements; path = Metatext.entitlements; sourceTree = "<group>"; };
		D0C7D41F24F76169001EBDBB /* Info.plist */ = {isa = PBXFileReference; fileEncoding = 4; lastKnownFileType = text.plist.xml; path = Info.plist; sourceTree = "<group>"; };
		D0C7D42224F76169001EBDBB /* IdentitiesView.swift */ = {isa = PBXFileReference; fileEncoding = 4; lastKnownFileType = sourcecode.swift; path = IdentitiesView.swift; sourceTree = "<group>"; };
		D0C7D42324F76169001EBDBB /* CustomEmojiText.swift */ = {isa = PBXFileReference; fileEncoding = 4; lastKnownFileType = sourcecode.swift; path = CustomEmojiText.swift; sourceTree = "<group>"; };
		D0C7D42424F76169001EBDBB /* AddIdentityView.swift */ = {isa = PBXFileReference; fileEncoding = 4; lastKnownFileType = sourcecode.swift; path = AddIdentityView.swift; sourceTree = "<group>"; };
		D0C7D42524F76169001EBDBB /* StatusListView.swift */ = {isa = PBXFileReference; fileEncoding = 4; lastKnownFileType = sourcecode.swift; path = StatusListView.swift; sourceTree = "<group>"; };
		D0C7D42624F76169001EBDBB /* PreferencesView.swift */ = {isa = PBXFileReference; fileEncoding = 4; lastKnownFileType = sourcecode.swift; path = PreferencesView.swift; sourceTree = "<group>"; };
		D0C7D42724F76169001EBDBB /* RootView.swift */ = {isa = PBXFileReference; fileEncoding = 4; lastKnownFileType = sourcecode.swift; path = RootView.swift; sourceTree = "<group>"; };
		D0C7D42824F76169001EBDBB /* PostingReadingPreferencesView.swift */ = {isa = PBXFileReference; fileEncoding = 4; lastKnownFileType = sourcecode.swift; path = PostingReadingPreferencesView.swift; sourceTree = "<group>"; };
		D0C7D42924F76169001EBDBB /* SecondaryNavigationView.swift */ = {isa = PBXFileReference; fileEncoding = 4; lastKnownFileType = sourcecode.swift; path = SecondaryNavigationView.swift; sourceTree = "<group>"; };
		D0C7D42D24F76169001EBDBB /* NotificationTypesPreferencesView.swift */ = {isa = PBXFileReference; fileEncoding = 4; lastKnownFileType = sourcecode.swift; path = NotificationTypesPreferencesView.swift; sourceTree = "<group>"; };
		D0C7D42E24F76169001EBDBB /* TabNavigationView.swift */ = {isa = PBXFileReference; fileEncoding = 4; lastKnownFileType = sourcecode.swift; path = TabNavigationView.swift; sourceTree = "<group>"; };
		D0C7D43124F76169001EBDBB /* StatusListViewController.swift */ = {isa = PBXFileReference; fileEncoding = 4; lastKnownFileType = sourcecode.swift; path = StatusListViewController.swift; sourceTree = "<group>"; };
		D0C7D45224F76169001EBDBB /* Assets.xcassets */ = {isa = PBXFileReference; lastKnownFileType = folder.assetcatalog; path = Assets.xcassets; sourceTree = "<group>"; };
		D0C7D45424F76169001EBDBB /* MetatextApp.swift */ = {isa = PBXFileReference; fileEncoding = 4; lastKnownFileType = sourcecode.swift; path = MetatextApp.swift; sourceTree = "<group>"; };
		D0C7D45524F76169001EBDBB /* AppDelegate.swift */ = {isa = PBXFileReference; fileEncoding = 4; lastKnownFileType = sourcecode.swift; path = AppDelegate.swift; sourceTree = "<group>"; };
		D0C7D45724F76169001EBDBB /* Localizable.strings */ = {isa = PBXFileReference; fileEncoding = 4; lastKnownFileType = text.plist.strings; path = Localizable.strings; sourceTree = "<group>"; };
		D0C7D45824F76169001EBDBB /* Localizable.stringsdict */ = {isa = PBXFileReference; fileEncoding = 4; lastKnownFileType = text.plist.stringsdict; path = Localizable.stringsdict; sourceTree = "<group>"; };
		D0C7D46A24F76169001EBDBB /* String+Extensions.swift */ = {isa = PBXFileReference; fileEncoding = 4; lastKnownFileType = sourcecode.swift; path = "String+Extensions.swift"; sourceTree = "<group>"; };
		D0C7D46B24F76169001EBDBB /* NSMutableAttributedString+Extensions.swift */ = {isa = PBXFileReference; fileEncoding = 4; lastKnownFileType = sourcecode.swift; path = "NSMutableAttributedString+Extensions.swift"; sourceTree = "<group>"; };
		D0C7D46C24F76169001EBDBB /* UIColor+Extensions.swift */ = {isa = PBXFileReference; fileEncoding = 4; lastKnownFileType = sourcecode.swift; path = "UIColor+Extensions.swift"; sourceTree = "<group>"; };
		D0C7D46E24F76169001EBDBB /* KingfisherOptionsInfo+Extensions.swift */ = {isa = PBXFileReference; fileEncoding = 4; lastKnownFileType = sourcecode.swift; path = "KingfisherOptionsInfo+Extensions.swift"; sourceTree = "<group>"; };
		D0C7D46F24F76169001EBDBB /* View+Extensions.swift */ = {isa = PBXFileReference; fileEncoding = 4; lastKnownFileType = sourcecode.swift; path = "View+Extensions.swift"; sourceTree = "<group>"; };
		D0D7C013250440610039AD6F /* CodableBloomFilter */ = {isa = PBXFileReference; lastKnownFileType = folder; path = CodableBloomFilter; sourceTree = "<group>"; };
		D0E0F1E424FC49FC002C04BF /* Mastodon */ = {isa = PBXFileReference; lastKnownFileType = folder; path = Mastodon; sourceTree = "<group>"; };
		D0E2C1CF24FD8BA400854680 /* ViewModels */ = {isa = PBXFileReference; lastKnownFileType = folder; path = ViewModels; sourceTree = "<group>"; };
		D0E5361924E3EB4D00FB1CE1 /* Notification Service Extension.appex */ = {isa = PBXFileReference; explicitFileType = "wrapper.app-extension"; includeInIndex = 0; path = "Notification Service Extension.appex"; sourceTree = BUILT_PRODUCTS_DIR; };
		D0E5361B24E3EB4D00FB1CE1 /* NotificationService.swift */ = {isa = PBXFileReference; lastKnownFileType = sourcecode.swift; path = NotificationService.swift; sourceTree = "<group>"; };
		D0E5361D24E3EB4D00FB1CE1 /* Info.plist */ = {isa = PBXFileReference; lastKnownFileType = text.plist.xml; path = Info.plist; sourceTree = "<group>"; };
		D0E5362824E4A06B00FB1CE1 /* Notification Service Extension.entitlements */ = {isa = PBXFileReference; lastKnownFileType = text.plist.entitlements; path = "Notification Service Extension.entitlements"; sourceTree = "<group>"; };
/* End PBXFileReference section */

/* Begin PBXFrameworksBuildPhase section */
		D047FA8924C3E21200AF17C5 /* Frameworks */ = {
			isa = PBXFrameworksBuildPhase;
			buildActionMask = 2147483647;
			files = (
				D06B492324D4611300642749 /* KingfisherSwiftUI in Frameworks */,
				D0E2C1D124FD97F000854680 /* ViewModels in Frameworks */,
				D0BECB9F2501D9AD002C1B13 /* PreviewViewModels in Frameworks */,
			);
			runOnlyForDeploymentPostprocessing = 0;
		};
		D0666A1E24C677B400F3F04B /* Frameworks */ = {
			isa = PBXFrameworksBuildPhase;
			buildActionMask = 2147483647;
			files = (
			);
			runOnlyForDeploymentPostprocessing = 0;
		};
		D0E5361624E3EB4D00FB1CE1 /* Frameworks */ = {
			isa = PBXFrameworksBuildPhase;
			buildActionMask = 2147483647;
			files = (
				D0BECB982501C0FC002C1B13 /* Secrets in Frameworks */,
				D0BECB9A2501C15F002C1B13 /* Mastodon in Frameworks */,
			);
			runOnlyForDeploymentPostprocessing = 0;
		};
/* End PBXFrameworksBuildPhase section */

/* Begin PBXGroup section */
		D01F41E024F8885900D55A2D /* Attachments */ = {
			isa = PBXGroup;
			children = (
				D01F41E224F8889700D55A2D /* AttachmentsView.swift */,
				D0BEB1F224F8EE8C001B0F04 /* AttachmentView.swift */,
			);
			path = Attachments;
			sourceTree = "<group>";
		};
		D047FA7F24C3E21000AF17C5 = {
			isa = PBXGroup;
			children = (
				D0C7D45224F76169001EBDBB /* Assets.xcassets */,
				D0AD03552505814D0085A466 /* Base16 */,
				D0D7C013250440610039AD6F /* CodableBloomFilter */,
				D085C3BB25008DEC008A6C5E /* DB */,
				D0C7D46824F76169001EBDBB /* Extensions */,
				D0666A7924C7745A00F3F04B /* Frameworks */,
				D0BFDAF524FC7C5300C86618 /* HTTP */,
				D0BECB952501B3DD002C1B13 /* Keychain */,
				D0C7D45624F76169001EBDBB /* Localizations */,
				D0E0F1E424FC49FC002C04BF /* Mastodon */,
				D0BECB9D2501CBC3002C1B13 /* MastodonAPI */,
				D0E5361A24E3EB4D00FB1CE1 /* Notification Service Extension */,
				D047FA8D24C3E21200AF17C5 /* Products */,
				D0BECB962501BCE0002C1B13 /* Secrets */,
				D0BDF66524FD7A6400C7FA1C /* ServiceLayer */,
				D0C7D41D24F76169001EBDBB /* Supporting Files */,
				D0C7D45324F76169001EBDBB /* System */,
				D0666A2224C677B400F3F04B /* Tests */,
				D0C7D43024F76169001EBDBB /* View Controllers */,
				D0E2C1CF24FD8BA400854680 /* ViewModels */,
				D0C7D42024F76169001EBDBB /* Views */,
			);
			sourceTree = "<group>";
		};
		D047FA8D24C3E21200AF17C5 /* Products */ = {
			isa = PBXGroup;
			children = (
				D047FA8C24C3E21200AF17C5 /* Metatext.app */,
				D0666A2124C677B400F3F04B /* Tests.xctest */,
				D0E5361924E3EB4D00FB1CE1 /* Notification Service Extension.appex */,
			);
			name = Products;
			sourceTree = "<group>";
		};
		D0625E55250F086B00502611 /* Status */ = {
			isa = PBXGroup;
			children = (
				D0625E5C250F0B5C00502611 /* StatusContentConfiguration.swift */,
				D0625E58250F092900502611 /* StatusListCell.swift */,
				D0625E5E250F0CFF00502611 /* StatusView.swift */,
				D0B7434825100DBB00C13DB6 /* StatusView.xib */,
			);
			path = Status;
			sourceTree = "<group>";
		};
		D0666A2224C677B400F3F04B /* Tests */ = {
			isa = PBXGroup;
			children = (
				D0666A2524C677B400F3F04B /* Info.plist */,
			);
			path = Tests;
			sourceTree = "<group>";
		};
		D0666A7924C7745A00F3F04B /* Frameworks */ = {
			isa = PBXGroup;
			children = (
			);
			name = Frameworks;
			sourceTree = "<group>";
		};
		D0C7D41D24F76169001EBDBB /* Supporting Files */ = {
			isa = PBXGroup;
			children = (
				D0C7D41F24F76169001EBDBB /* Info.plist */,
				D0C7D41E24F76169001EBDBB /* Metatext.entitlements */,
			);
			path = "Supporting Files";
			sourceTree = "<group>";
		};
		D0C7D42024F76169001EBDBB /* Views */ = {
			isa = PBXGroup;
			children = (
				D01EF22325182B1F00650C6B /* AccountHeaderView.swift */,
				D0C7D42424F76169001EBDBB /* AddIdentityView.swift */,
				D01F41E024F8885900D55A2D /* Attachments */,
				D0C7D42324F76169001EBDBB /* CustomEmojiText.swift */,
				D0BEB21024FA2A90001B0F04 /* EditFilterView.swift */,
				D0BEB20424FA1107001B0F04 /* FiltersView.swift */,
				D0C7D42224F76169001EBDBB /* IdentitiesView.swift */,
				D0BEB1FE24F9E5BB001B0F04 /* ListsView.swift */,
				D0BEB1F624F9A84B001B0F04 /* LoadingTableFooterView.swift */,
				D0C7D42D24F76169001EBDBB /* NotificationTypesPreferencesView.swift */,
				D0C7D42824F76169001EBDBB /* PostingReadingPreferencesView.swift */,
				D0C7D42624F76169001EBDBB /* PreferencesView.swift */,
				D0B32F4F250B373600311912 /* RegistrationView.swift */,
				D0C7D42724F76169001EBDBB /* RootView.swift */,
				D02E1F94250B13210071AD56 /* SafariView.swift */,
				D0C7D42924F76169001EBDBB /* SecondaryNavigationView.swift */,
				D0625E55250F086B00502611 /* Status */,
				D0C7D42524F76169001EBDBB /* StatusListView.swift */,
				D0C7D42E24F76169001EBDBB /* TabNavigationView.swift */,
				D01F41D624F880C400D55A2D /* TouchFallthroughTextView.swift */,
			);
			path = Views;
			sourceTree = "<group>";
		};
		D0C7D43024F76169001EBDBB /* View Controllers */ = {
			isa = PBXGroup;
			children = (
				D0C7D43124F76169001EBDBB /* StatusListViewController.swift */,
			);
			path = "View Controllers";
			sourceTree = "<group>";
		};
		D0C7D45324F76169001EBDBB /* System */ = {
			isa = PBXGroup;
			children = (
				D0C7D45524F76169001EBDBB /* AppDelegate.swift */,
				D0C7D45424F76169001EBDBB /* MetatextApp.swift */,
			);
			path = System;
			sourceTree = "<group>";
		};
		D0C7D45624F76169001EBDBB /* Localizations */ = {
			isa = PBXGroup;
			children = (
				D0C7D45724F76169001EBDBB /* Localizable.strings */,
				D0C7D45824F76169001EBDBB /* Localizable.stringsdict */,
			);
			path = Localizations;
			sourceTree = "<group>";
		};
		D0C7D46824F76169001EBDBB /* Extensions */ = {
			isa = PBXGroup;
			children = (
				D0B5FE9A251583DB00478838 /* AccountStatusCollection+Extensions.swift */,
				D0C7D46E24F76169001EBDBB /* KingfisherOptionsInfo+Extensions.swift */,
				D0C7D46B24F76169001EBDBB /* NSMutableAttributedString+Extensions.swift */,
				D0C7D46A24F76169001EBDBB /* String+Extensions.swift */,
				D0C7D46C24F76169001EBDBB /* UIColor+Extensions.swift */,
				D0030981250C6C8500EACB32 /* URL+Extensions.swift */,
				D0C7D46F24F76169001EBDBB /* View+Extensions.swift */,
			);
			path = Extensions;
			sourceTree = "<group>";
		};
		D0E5361A24E3EB4D00FB1CE1 /* Notification Service Extension */ = {
			isa = PBXGroup;
			children = (
				D0E5361D24E3EB4D00FB1CE1 /* Info.plist */,
				D0E5362824E4A06B00FB1CE1 /* Notification Service Extension.entitlements */,
				D0E5361B24E3EB4D00FB1CE1 /* NotificationService.swift */,
			);
			path = "Notification Service Extension";
			sourceTree = "<group>";
		};
/* End PBXGroup section */

/* Begin PBXNativeTarget section */
		D047FA8B24C3E21200AF17C5 /* Metatext */ = {
			isa = PBXNativeTarget;
			buildConfigurationList = D047FAB624C3E21200AF17C5 /* Build configuration list for PBXNativeTarget "Metatext" */;
			buildPhases = (
				D047FA8824C3E21200AF17C5 /* Sources */,
				D047FA8924C3E21200AF17C5 /* Frameworks */,
				D047FA8A24C3E21200AF17C5 /* Resources */,
				D0666A2E24C67E6700F3F04B /* ShellScript */,
				D0E5362424E3EB4D00FB1CE1 /* Embed App Extensions */,
			);
			buildRules = (
			);
			dependencies = (
				D0E5361F24E3EB4D00FB1CE1 /* PBXTargetDependency */,
			);
			name = Metatext;
			packageProductDependencies = (
				D06B492224D4611300642749 /* KingfisherSwiftUI */,
				D0E2C1D024FD97F000854680 /* ViewModels */,
				D0BECB9E2501D9AD002C1B13 /* PreviewViewModels */,
			);
			productName = "Metatext (iOS)";
			productReference = D047FA8C24C3E21200AF17C5 /* Metatext.app */;
			productType = "com.apple.product-type.application";
		};
		D0666A2024C677B400F3F04B /* Tests */ = {
			isa = PBXNativeTarget;
			buildConfigurationList = D0666A2824C677B400F3F04B /* Build configuration list for PBXNativeTarget "Tests" */;
			buildPhases = (
				D0666A1D24C677B400F3F04B /* Sources */,
				D0666A1E24C677B400F3F04B /* Frameworks */,
				D0666A1F24C677B400F3F04B /* Resources */,
			);
			buildRules = (
			);
			dependencies = (
				D0666A2724C677B400F3F04B /* PBXTargetDependency */,
			);
			name = Tests;
			packageProductDependencies = (
			);
			productName = "Unit Tests";
			productReference = D0666A2124C677B400F3F04B /* Tests.xctest */;
			productType = "com.apple.product-type.bundle.unit-test";
		};
		D0E5361824E3EB4D00FB1CE1 /* Notification Service Extension */ = {
			isa = PBXNativeTarget;
			buildConfigurationList = D0E5362124E3EB4D00FB1CE1 /* Build configuration list for PBXNativeTarget "Notification Service Extension" */;
			buildPhases = (
				D0E5361524E3EB4D00FB1CE1 /* Sources */,
				D0E5361624E3EB4D00FB1CE1 /* Frameworks */,
				D0E5361724E3EB4D00FB1CE1 /* Resources */,
			);
			buildRules = (
			);
			dependencies = (
			);
			name = "Notification Service Extension";
			packageProductDependencies = (
				D0BECB972501C0FC002C1B13 /* Secrets */,
				D0BECB992501C15F002C1B13 /* Mastodon */,
			);
			productName = "Notification Service Extension";
			productReference = D0E5361924E3EB4D00FB1CE1 /* Notification Service Extension.appex */;
			productType = "com.apple.product-type.app-extension";
		};
/* End PBXNativeTarget section */

/* Begin PBXProject section */
		D047FA8024C3E21000AF17C5 /* Project object */ = {
			isa = PBXProject;
			attributes = {
				LastSwiftUpdateCheck = 1200;
				LastUpgradeCheck = 1200;
				ORGANIZATIONNAME = Metabolist;
				TargetAttributes = {
					D047FA8B24C3E21200AF17C5 = {
						CreatedOnToolsVersion = 12.0;
					};
					D0666A2024C677B400F3F04B = {
						CreatedOnToolsVersion = 12.0;
						LastSwiftMigration = 1200;
						TestTargetID = D047FA8B24C3E21200AF17C5;
					};
					D0E5361824E3EB4D00FB1CE1 = {
						CreatedOnToolsVersion = 12.0;
					};
				};
			};
			buildConfigurationList = D047FA8324C3E21000AF17C5 /* Build configuration list for PBXProject "Metatext" */;
			compatibilityVersion = "Xcode 9.3";
			developmentRegion = en;
			hasScannedForEncodings = 0;
			knownRegions = (
				en,
				Base,
			);
			mainGroup = D047FA7F24C3E21000AF17C5;
			packageReferences = (
				D06B492124D4611300642749 /* XCRemoteSwiftPackageReference "Kingfisher" */,
			);
			productRefGroup = D047FA8D24C3E21200AF17C5 /* Products */;
			projectDirPath = "";
			projectRoot = "";
			targets = (
				D047FA8B24C3E21200AF17C5 /* Metatext */,
				D0666A2024C677B400F3F04B /* Tests */,
				D0E5361824E3EB4D00FB1CE1 /* Notification Service Extension */,
			);
		};
/* End PBXProject section */

/* Begin PBXResourcesBuildPhase section */
		D047FA8A24C3E21200AF17C5 /* Resources */ = {
			isa = PBXResourcesBuildPhase;
			buildActionMask = 2147483647;
			files = (
				D0C7D4C524F7616A001EBDBB /* Localizable.strings in Resources */,
				D0B7434925100DBB00C13DB6 /* StatusView.xib in Resources */,
				D0C7D4C224F7616A001EBDBB /* Assets.xcassets in Resources */,
				D0C7D4C624F7616A001EBDBB /* Localizable.stringsdict in Resources */,
			);
			runOnlyForDeploymentPostprocessing = 0;
		};
		D0666A1F24C677B400F3F04B /* Resources */ = {
			isa = PBXResourcesBuildPhase;
			buildActionMask = 2147483647;
			files = (
			);
			runOnlyForDeploymentPostprocessing = 0;
		};
		D0E5361724E3EB4D00FB1CE1 /* Resources */ = {
			isa = PBXResourcesBuildPhase;
			buildActionMask = 2147483647;
			files = (
			);
			runOnlyForDeploymentPostprocessing = 0;
		};
/* End PBXResourcesBuildPhase section */

/* Begin PBXShellScriptBuildPhase section */
		D0666A2E24C67E6700F3F04B /* ShellScript */ = {
			isa = PBXShellScriptBuildPhase;
			buildActionMask = 2147483647;
			files = (
			);
			inputFileListPaths = (
			);
			inputPaths = (
			);
			outputFileListPaths = (
			);
			outputPaths = (
			);
			runOnlyForDeploymentPostprocessing = 0;
			shellPath = /bin/sh;
			shellScript = "if which swiftlint >/dev/null; then\n  swiftlint\nelse\n  echo \"warning: SwiftLint not installed, download from https://github.com/realm/SwiftLint\"\nfi\n";
		};
/* End PBXShellScriptBuildPhase section */

/* Begin PBXSourcesBuildPhase section */
		D047FA8824C3E21200AF17C5 /* Sources */ = {
			isa = PBXSourcesBuildPhase;
			buildActionMask = 2147483647;
			files = (
				D0C7D4A324F7616A001EBDBB /* TabNavigationView.swift in Sources */,
				D02E1F95250B13210071AD56 /* SafariView.swift in Sources */,
				D0C7D49C24F7616A001EBDBB /* RootView.swift in Sources */,
				D0B32F50250B373600311912 /* RegistrationView.swift in Sources */,
				D0625E5D250F0B5C00502611 /* StatusContentConfiguration.swift in Sources */,
				D0BEB1F324F8EE8C001B0F04 /* AttachmentView.swift in Sources */,
				D0C7D49A24F7616A001EBDBB /* StatusListView.swift in Sources */,
				D01F41D924F880C400D55A2D /* TouchFallthroughTextView.swift in Sources */,
				D0C7D4A524F7616A001EBDBB /* StatusListViewController.swift in Sources */,
				D0C7D4D624F7616A001EBDBB /* NSMutableAttributedString+Extensions.swift in Sources */,
				D0625E5F250F0CFF00502611 /* StatusView.swift in Sources */,
				D0625E59250F092900502611 /* StatusListCell.swift in Sources */,
				D0C7D49D24F7616A001EBDBB /* PostingReadingPreferencesView.swift in Sources */,
				D0B5FE9B251583DB00478838 /* AccountStatusCollection+Extensions.swift in Sources */,
				D0C7D49E24F7616A001EBDBB /* SecondaryNavigationView.swift in Sources */,
				D0C7D4DA24F7616A001EBDBB /* View+Extensions.swift in Sources */,
				D0C7D4D524F7616A001EBDBB /* String+Extensions.swift in Sources */,
				D0C7D4A224F7616A001EBDBB /* NotificationTypesPreferencesView.swift in Sources */,
				D0BEB1F724F9A84B001B0F04 /* LoadingTableFooterView.swift in Sources */,
				D0C7D4D924F7616A001EBDBB /* KingfisherOptionsInfo+Extensions.swift in Sources */,
				D0BEB1FF24F9E5BB001B0F04 /* ListsView.swift in Sources */,
				D0C7D49724F7616A001EBDBB /* IdentitiesView.swift in Sources */,
				D01EF22425182B1F00650C6B /* AccountHeaderView.swift in Sources */,
				D0C7D49824F7616A001EBDBB /* CustomEmojiText.swift in Sources */,
				D01F41E424F8889700D55A2D /* AttachmentsView.swift in Sources */,
				D0BEB21124FA2A91001B0F04 /* EditFilterView.swift in Sources */,
				D0030982250C6C8500EACB32 /* URL+Extensions.swift in Sources */,
				D0C7D4C424F7616A001EBDBB /* AppDelegate.swift in Sources */,
				D0C7D49924F7616A001EBDBB /* AddIdentityView.swift in Sources */,
				D0C7D4C324F7616A001EBDBB /* MetatextApp.swift in Sources */,
				D0BEB20524FA1107001B0F04 /* FiltersView.swift in Sources */,
				D0C7D49B24F7616A001EBDBB /* PreferencesView.swift in Sources */,
				D0C7D4D724F7616A001EBDBB /* UIColor+Extensions.swift in Sources */,
			);
			runOnlyForDeploymentPostprocessing = 0;
		};
		D0666A1D24C677B400F3F04B /* Sources */ = {
			isa = PBXSourcesBuildPhase;
			buildActionMask = 2147483647;
			files = (
			);
			runOnlyForDeploymentPostprocessing = 0;
		};
		D0E5361524E3EB4D00FB1CE1 /* Sources */ = {
			isa = PBXSourcesBuildPhase;
			buildActionMask = 2147483647;
			files = (
				D0E5361C24E3EB4D00FB1CE1 /* NotificationService.swift in Sources */,
			);
			runOnlyForDeploymentPostprocessing = 0;
		};
/* End PBXSourcesBuildPhase section */

/* Begin PBXTargetDependency section */
		D0666A2724C677B400F3F04B /* PBXTargetDependency */ = {
			isa = PBXTargetDependency;
			target = D047FA8B24C3E21200AF17C5 /* Metatext */;
			targetProxy = D0666A2624C677B400F3F04B /* PBXContainerItemProxy */;
		};
		D0E5361F24E3EB4D00FB1CE1 /* PBXTargetDependency */ = {
			isa = PBXTargetDependency;
			target = D0E5361824E3EB4D00FB1CE1 /* Notification Service Extension */;
			targetProxy = D0E5361E24E3EB4D00FB1CE1 /* PBXContainerItemProxy */;
		};
/* End PBXTargetDependency section */

/* Begin XCBuildConfiguration section */
		D047FAB424C3E21200AF17C5 /* Debug */ = {
			isa = XCBuildConfiguration;
			buildSettings = {
				ALWAYS_SEARCH_USER_PATHS = NO;
				CLANG_ANALYZER_NONNULL = YES;
				CLANG_ANALYZER_NUMBER_OBJECT_CONVERSION = YES_AGGRESSIVE;
				CLANG_CXX_LANGUAGE_STANDARD = "gnu++14";
				CLANG_CXX_LIBRARY = "libc++";
				CLANG_ENABLE_MODULES = YES;
				CLANG_ENABLE_OBJC_ARC = YES;
				CLANG_ENABLE_OBJC_WEAK = YES;
				CLANG_WARN_BLOCK_CAPTURE_AUTORELEASING = YES;
				CLANG_WARN_BOOL_CONVERSION = YES;
				CLANG_WARN_COMMA = YES;
				CLANG_WARN_CONSTANT_CONVERSION = YES;
				CLANG_WARN_DEPRECATED_OBJC_IMPLEMENTATIONS = YES;
				CLANG_WARN_DIRECT_OBJC_ISA_USAGE = YES_ERROR;
				CLANG_WARN_DOCUMENTATION_COMMENTS = YES;
				CLANG_WARN_EMPTY_BODY = YES;
				CLANG_WARN_ENUM_CONVERSION = YES;
				CLANG_WARN_INFINITE_RECURSION = YES;
				CLANG_WARN_INT_CONVERSION = YES;
				CLANG_WARN_NON_LITERAL_NULL_CONVERSION = YES;
				CLANG_WARN_OBJC_IMPLICIT_RETAIN_SELF = YES;
				CLANG_WARN_OBJC_LITERAL_CONVERSION = YES;
				CLANG_WARN_OBJC_ROOT_CLASS = YES_ERROR;
				CLANG_WARN_QUOTED_INCLUDE_IN_FRAMEWORK_HEADER = YES;
				CLANG_WARN_RANGE_LOOP_ANALYSIS = YES;
				CLANG_WARN_STRICT_PROTOTYPES = YES;
				CLANG_WARN_SUSPICIOUS_MOVE = YES;
				CLANG_WARN_UNGUARDED_AVAILABILITY = YES_AGGRESSIVE;
				CLANG_WARN_UNREACHABLE_CODE = YES;
				CLANG_WARN__DUPLICATE_METHOD_MATCH = YES;
				COPY_PHASE_STRIP = NO;
				DEBUG_INFORMATION_FORMAT = dwarf;
				ENABLE_STRICT_OBJC_MSGSEND = YES;
				ENABLE_TESTABILITY = YES;
				GCC_C_LANGUAGE_STANDARD = gnu11;
				GCC_DYNAMIC_NO_PIC = NO;
				GCC_NO_COMMON_BLOCKS = YES;
				GCC_OPTIMIZATION_LEVEL = 0;
				GCC_PREPROCESSOR_DEFINITIONS = (
					"DEBUG=1",
					"$(inherited)",
				);
				GCC_WARN_64_TO_32_BIT_CONVERSION = YES;
				GCC_WARN_ABOUT_RETURN_TYPE = YES_ERROR;
				GCC_WARN_UNDECLARED_SELECTOR = YES;
				GCC_WARN_UNINITIALIZED_AUTOS = YES_AGGRESSIVE;
				GCC_WARN_UNUSED_FUNCTION = YES;
				GCC_WARN_UNUSED_VARIABLE = YES;
				MTL_ENABLE_DEBUG_INFO = INCLUDE_SOURCE;
				MTL_FAST_MATH = YES;
				ONLY_ACTIVE_ARCH = YES;
				SWIFT_ACTIVE_COMPILATION_CONDITIONS = DEBUG;
				SWIFT_OPTIMIZATION_LEVEL = "-Onone";
			};
			name = Debug;
		};
		D047FAB524C3E21200AF17C5 /* Release */ = {
			isa = XCBuildConfiguration;
			buildSettings = {
				ALWAYS_SEARCH_USER_PATHS = NO;
				CLANG_ANALYZER_NONNULL = YES;
				CLANG_ANALYZER_NUMBER_OBJECT_CONVERSION = YES_AGGRESSIVE;
				CLANG_CXX_LANGUAGE_STANDARD = "gnu++14";
				CLANG_CXX_LIBRARY = "libc++";
				CLANG_ENABLE_MODULES = YES;
				CLANG_ENABLE_OBJC_ARC = YES;
				CLANG_ENABLE_OBJC_WEAK = YES;
				CLANG_WARN_BLOCK_CAPTURE_AUTORELEASING = YES;
				CLANG_WARN_BOOL_CONVERSION = YES;
				CLANG_WARN_COMMA = YES;
				CLANG_WARN_CONSTANT_CONVERSION = YES;
				CLANG_WARN_DEPRECATED_OBJC_IMPLEMENTATIONS = YES;
				CLANG_WARN_DIRECT_OBJC_ISA_USAGE = YES_ERROR;
				CLANG_WARN_DOCUMENTATION_COMMENTS = YES;
				CLANG_WARN_EMPTY_BODY = YES;
				CLANG_WARN_ENUM_CONVERSION = YES;
				CLANG_WARN_INFINITE_RECURSION = YES;
				CLANG_WARN_INT_CONVERSION = YES;
				CLANG_WARN_NON_LITERAL_NULL_CONVERSION = YES;
				CLANG_WARN_OBJC_IMPLICIT_RETAIN_SELF = YES;
				CLANG_WARN_OBJC_LITERAL_CONVERSION = YES;
				CLANG_WARN_OBJC_ROOT_CLASS = YES_ERROR;
				CLANG_WARN_QUOTED_INCLUDE_IN_FRAMEWORK_HEADER = YES;
				CLANG_WARN_RANGE_LOOP_ANALYSIS = YES;
				CLANG_WARN_STRICT_PROTOTYPES = YES;
				CLANG_WARN_SUSPICIOUS_MOVE = YES;
				CLANG_WARN_UNGUARDED_AVAILABILITY = YES_AGGRESSIVE;
				CLANG_WARN_UNREACHABLE_CODE = YES;
				CLANG_WARN__DUPLICATE_METHOD_MATCH = YES;
				COPY_PHASE_STRIP = NO;
				DEBUG_INFORMATION_FORMAT = "dwarf-with-dsym";
				ENABLE_NS_ASSERTIONS = NO;
				ENABLE_STRICT_OBJC_MSGSEND = YES;
				GCC_C_LANGUAGE_STANDARD = gnu11;
				GCC_NO_COMMON_BLOCKS = YES;
				GCC_WARN_64_TO_32_BIT_CONVERSION = YES;
				GCC_WARN_ABOUT_RETURN_TYPE = YES_ERROR;
				GCC_WARN_UNDECLARED_SELECTOR = YES;
				GCC_WARN_UNINITIALIZED_AUTOS = YES_AGGRESSIVE;
				GCC_WARN_UNUSED_FUNCTION = YES;
				GCC_WARN_UNUSED_VARIABLE = YES;
				MTL_ENABLE_DEBUG_INFO = NO;
				MTL_FAST_MATH = YES;
				SWIFT_COMPILATION_MODE = wholemodule;
				SWIFT_OPTIMIZATION_LEVEL = "-O";
			};
			name = Release;
		};
		D047FAB724C3E21200AF17C5 /* Debug */ = {
			isa = XCBuildConfiguration;
			buildSettings = {
				ALWAYS_EMBED_SWIFT_STANDARD_LIBRARIES = YES;
				ASSETCATALOG_COMPILER_APPICON_NAME = AppIcon;
				ASSETCATALOG_COMPILER_GLOBAL_ACCENT_COLOR_NAME = AccentColor;
				CODE_SIGN_ENTITLEMENTS = "Supporting Files/Metatext.entitlements";
				CODE_SIGN_STYLE = Automatic;
				DEVELOPMENT_ASSET_PATHS = "";
				DEVELOPMENT_TEAM = 82HL67AXQ2;
				ENABLE_PREVIEWS = YES;
				INFOPLIST_FILE = "Supporting Files/Info.plist";
				IPHONEOS_DEPLOYMENT_TARGET = 14.0;
				LD_RUNPATH_SEARCH_PATHS = (
					"$(inherited)",
					"@executable_path/Frameworks",
				);
				MARKETING_VERSION = 0.1.0;
				PRODUCT_BUNDLE_IDENTIFIER = com.metabolist.metatext;
				PRODUCT_NAME = Metatext;
				SDKROOT = iphoneos;
				SUPPORTS_MACCATALYST = YES;
				SWIFT_VERSION = 5.0;
				TARGETED_DEVICE_FAMILY = "1,2";
			};
			name = Debug;
		};
		D047FAB824C3E21200AF17C5 /* Release */ = {
			isa = XCBuildConfiguration;
			buildSettings = {
				ALWAYS_EMBED_SWIFT_STANDARD_LIBRARIES = YES;
				ASSETCATALOG_COMPILER_APPICON_NAME = AppIcon;
				ASSETCATALOG_COMPILER_GLOBAL_ACCENT_COLOR_NAME = AccentColor;
				CODE_SIGN_ENTITLEMENTS = "Supporting Files/Metatext.entitlements";
				CODE_SIGN_STYLE = Automatic;
				DEVELOPMENT_ASSET_PATHS = "";
				DEVELOPMENT_TEAM = 82HL67AXQ2;
				ENABLE_PREVIEWS = YES;
				INFOPLIST_FILE = "Supporting Files/Info.plist";
				IPHONEOS_DEPLOYMENT_TARGET = 14.0;
				LD_RUNPATH_SEARCH_PATHS = (
					"$(inherited)",
					"@executable_path/Frameworks",
				);
				MARKETING_VERSION = 0.1.0;
				PRODUCT_BUNDLE_IDENTIFIER = com.metabolist.metatext;
				PRODUCT_NAME = Metatext;
				SDKROOT = iphoneos;
				SUPPORTS_MACCATALYST = YES;
				SWIFT_VERSION = 5.0;
				TARGETED_DEVICE_FAMILY = "1,2";
				VALIDATE_PRODUCT = YES;
			};
			name = Release;
		};
		D0666A2924C677B400F3F04B /* Debug */ = {
			isa = XCBuildConfiguration;
			buildSettings = {
				BUNDLE_LOADER = "$(TEST_HOST)";
				CLANG_ENABLE_MODULES = YES;
				CODE_SIGN_STYLE = Automatic;
				DEVELOPMENT_TEAM = 82HL67AXQ2;
				INFOPLIST_FILE = Tests/Info.plist;
				IPHONEOS_DEPLOYMENT_TARGET = 14.0;
				LD_RUNPATH_SEARCH_PATHS = (
					"$(inherited)",
					"@executable_path/Frameworks",
					"@loader_path/Frameworks",
				);
				PRODUCT_BUNDLE_IDENTIFIER = "com.metabolist.Unit-Tests";
				PRODUCT_NAME = "$(TARGET_NAME)";
				SDKROOT = iphoneos;
				SWIFT_OPTIMIZATION_LEVEL = "-Onone";
				SWIFT_VERSION = 5.0;
				TARGETED_DEVICE_FAMILY = "1,2";
				TEST_HOST = "$(BUILT_PRODUCTS_DIR)/Metatext.app/Metatext";
			};
			name = Debug;
		};
		D0666A2A24C677B400F3F04B /* Release */ = {
			isa = XCBuildConfiguration;
			buildSettings = {
				BUNDLE_LOADER = "$(TEST_HOST)";
				CLANG_ENABLE_MODULES = YES;
				CODE_SIGN_STYLE = Automatic;
				DEVELOPMENT_TEAM = 82HL67AXQ2;
				INFOPLIST_FILE = Tests/Info.plist;
				IPHONEOS_DEPLOYMENT_TARGET = 14.0;
				LD_RUNPATH_SEARCH_PATHS = (
					"$(inherited)",
					"@executable_path/Frameworks",
					"@loader_path/Frameworks",
				);
				PRODUCT_BUNDLE_IDENTIFIER = "com.metabolist.Unit-Tests";
				PRODUCT_NAME = "$(TARGET_NAME)";
				SDKROOT = iphoneos;
				SWIFT_VERSION = 5.0;
				TARGETED_DEVICE_FAMILY = "1,2";
				TEST_HOST = "$(BUILT_PRODUCTS_DIR)/Metatext.app/Metatext";
				VALIDATE_PRODUCT = YES;
			};
			name = Release;
		};
		D0E5362224E3EB4D00FB1CE1 /* Debug */ = {
			isa = XCBuildConfiguration;
			buildSettings = {
				CODE_SIGN_ENTITLEMENTS = "Notification Service Extension/Notification Service Extension.entitlements";
				CODE_SIGN_STYLE = Automatic;
				DEVELOPMENT_TEAM = 82HL67AXQ2;
				INFOPLIST_FILE = "Notification Service Extension/Info.plist";
				IPHONEOS_DEPLOYMENT_TARGET = 14.0;
				LD_RUNPATH_SEARCH_PATHS = (
					"$(inherited)",
					"@executable_path/Frameworks",
					"@executable_path/../../Frameworks",
				);
				MARKETING_VERSION = 0.1.0;
				PRODUCT_BUNDLE_IDENTIFIER = "com.metabolist.metatext.notification-service-extension";
				PRODUCT_NAME = "$(TARGET_NAME)";
				SDKROOT = iphoneos;
				SKIP_INSTALL = YES;
				SUPPORTS_MACCATALYST = YES;
				SWIFT_VERSION = 5.0;
				TARGETED_DEVICE_FAMILY = "1,2";
			};
			name = Debug;
		};
		D0E5362324E3EB4D00FB1CE1 /* Release */ = {
			isa = XCBuildConfiguration;
			buildSettings = {
				CODE_SIGN_ENTITLEMENTS = "Notification Service Extension/Notification Service Extension.entitlements";
				CODE_SIGN_STYLE = Automatic;
				DEVELOPMENT_TEAM = 82HL67AXQ2;
				INFOPLIST_FILE = "Notification Service Extension/Info.plist";
				IPHONEOS_DEPLOYMENT_TARGET = 14.0;
				LD_RUNPATH_SEARCH_PATHS = (
					"$(inherited)",
					"@executable_path/Frameworks",
					"@executable_path/../../Frameworks",
				);
				MARKETING_VERSION = 0.1.0;
				PRODUCT_BUNDLE_IDENTIFIER = "com.metabolist.metatext.notification-service-extension";
				PRODUCT_NAME = "$(TARGET_NAME)";
				SDKROOT = iphoneos;
				SKIP_INSTALL = YES;
				SUPPORTS_MACCATALYST = YES;
				SWIFT_VERSION = 5.0;
				TARGETED_DEVICE_FAMILY = "1,2";
				VALIDATE_PRODUCT = YES;
			};
			name = Release;
		};
/* End XCBuildConfiguration section */

/* Begin XCConfigurationList section */
		D047FA8324C3E21000AF17C5 /* Build configuration list for PBXProject "Metatext" */ = {
			isa = XCConfigurationList;
			buildConfigurations = (
				D047FAB424C3E21200AF17C5 /* Debug */,
				D047FAB524C3E21200AF17C5 /* Release */,
			);
			defaultConfigurationIsVisible = 0;
			defaultConfigurationName = Release;
		};
		D047FAB624C3E21200AF17C5 /* Build configuration list for PBXNativeTarget "Metatext" */ = {
			isa = XCConfigurationList;
			buildConfigurations = (
				D047FAB724C3E21200AF17C5 /* Debug */,
				D047FAB824C3E21200AF17C5 /* Release */,
			);
			defaultConfigurationIsVisible = 0;
			defaultConfigurationName = Release;
		};
		D0666A2824C677B400F3F04B /* Build configuration list for PBXNativeTarget "Tests" */ = {
			isa = XCConfigurationList;
			buildConfigurations = (
				D0666A2924C677B400F3F04B /* Debug */,
				D0666A2A24C677B400F3F04B /* Release */,
			);
			defaultConfigurationIsVisible = 0;
			defaultConfigurationName = Release;
		};
		D0E5362124E3EB4D00FB1CE1 /* Build configuration list for PBXNativeTarget "Notification Service Extension" */ = {
			isa = XCConfigurationList;
			buildConfigurations = (
				D0E5362224E3EB4D00FB1CE1 /* Debug */,
				D0E5362324E3EB4D00FB1CE1 /* Release */,
			);
			defaultConfigurationIsVisible = 0;
			defaultConfigurationName = Release;
		};
/* End XCConfigurationList section */

/* Begin XCRemoteSwiftPackageReference section */
		D06B492124D4611300642749 /* XCRemoteSwiftPackageReference "Kingfisher" */ = {
			isa = XCRemoteSwiftPackageReference;
			repositoryURL = "https://github.com/onevcat/Kingfisher";
			requirement = {
				kind = upToNextMajorVersion;
				minimumVersion = 5.15.0;
			};
		};
/* End XCRemoteSwiftPackageReference section */

/* Begin XCSwiftPackageProductDependency section */
		D06B492224D4611300642749 /* KingfisherSwiftUI */ = {
			isa = XCSwiftPackageProductDependency;
			package = D06B492124D4611300642749 /* XCRemoteSwiftPackageReference "Kingfisher" */;
			productName = KingfisherSwiftUI;
		};
		D0BECB972501C0FC002C1B13 /* Secrets */ = {
			isa = XCSwiftPackageProductDependency;
			productName = Secrets;
		};
		D0BECB992501C15F002C1B13 /* Mastodon */ = {
			isa = XCSwiftPackageProductDependency;
			productName = Mastodon;
		};
		D0BECB9E2501D9AD002C1B13 /* PreviewViewModels */ = {
			isa = XCSwiftPackageProductDependency;
			productName = PreviewViewModels;
		};
		D0E2C1D024FD97F000854680 /* ViewModels */ = {
			isa = XCSwiftPackageProductDependency;
			productName = ViewModels;
		};
/* End XCSwiftPackageProductDependency section */
	};
	rootObject = D047FA8024C3E21000AF17C5 /* Project object */;
}
