// !$*UTF8*$!
{
	archiveVersion = 1;
	classes = {
	};
	objectVersion = 50;
	objects = {

/* Begin PBXBuildFile section */
		D047FAA124C3E21200AF17C5 /* Tests_iOS.swift in Sources */ = {isa = PBXBuildFile; fileRef = D047FAA024C3E21200AF17C5 /* Tests_iOS.swift */; };
		D047FAAC24C3E21200AF17C5 /* Tests_macOS.swift in Sources */ = {isa = PBXBuildFile; fileRef = D047FAAB24C3E21200AF17C5 /* Tests_macOS.swift */; };
		D047FAAE24C3E21200AF17C5 /* MetatextApp.swift in Sources */ = {isa = PBXBuildFile; fileRef = D047FA8524C3E21000AF17C5 /* MetatextApp.swift */; };
		D047FAAF24C3E21200AF17C5 /* MetatextApp.swift in Sources */ = {isa = PBXBuildFile; fileRef = D047FA8524C3E21000AF17C5 /* MetatextApp.swift */; };
		D047FAB024C3E21200AF17C5 /* ContentView.swift in Sources */ = {isa = PBXBuildFile; fileRef = D047FA8624C3E21000AF17C5 /* ContentView.swift */; };
		D047FAB124C3E21200AF17C5 /* ContentView.swift in Sources */ = {isa = PBXBuildFile; fileRef = D047FA8624C3E21000AF17C5 /* ContentView.swift */; };
		D047FAB224C3E21200AF17C5 /* Assets.xcassets in Resources */ = {isa = PBXBuildFile; fileRef = D047FA8724C3E21200AF17C5 /* Assets.xcassets */; };
		D047FAB324C3E21200AF17C5 /* Assets.xcassets in Resources */ = {isa = PBXBuildFile; fileRef = D047FA8724C3E21200AF17C5 /* Assets.xcassets */; };
/* End PBXBuildFile section */

/* Begin PBXContainerItemProxy section */
		D047FA9D24C3E21200AF17C5 /* PBXContainerItemProxy */ = {
			isa = PBXContainerItemProxy;
			containerPortal = D047FA8024C3E21000AF17C5 /* Project object */;
			proxyType = 1;
			remoteGlobalIDString = D047FA8B24C3E21200AF17C5;
			remoteInfo = "Metatext (iOS)";
		};
		D047FAA824C3E21200AF17C5 /* PBXContainerItemProxy */ = {
			isa = PBXContainerItemProxy;
			containerPortal = D047FA8024C3E21000AF17C5 /* Project object */;
			proxyType = 1;
			remoteGlobalIDString = D047FA9324C3E21200AF17C5;
			remoteInfo = "Metatext (macOS)";
		};
/* End PBXContainerItemProxy section */

/* Begin PBXFileReference section */
		D047FA8524C3E21000AF17C5 /* MetatextApp.swift */ = {isa = PBXFileReference; lastKnownFileType = sourcecode.swift; path = MetatextApp.swift; sourceTree = "<group>"; };
		D047FA8624C3E21000AF17C5 /* ContentView.swift */ = {isa = PBXFileReference; lastKnownFileType = sourcecode.swift; path = ContentView.swift; sourceTree = "<group>"; };
		D047FA8724C3E21200AF17C5 /* Assets.xcassets */ = {isa = PBXFileReference; lastKnownFileType = folder.assetcatalog; path = Assets.xcassets; sourceTree = "<group>"; };
		D047FA8C24C3E21200AF17C5 /* Metatext.app */ = {isa = PBXFileReference; explicitFileType = wrapper.application; includeInIndex = 0; path = Metatext.app; sourceTree = BUILT_PRODUCTS_DIR; };
		D047FA8F24C3E21200AF17C5 /* Info.plist */ = {isa = PBXFileReference; lastKnownFileType = text.plist.xml; path = Info.plist; sourceTree = "<group>"; };
		D047FA9424C3E21200AF17C5 /* Metatext.app */ = {isa = PBXFileReference; explicitFileType = wrapper.application; includeInIndex = 0; path = Metatext.app; sourceTree = BUILT_PRODUCTS_DIR; };
		D047FA9624C3E21200AF17C5 /* Info.plist */ = {isa = PBXFileReference; lastKnownFileType = text.plist.xml; path = Info.plist; sourceTree = "<group>"; };
		D047FA9724C3E21200AF17C5 /* macOS.entitlements */ = {isa = PBXFileReference; lastKnownFileType = text.plist.entitlements; path = macOS.entitlements; sourceTree = "<group>"; };
		D047FA9C24C3E21200AF17C5 /* Tests iOS.xctest */ = {isa = PBXFileReference; explicitFileType = wrapper.cfbundle; includeInIndex = 0; path = "Tests iOS.xctest"; sourceTree = BUILT_PRODUCTS_DIR; };
		D047FAA024C3E21200AF17C5 /* Tests_iOS.swift */ = {isa = PBXFileReference; lastKnownFileType = sourcecode.swift; path = Tests_iOS.swift; sourceTree = "<group>"; };
		D047FAA224C3E21200AF17C5 /* Info.plist */ = {isa = PBXFileReference; lastKnownFileType = text.plist.xml; path = Info.plist; sourceTree = "<group>"; };
		D047FAA724C3E21200AF17C5 /* Tests macOS.xctest */ = {isa = PBXFileReference; explicitFileType = wrapper.cfbundle; includeInIndex = 0; path = "Tests macOS.xctest"; sourceTree = BUILT_PRODUCTS_DIR; };
		D047FAAB24C3E21200AF17C5 /* Tests_macOS.swift */ = {isa = PBXFileReference; lastKnownFileType = sourcecode.swift; path = Tests_macOS.swift; sourceTree = "<group>"; };
		D047FAAD24C3E21200AF17C5 /* Info.plist */ = {isa = PBXFileReference; lastKnownFileType = text.plist.xml; path = Info.plist; sourceTree = "<group>"; };
/* End PBXFileReference section */

/* Begin PBXFrameworksBuildPhase section */
		D047FA8924C3E21200AF17C5 /* Frameworks */ = {
			isa = PBXFrameworksBuildPhase;
			buildActionMask = 2147483647;
			files = (
			);
			runOnlyForDeploymentPostprocessing = 0;
		};
		D047FA9124C3E21200AF17C5 /* Frameworks */ = {
			isa = PBXFrameworksBuildPhase;
			buildActionMask = 2147483647;
			files = (
			);
			runOnlyForDeploymentPostprocessing = 0;
		};
		D047FA9924C3E21200AF17C5 /* Frameworks */ = {
			isa = PBXFrameworksBuildPhase;
			buildActionMask = 2147483647;
			files = (
			);
			runOnlyForDeploymentPostprocessing = 0;
		};
		D047FAA424C3E21200AF17C5 /* Frameworks */ = {
			isa = PBXFrameworksBuildPhase;
			buildActionMask = 2147483647;
			files = (
			);
			runOnlyForDeploymentPostprocessing = 0;
		};
/* End PBXFrameworksBuildPhase section */

/* Begin PBXGroup section */
		D047FA7F24C3E21000AF17C5 = {
			isa = PBXGroup;
			children = (
				D047FA8424C3E21000AF17C5 /* Shared */,
				D047FA8E24C3E21200AF17C5 /* iOS */,
				D047FA9524C3E21200AF17C5 /* macOS */,
				D047FA9F24C3E21200AF17C5 /* Tests iOS */,
				D047FAAA24C3E21200AF17C5 /* Tests macOS */,
				D047FA8D24C3E21200AF17C5 /* Products */,
			);
			sourceTree = "<group>";
		};
		D047FA8424C3E21000AF17C5 /* Shared */ = {
			isa = PBXGroup;
			children = (
				D047FA8524C3E21000AF17C5 /* MetatextApp.swift */,
				D047FA8624C3E21000AF17C5 /* ContentView.swift */,
				D047FA8724C3E21200AF17C5 /* Assets.xcassets */,
			);
			path = Shared;
			sourceTree = "<group>";
		};
		D047FA8D24C3E21200AF17C5 /* Products */ = {
			isa = PBXGroup;
			children = (
				D047FA8C24C3E21200AF17C5 /* Metatext.app */,
				D047FA9424C3E21200AF17C5 /* Metatext.app */,
				D047FA9C24C3E21200AF17C5 /* Tests iOS.xctest */,
				D047FAA724C3E21200AF17C5 /* Tests macOS.xctest */,
			);
			name = Products;
			sourceTree = "<group>";
		};
		D047FA8E24C3E21200AF17C5 /* iOS */ = {
			isa = PBXGroup;
			children = (
				D047FA8F24C3E21200AF17C5 /* Info.plist */,
			);
			path = iOS;
			sourceTree = "<group>";
		};
		D047FA9524C3E21200AF17C5 /* macOS */ = {
			isa = PBXGroup;
			children = (
				D047FA9624C3E21200AF17C5 /* Info.plist */,
				D047FA9724C3E21200AF17C5 /* macOS.entitlements */,
			);
			path = macOS;
			sourceTree = "<group>";
		};
		D047FA9F24C3E21200AF17C5 /* Tests iOS */ = {
			isa = PBXGroup;
			children = (
				D047FAA024C3E21200AF17C5 /* Tests_iOS.swift */,
				D047FAA224C3E21200AF17C5 /* Info.plist */,
			);
			path = "Tests iOS";
			sourceTree = "<group>";
		};
		D047FAAA24C3E21200AF17C5 /* Tests macOS */ = {
			isa = PBXGroup;
			children = (
				D047FAAB24C3E21200AF17C5 /* Tests_macOS.swift */,
				D047FAAD24C3E21200AF17C5 /* Info.plist */,
			);
			path = "Tests macOS";
			sourceTree = "<group>";
		};
/* End PBXGroup section */

/* Begin PBXNativeTarget section */
		D047FA8B24C3E21200AF17C5 /* Metatext (iOS) */ = {
			isa = PBXNativeTarget;
			buildConfigurationList = D047FAB624C3E21200AF17C5 /* Build configuration list for PBXNativeTarget "Metatext (iOS)" */;
			buildPhases = (
				D047FA8824C3E21200AF17C5 /* Sources */,
				D047FA8924C3E21200AF17C5 /* Frameworks */,
				D047FA8A24C3E21200AF17C5 /* Resources */,
			);
			buildRules = (
			);
			dependencies = (
			);
			name = "Metatext (iOS)";
			productName = "Metatext (iOS)";
			productReference = D047FA8C24C3E21200AF17C5 /* Metatext.app */;
			productType = "com.apple.product-type.application";
		};
		D047FA9324C3E21200AF17C5 /* Metatext (macOS) */ = {
			isa = PBXNativeTarget;
			buildConfigurationList = D047FAB924C3E21200AF17C5 /* Build configuration list for PBXNativeTarget "Metatext (macOS)" */;
			buildPhases = (
				D047FA9024C3E21200AF17C5 /* Sources */,
				D047FA9124C3E21200AF17C5 /* Frameworks */,
				D047FA9224C3E21200AF17C5 /* Resources */,
			);
			buildRules = (
			);
			dependencies = (
			);
			name = "Metatext (macOS)";
			productName = "Metatext (macOS)";
			productReference = D047FA9424C3E21200AF17C5 /* Metatext.app */;
			productType = "com.apple.product-type.application";
		};
		D047FA9B24C3E21200AF17C5 /* Tests iOS */ = {
			isa = PBXNativeTarget;
			buildConfigurationList = D047FABC24C3E21200AF17C5 /* Build configuration list for PBXNativeTarget "Tests iOS" */;
			buildPhases = (
				D047FA9824C3E21200AF17C5 /* Sources */,
				D047FA9924C3E21200AF17C5 /* Frameworks */,
				D047FA9A24C3E21200AF17C5 /* Resources */,
			);
			buildRules = (
			);
			dependencies = (
				D047FA9E24C3E21200AF17C5 /* PBXTargetDependency */,
			);
			name = "Tests iOS";
			productName = "Tests iOS";
			productReference = D047FA9C24C3E21200AF17C5 /* Tests iOS.xctest */;
			productType = "com.apple.product-type.bundle.ui-testing";
		};
		D047FAA624C3E21200AF17C5 /* Tests macOS */ = {
			isa = PBXNativeTarget;
			buildConfigurationList = D047FABF24C3E21200AF17C5 /* Build configuration list for PBXNativeTarget "Tests macOS" */;
			buildPhases = (
				D047FAA324C3E21200AF17C5 /* Sources */,
				D047FAA424C3E21200AF17C5 /* Frameworks */,
				D047FAA524C3E21200AF17C5 /* Resources */,
			);
			buildRules = (
			);
			dependencies = (
				D047FAA924C3E21200AF17C5 /* PBXTargetDependency */,
			);
			name = "Tests macOS";
			productName = "Tests macOS";
			productReference = D047FAA724C3E21200AF17C5 /* Tests macOS.xctest */;
			productType = "com.apple.product-type.bundle.ui-testing";
		};
/* End PBXNativeTarget section */

/* Begin PBXProject section */
		D047FA8024C3E21000AF17C5 /* Project object */ = {
			isa = PBXProject;
			attributes = {
				LastSwiftUpdateCheck = 1200;
				LastUpgradeCheck = 1200;
				TargetAttributes = {
					D047FA8B24C3E21200AF17C5 = {
						CreatedOnToolsVersion = 12.0;
					};
					D047FA9324C3E21200AF17C5 = {
						CreatedOnToolsVersion = 12.0;
					};
					D047FA9B24C3E21200AF17C5 = {
						CreatedOnToolsVersion = 12.0;
						TestTargetID = D047FA8B24C3E21200AF17C5;
					};
					D047FAA624C3E21200AF17C5 = {
						CreatedOnToolsVersion = 12.0;
						TestTargetID = D047FA9324C3E21200AF17C5;
					};
				};
			};
			buildConfigurationList = D047FA8324C3E21000AF17C5 /* Build configuration list for PBXProject "Metatext" */;
			compatibilityVersion = "Xcode 9.3";
			developmentRegion = en;
			hasScannedForEncodings = 0;
			knownRegions = (
				en,
				Base,
			);
			mainGroup = D047FA7F24C3E21000AF17C5;
			productRefGroup = D047FA8D24C3E21200AF17C5 /* Products */;
			projectDirPath = "";
			projectRoot = "";
			targets = (
				D047FA8B24C3E21200AF17C5 /* Metatext (iOS) */,
				D047FA9324C3E21200AF17C5 /* Metatext (macOS) */,
				D047FA9B24C3E21200AF17C5 /* Tests iOS */,
				D047FAA624C3E21200AF17C5 /* Tests macOS */,
			);
		};
/* End PBXProject section */

/* Begin PBXResourcesBuildPhase section */
		D047FA8A24C3E21200AF17C5 /* Resources */ = {
			isa = PBXResourcesBuildPhase;
			buildActionMask = 2147483647;
			files = (
				D047FAB224C3E21200AF17C5 /* Assets.xcassets in Resources */,
			);
			runOnlyForDeploymentPostprocessing = 0;
		};
		D047FA9224C3E21200AF17C5 /* Resources */ = {
			isa = PBXResourcesBuildPhase;
			buildActionMask = 2147483647;
			files = (
				D047FAB324C3E21200AF17C5 /* Assets.xcassets in Resources */,
			);
			runOnlyForDeploymentPostprocessing = 0;
		};
		D047FA9A24C3E21200AF17C5 /* Resources */ = {
			isa = PBXResourcesBuildPhase;
			buildActionMask = 2147483647;
			files = (
			);
			runOnlyForDeploymentPostprocessing = 0;
		};
		D047FAA524C3E21200AF17C5 /* Resources */ = {
			isa = PBXResourcesBuildPhase;
			buildActionMask = 2147483647;
			files = (
			);
			runOnlyForDeploymentPostprocessing = 0;
		};
/* End PBXResourcesBuildPhase section */

/* Begin PBXSourcesBuildPhase section */
		D047FA8824C3E21200AF17C5 /* Sources */ = {
			isa = PBXSourcesBuildPhase;
			buildActionMask = 2147483647;
			files = (
				D047FAB024C3E21200AF17C5 /* ContentView.swift in Sources */,
				D047FAAE24C3E21200AF17C5 /* MetatextApp.swift in Sources */,
			);
			runOnlyForDeploymentPostprocessing = 0;
		};
		D047FA9024C3E21200AF17C5 /* Sources */ = {
			isa = PBXSourcesBuildPhase;
			buildActionMask = 2147483647;
			files = (
				D047FAB124C3E21200AF17C5 /* ContentView.swift in Sources */,
				D047FAAF24C3E21200AF17C5 /* MetatextApp.swift in Sources */,
			);
			runOnlyForDeploymentPostprocessing = 0;
		};
		D047FA9824C3E21200AF17C5 /* Sources */ = {
			isa = PBXSourcesBuildPhase;
			buildActionMask = 2147483647;
			files = (
				D047FAA124C3E21200AF17C5 /* Tests_iOS.swift in Sources */,
			);
			runOnlyForDeploymentPostprocessing = 0;
		};
		D047FAA324C3E21200AF17C5 /* Sources */ = {
			isa = PBXSourcesBuildPhase;
			buildActionMask = 2147483647;
			files = (
				D047FAAC24C3E21200AF17C5 /* Tests_macOS.swift in Sources */,
			);
			runOnlyForDeploymentPostprocessing = 0;
		};
/* End PBXSourcesBuildPhase section */

/* Begin PBXTargetDependency section */
		D047FA9E24C3E21200AF17C5 /* PBXTargetDependency */ = {
			isa = PBXTargetDependency;
			target = D047FA8B24C3E21200AF17C5 /* Metatext (iOS) */;
			targetProxy = D047FA9D24C3E21200AF17C5 /* PBXContainerItemProxy */;
		};
		D047FAA924C3E21200AF17C5 /* PBXTargetDependency */ = {
			isa = PBXTargetDependency;
			target = D047FA9324C3E21200AF17C5 /* Metatext (macOS) */;
			targetProxy = D047FAA824C3E21200AF17C5 /* PBXContainerItemProxy */;
		};
/* End PBXTargetDependency section */

/* Begin XCBuildConfiguration section */
		D047FAB424C3E21200AF17C5 /* Debug */ = {
			isa = XCBuildConfiguration;
			buildSettings = {
				ALWAYS_SEARCH_USER_PATHS = NO;
				CLANG_ANALYZER_NONNULL = YES;
				CLANG_ANALYZER_NUMBER_OBJECT_CONVERSION = YES_AGGRESSIVE;
				CLANG_CXX_LANGUAGE_STANDARD = "gnu++14";
				CLANG_CXX_LIBRARY = "libc++";
				CLANG_ENABLE_MODULES = YES;
				CLANG_ENABLE_OBJC_ARC = YES;
				CLANG_ENABLE_OBJC_WEAK = YES;
				CLANG_WARN_BLOCK_CAPTURE_AUTORELEASING = YES;
				CLANG_WARN_BOOL_CONVERSION = YES;
				CLANG_WARN_COMMA = YES;
				CLANG_WARN_CONSTANT_CONVERSION = YES;
				CLANG_WARN_DEPRECATED_OBJC_IMPLEMENTATIONS = YES;
				CLANG_WARN_DIRECT_OBJC_ISA_USAGE = YES_ERROR;
				CLANG_WARN_DOCUMENTATION_COMMENTS = YES;
				CLANG_WARN_EMPTY_BODY = YES;
				CLANG_WARN_ENUM_CONVERSION = YES;
				CLANG_WARN_INFINITE_RECURSION = YES;
				CLANG_WARN_INT_CONVERSION = YES;
				CLANG_WARN_NON_LITERAL_NULL_CONVERSION = YES;
				CLANG_WARN_OBJC_IMPLICIT_RETAIN_SELF = YES;
				CLANG_WARN_OBJC_LITERAL_CONVERSION = YES;
				CLANG_WARN_OBJC_ROOT_CLASS = YES_ERROR;
				CLANG_WARN_QUOTED_INCLUDE_IN_FRAMEWORK_HEADER = YES;
				CLANG_WARN_RANGE_LOOP_ANALYSIS = YES;
				CLANG_WARN_STRICT_PROTOTYPES = YES;
				CLANG_WARN_SUSPICIOUS_MOVE = YES;
				CLANG_WARN_UNGUARDED_AVAILABILITY = YES_AGGRESSIVE;
				CLANG_WARN_UNREACHABLE_CODE = YES;
				CLANG_WARN__DUPLICATE_METHOD_MATCH = YES;
				COPY_PHASE_STRIP = NO;
				DEBUG_INFORMATION_FORMAT = dwarf;
				ENABLE_STRICT_OBJC_MSGSEND = YES;
				ENABLE_TESTABILITY = YES;
				GCC_C_LANGUAGE_STANDARD = gnu11;
				GCC_DYNAMIC_NO_PIC = NO;
				GCC_NO_COMMON_BLOCKS = YES;
				GCC_OPTIMIZATION_LEVEL = 0;
				GCC_PREPROCESSOR_DEFINITIONS = (
					"DEBUG=1",
					"$(inherited)",
				);
				GCC_WARN_64_TO_32_BIT_CONVERSION = YES;
				GCC_WARN_ABOUT_RETURN_TYPE = YES_ERROR;
				GCC_WARN_UNDECLARED_SELECTOR = YES;
				GCC_WARN_UNINITIALIZED_AUTOS = YES_AGGRESSIVE;
				GCC_WARN_UNUSED_FUNCTION = YES;
				GCC_WARN_UNUSED_VARIABLE = YES;
				MTL_ENABLE_DEBUG_INFO = INCLUDE_SOURCE;
				MTL_FAST_MATH = YES;
				ONLY_ACTIVE_ARCH = YES;
				SWIFT_ACTIVE_COMPILATION_CONDITIONS = DEBUG;
				SWIFT_OPTIMIZATION_LEVEL = "-Onone";
			};
			name = Debug;
		};
		D047FAB524C3E21200AF17C5 /* Release */ = {
			isa = XCBuildConfiguration;
			buildSettings = {
				ALWAYS_SEARCH_USER_PATHS = NO;
				CLANG_ANALYZER_NONNULL = YES;
				CLANG_ANALYZER_NUMBER_OBJECT_CONVERSION = YES_AGGRESSIVE;
				CLANG_CXX_LANGUAGE_STANDARD = "gnu++14";
				CLANG_CXX_LIBRARY = "libc++";
				CLANG_ENABLE_MODULES = YES;
				CLANG_ENABLE_OBJC_ARC = YES;
				CLANG_ENABLE_OBJC_WEAK = YES;
				CLANG_WARN_BLOCK_CAPTURE_AUTORELEASING = YES;
				CLANG_WARN_BOOL_CONVERSION = YES;
				CLANG_WARN_COMMA = YES;
				CLANG_WARN_CONSTANT_CONVERSION = YES;
				CLANG_WARN_DEPRECATED_OBJC_IMPLEMENTATIONS = YES;
				CLANG_WARN_DIRECT_OBJC_ISA_USAGE = YES_ERROR;
				CLANG_WARN_DOCUMENTATION_COMMENTS = YES;
				CLANG_WARN_EMPTY_BODY = YES;
				CLANG_WARN_ENUM_CONVERSION = YES;
				CLANG_WARN_INFINITE_RECURSION = YES;
				CLANG_WARN_INT_CONVERSION = YES;
				CLANG_WARN_NON_LITERAL_NULL_CONVERSION = YES;
				CLANG_WARN_OBJC_IMPLICIT_RETAIN_SELF = YES;
				CLANG_WARN_OBJC_LITERAL_CONVERSION = YES;
				CLANG_WARN_OBJC_ROOT_CLASS = YES_ERROR;
				CLANG_WARN_QUOTED_INCLUDE_IN_FRAMEWORK_HEADER = YES;
				CLANG_WARN_RANGE_LOOP_ANALYSIS = YES;
				CLANG_WARN_STRICT_PROTOTYPES = YES;
				CLANG_WARN_SUSPICIOUS_MOVE = YES;
				CLANG_WARN_UNGUARDED_AVAILABILITY = YES_AGGRESSIVE;
				CLANG_WARN_UNREACHABLE_CODE = YES;
				CLANG_WARN__DUPLICATE_METHOD_MATCH = YES;
				COPY_PHASE_STRIP = NO;
				DEBUG_INFORMATION_FORMAT = "dwarf-with-dsym";
				ENABLE_NS_ASSERTIONS = NO;
				ENABLE_STRICT_OBJC_MSGSEND = YES;
				GCC_C_LANGUAGE_STANDARD = gnu11;
				GCC_NO_COMMON_BLOCKS = YES;
				GCC_WARN_64_TO_32_BIT_CONVERSION = YES;
				GCC_WARN_ABOUT_RETURN_TYPE = YES_ERROR;
				GCC_WARN_UNDECLARED_SELECTOR = YES;
				GCC_WARN_UNINITIALIZED_AUTOS = YES_AGGRESSIVE;
				GCC_WARN_UNUSED_FUNCTION = YES;
				GCC_WARN_UNUSED_VARIABLE = YES;
				MTL_ENABLE_DEBUG_INFO = NO;
				MTL_FAST_MATH = YES;
				SWIFT_COMPILATION_MODE = wholemodule;
				SWIFT_OPTIMIZATION_LEVEL = "-O";
			};
			name = Release;
		};
		D047FAB724C3E21200AF17C5 /* Debug */ = {
			isa = XCBuildConfiguration;
			buildSettings = {
				ASSETCATALOG_COMPILER_APPICON_NAME = AppIcon;
				ASSETCATALOG_COMPILER_GLOBAL_ACCENT_COLOR_NAME = AccentColor;
				CODE_SIGN_STYLE = Automatic;
				DEVELOPMENT_TEAM = 82HL67AXQ2;
				ENABLE_PREVIEWS = YES;
				INFOPLIST_FILE = iOS/Info.plist;
				IPHONEOS_DEPLOYMENT_TARGET = 14.0;
				LD_RUNPATH_SEARCH_PATHS = (
					"$(inherited)",
					"@executable_path/Frameworks",
				);
				PRODUCT_BUNDLE_IDENTIFIER = com.metabolist.Metatext;
				PRODUCT_NAME = Metatext;
				SDKROOT = iphoneos;
				SWIFT_VERSION = 5.0;
				TARGETED_DEVICE_FAMILY = "1,2";
			};
			name = Debug;
		};
		D047FAB824C3E21200AF17C5 /* Release */ = {
			isa = XCBuildConfiguration;
			buildSettings = {
				ASSETCATALOG_COMPILER_APPICON_NAME = AppIcon;
				ASSETCATALOG_COMPILER_GLOBAL_ACCENT_COLOR_NAME = AccentColor;
				CODE_SIGN_STYLE = Automatic;
				DEVELOPMENT_TEAM = 82HL67AXQ2;
				ENABLE_PREVIEWS = YES;
				INFOPLIST_FILE = iOS/Info.plist;
				IPHONEOS_DEPLOYMENT_TARGET = 14.0;
				LD_RUNPATH_SEARCH_PATHS = (
					"$(inherited)",
					"@executable_path/Frameworks",
				);
				PRODUCT_BUNDLE_IDENTIFIER = com.metabolist.Metatext;
				PRODUCT_NAME = Metatext;
				SDKROOT = iphoneos;
				SWIFT_VERSION = 5.0;
				TARGETED_DEVICE_FAMILY = "1,2";
				VALIDATE_PRODUCT = YES;
			};
			name = Release;
		};
		D047FABA24C3E21200AF17C5 /* Debug */ = {
			isa = XCBuildConfiguration;
			buildSettings = {
				ASSETCATALOG_COMPILER_APPICON_NAME = AppIcon;
				ASSETCATALOG_COMPILER_GLOBAL_ACCENT_COLOR_NAME = AccentColor;
				CODE_SIGN_ENTITLEMENTS = macOS/macOS.entitlements;
				CODE_SIGN_STYLE = Automatic;
				COMBINE_HIDPI_IMAGES = YES;
				DEVELOPMENT_TEAM = 82HL67AXQ2;
				ENABLE_HARDENED_RUNTIME = YES;
				ENABLE_PREVIEWS = YES;
				INFOPLIST_FILE = macOS/Info.plist;
				LD_RUNPATH_SEARCH_PATHS = (
					"$(inherited)",
					"@executable_path/../Frameworks",
				);
				MACOSX_DEPLOYMENT_TARGET = 10.16;
				PRODUCT_BUNDLE_IDENTIFIER = com.metabolist.Metatext;
				PRODUCT_NAME = Metatext;
				SDKROOT = macosx;
				SWIFT_VERSION = 5.0;
			};
			name = Debug;
		};
		D047FABB24C3E21200AF17C5 /* Release */ = {
			isa = XCBuildConfiguration;
			buildSettings = {
				ASSETCATALOG_COMPILER_APPICON_NAME = AppIcon;
				ASSETCATALOG_COMPILER_GLOBAL_ACCENT_COLOR_NAME = AccentColor;
				CODE_SIGN_ENTITLEMENTS = macOS/macOS.entitlements;
				CODE_SIGN_STYLE = Automatic;
				COMBINE_HIDPI_IMAGES = YES;
				DEVELOPMENT_TEAM = 82HL67AXQ2;
				ENABLE_HARDENED_RUNTIME = YES;
				ENABLE_PREVIEWS = YES;
				INFOPLIST_FILE = macOS/Info.plist;
				LD_RUNPATH_SEARCH_PATHS = (
					"$(inherited)",
					"@executable_path/../Frameworks",
				);
				MACOSX_DEPLOYMENT_TARGET = 10.16;
				PRODUCT_BUNDLE_IDENTIFIER = com.metabolist.Metatext;
				PRODUCT_NAME = Metatext;
				SDKROOT = macosx;
				SWIFT_VERSION = 5.0;
			};
			name = Release;
		};
		D047FABD24C3E21200AF17C5 /* Debug */ = {
			isa = XCBuildConfiguration;
			buildSettings = {
				ALWAYS_EMBED_SWIFT_STANDARD_LIBRARIES = YES;
				CODE_SIGN_STYLE = Automatic;
				DEVELOPMENT_TEAM = 82HL67AXQ2;
				INFOPLIST_FILE = "Tests iOS/Info.plist";
				IPHONEOS_DEPLOYMENT_TARGET = 14.0;
				LD_RUNPATH_SEARCH_PATHS = (
					"$(inherited)",
					"@executable_path/Frameworks",
					"@loader_path/Frameworks",
				);
				PRODUCT_BUNDLE_IDENTIFIER = "com.metabolist.Tests-iOS";
				PRODUCT_NAME = "$(TARGET_NAME)";
				SDKROOT = iphoneos;
				SWIFT_VERSION = 5.0;
				TARGETED_DEVICE_FAMILY = "1,2";
				TEST_TARGET_NAME = "Metatext (iOS)";
			};
			name = Debug;
		};
		D047FABE24C3E21200AF17C5 /* Release */ = {
			isa = XCBuildConfiguration;
			buildSettings = {
				ALWAYS_EMBED_SWIFT_STANDARD_LIBRARIES = YES;
				CODE_SIGN_STYLE = Automatic;
				DEVELOPMENT_TEAM = 82HL67AXQ2;
				INFOPLIST_FILE = "Tests iOS/Info.plist";
				IPHONEOS_DEPLOYMENT_TARGET = 14.0;
				LD_RUNPATH_SEARCH_PATHS = (
					"$(inherited)",
					"@executable_path/Frameworks",
					"@loader_path/Frameworks",
				);
				PRODUCT_BUNDLE_IDENTIFIER = "com.metabolist.Tests-iOS";
				PRODUCT_NAME = "$(TARGET_NAME)";
				SDKROOT = iphoneos;
				SWIFT_VERSION = 5.0;
				TARGETED_DEVICE_FAMILY = "1,2";
				TEST_TARGET_NAME = "Metatext (iOS)";
				VALIDATE_PRODUCT = YES;
			};
			name = Release;
		};
		D047FAC024C3E21200AF17C5 /* Debug */ = {
			isa = XCBuildConfiguration;
			buildSettings = {
				ALWAYS_EMBED_SWIFT_STANDARD_LIBRARIES = YES;
				CODE_SIGN_STYLE = Automatic;
				COMBINE_HIDPI_IMAGES = YES;
				DEVELOPMENT_TEAM = 82HL67AXQ2;
				INFOPLIST_FILE = "Tests macOS/Info.plist";
				LD_RUNPATH_SEARCH_PATHS = (
					"$(inherited)",
					"@executable_path/../Frameworks",
					"@loader_path/../Frameworks",
				);
				MACOSX_DEPLOYMENT_TARGET = 10.16;
				PRODUCT_BUNDLE_IDENTIFIER = "com.metabolist.Tests-macOS";
				PRODUCT_NAME = "$(TARGET_NAME)";
				SDKROOT = macosx;
				SWIFT_VERSION = 5.0;
				TEST_TARGET_NAME = "Metatext (macOS)";
			};
			name = Debug;
		};
		D047FAC124C3E21200AF17C5 /* Release */ = {
			isa = XCBuildConfiguration;
			buildSettings = {
				ALWAYS_EMBED_SWIFT_STANDARD_LIBRARIES = YES;
				CODE_SIGN_STYLE = Automatic;
				COMBINE_HIDPI_IMAGES = YES;
				DEVELOPMENT_TEAM = 82HL67AXQ2;
				INFOPLIST_FILE = "Tests macOS/Info.plist";
				LD_RUNPATH_SEARCH_PATHS = (
					"$(inherited)",
					"@executable_path/../Frameworks",
					"@loader_path/../Frameworks",
				);
				MACOSX_DEPLOYMENT_TARGET = 10.16;
				PRODUCT_BUNDLE_IDENTIFIER = "com.metabolist.Tests-macOS";
				PRODUCT_NAME = "$(TARGET_NAME)";
				SDKROOT = macosx;
				SWIFT_VERSION = 5.0;
				TEST_TARGET_NAME = "Metatext (macOS)";
			};
			name = Release;
		};
/* End XCBuildConfiguration section */

/* Begin XCConfigurationList section */
		D047FA8324C3E21000AF17C5 /* Build configuration list for PBXProject "Metatext" */ = {
			isa = XCConfigurationList;
			buildConfigurations = (
				D047FAB424C3E21200AF17C5 /* Debug */,
				D047FAB524C3E21200AF17C5 /* Release */,
			);
			defaultConfigurationIsVisible = 0;
			defaultConfigurationName = Release;
		};
		D047FAB624C3E21200AF17C5 /* Build configuration list for PBXNativeTarget "Metatext (iOS)" */ = {
			isa = XCConfigurationList;
			buildConfigurations = (
				D047FAB724C3E21200AF17C5 /* Debug */,
				D047FAB824C3E21200AF17C5 /* Release */,
			);
			defaultConfigurationIsVisible = 0;
			defaultConfigurationName = Release;
		};
		D047FAB924C3E21200AF17C5 /* Build configuration list for PBXNativeTarget "Metatext (macOS)" */ = {
			isa = XCConfigurationList;
			buildConfigurations = (
				D047FABA24C3E21200AF17C5 /* Debug */,
				D047FABB24C3E21200AF17C5 /* Release */,
			);
			defaultConfigurationIsVisible = 0;
			defaultConfigurationName = Release;
		};
		D047FABC24C3E21200AF17C5 /* Build configuration list for PBXNativeTarget "Tests iOS" */ = {
			isa = XCConfigurationList;
			buildConfigurations = (
				D047FABD24C3E21200AF17C5 /* Debug */,
				D047FABE24C3E21200AF17C5 /* Release */,
			);
			defaultConfigurationIsVisible = 0;
			defaultConfigurationName = Release;
		};
		D047FABF24C3E21200AF17C5 /* Build configuration list for PBXNativeTarget "Tests macOS" */ = {
			isa = XCConfigurationList;
			buildConfigurations = (
				D047FAC024C3E21200AF17C5 /* Debug */,
				D047FAC124C3E21200AF17C5 /* Release */,
			);
			defaultConfigurationIsVisible = 0;
			defaultConfigurationName = Release;
		};
/* End XCConfigurationList section */
	};
	rootObject = D047FA8024C3E21000AF17C5 /* Project object */;
}
